// !$*UTF8*$!
{
	archiveVersion = 1;
	classes = {
	};
	objectVersion = 51;
	objects = {

/* Begin PBXBuildFile section */
		017296A226380F6D00693952 /* MapViewModelType.swift in Sources */ = {isa = PBXBuildFile; fileRef = 017296A126380F6D00693952 /* MapViewModelType.swift */; };
		01776AA32639679A0058EDA7 /* LocationService.swift in Sources */ = {isa = PBXBuildFile; fileRef = 01776AA22639679A0058EDA7 /* LocationService.swift */; };
		01776AB2263996FF0058EDA7 /* PhotoMapTests.swift in Sources */ = {isa = PBXBuildFile; fileRef = 01776AB1263996FF0058EDA7 /* PhotoMapTests.swift */; };
		01776ABB263997890058EDA7 /* MapViewModelTests.swift in Sources */ = {isa = PBXBuildFile; fileRef = 01735842263851EF0035C3D5 /* MapViewModelTests.swift */; };
		01AEED632633288600BB4E68 /* UIControl+Ex.swift in Sources */ = {isa = PBXBuildFile; fileRef = 01AEED622633288600BB4E68 /* UIControl+Ex.swift */; };
		01AEED672633292900BB4E68 /* UIButton+Ex.swift in Sources */ = {isa = PBXBuildFile; fileRef = 01AEED662633292900BB4E68 /* UIButton+Ex.swift */; };
		33334A3E2628324C00612573 /* AppDelegate.swift in Sources */ = {isa = PBXBuildFile; fileRef = 33334A3D2628324C00612573 /* AppDelegate.swift */; };
		33334A402628324C00612573 /* SceneDelegate.swift in Sources */ = {isa = PBXBuildFile; fileRef = 33334A3F2628324C00612573 /* SceneDelegate.swift */; };
		33334A472628324D00612573 /* Colors.xcassets in Resources */ = {isa = PBXBuildFile; fileRef = 33334A462628324D00612573 /* Colors.xcassets */; };
		33334A4A2628324D00612573 /* LaunchScreen.storyboard in Resources */ = {isa = PBXBuildFile; fileRef = 33334A482628324D00612573 /* LaunchScreen.storyboard */; };
		33334AA426283B8B00612573 /* Localizable.strings in Resources */ = {isa = PBXBuildFile; fileRef = 33334AA626283B8B00612573 /* Localizable.strings */; };
		33334AB926283CCE00612573 /* GoogleService-Info.plist in Resources */ = {isa = PBXBuildFile; fileRef = 33334AB826283CCE00612573 /* GoogleService-Info.plist */; };
		33334B0C26287C6900612573 /* Coordinator.swift in Sources */ = {isa = PBXBuildFile; fileRef = 33334B0B26287C6900612573 /* Coordinator.swift */; };
		33334B1626287CCC00612573 /* TabBarCoordinator.swift in Sources */ = {isa = PBXBuildFile; fileRef = 33334B1526287CCC00612573 /* TabBarCoordinator.swift */; };
		33334B1B26287D0000612573 /* GeneralErrorType.swift in Sources */ = {isa = PBXBuildFile; fileRef = 33334B1A26287D0000612573 /* GeneralErrorType.swift */; };
		33334B2326287DB600612573 /* AppCoordinator.swift in Sources */ = {isa = PBXBuildFile; fileRef = 33334B2226287DB600612573 /* AppCoordinator.swift */; };
		33334B2826287DF300612573 /* ResponseError.swift in Sources */ = {isa = PBXBuildFile; fileRef = 33334B2726287DF300612573 /* ResponseError.swift */; };
		33334B3026287E0300612573 /* AlertError.swift in Sources */ = {isa = PBXBuildFile; fileRef = 33334B2F26287E0300612573 /* AlertError.swift */; };
		33334B35262880F400612573 /* String+Ex.swift in Sources */ = {isa = PBXBuildFile; fileRef = 33334B34262880F400612573 /* String+Ex.swift */; };
		33334B3A2628812A00612573 /* Date+Ex.swift in Sources */ = {isa = PBXBuildFile; fileRef = 33334B392628812A00612573 /* Date+Ex.swift */; };
		33334B592628829D00612573 /* BaseViewController.swift in Sources */ = {isa = PBXBuildFile; fileRef = 33334B582628829D00612573 /* BaseViewController.swift */; };
		335881B5262DA2FE0057D25F /* MapViewController.swift in Sources */ = {isa = PBXBuildFile; fileRef = 335881B4262DA2FE0057D25F /* MapViewController.swift */; };
		335881C3262DA5990057D25F /* MoreCoordinator.swift in Sources */ = {isa = PBXBuildFile; fileRef = 335881C2262DA5990057D25F /* MoreCoordinator.swift */; };
		335881C8262DA6DB0057D25F /* TimelineViewController.swift in Sources */ = {isa = PBXBuildFile; fileRef = 335881C7262DA6DB0057D25F /* TimelineViewController.swift */; };
		335881D5262DA82A0057D25F /* MoreViewController.swift in Sources */ = {isa = PBXBuildFile; fileRef = 335881D4262DA82A0057D25F /* MoreViewController.swift */; };
		335882DB262DCFCE0057D25F /* SignInViewController.swift in Sources */ = {isa = PBXBuildFile; fileRef = 335882DA262DCFCE0057D25F /* SignInViewController.swift */; };
		335882E3262DCFDD0057D25F /* SignUpViewController.swift in Sources */ = {isa = PBXBuildFile; fileRef = 335882E2262DCFDD0057D25F /* SignUpViewController.swift */; };
		335882F2262DD0BF0057D25F /* CategoryViewController.swift in Sources */ = {isa = PBXBuildFile; fileRef = 335882F1262DD0BF0057D25F /* CategoryViewController.swift */; };
		335882F7262DD0D20057D25F /* CategoryViewModel.swift in Sources */ = {isa = PBXBuildFile; fileRef = 335882F6262DD0D20057D25F /* CategoryViewModel.swift */; };
		335882FC262DD0DF0057D25F /* MapViewModel.swift in Sources */ = {isa = PBXBuildFile; fileRef = 335882FB262DD0DF0057D25F /* MapViewModel.swift */; };
		33588301262DD12C0057D25F /* MoreViewModel.swift in Sources */ = {isa = PBXBuildFile; fileRef = 33588300262DD12C0057D25F /* MoreViewModel.swift */; };
		33588306262DD1420057D25F /* SignInViewModel.swift in Sources */ = {isa = PBXBuildFile; fileRef = 33588305262DD1420057D25F /* SignInViewModel.swift */; };
		3358830B262DD14D0057D25F /* SignUpViewModel.swift in Sources */ = {isa = PBXBuildFile; fileRef = 3358830A262DD14D0057D25F /* SignUpViewModel.swift */; };
		33588316262DD1720057D25F /* TimelineViewModel.swift in Sources */ = {isa = PBXBuildFile; fileRef = 33588315262DD1720057D25F /* TimelineViewModel.swift */; };
		3358831B262DD19E0057D25F /* DIContainer.swift in Sources */ = {isa = PBXBuildFile; fileRef = 3358831A262DD19E0057D25F /* DIContainer.swift */; };
		33810EBA26331B6900BFC67C /* CancelBag.swift in Sources */ = {isa = PBXBuildFile; fileRef = 33810EB926331B6800BFC67C /* CancelBag.swift */; };
		338364B2263018F0001EF61E /* ReachabilityService.swift in Sources */ = {isa = PBXBuildFile; fileRef = 338364B1263018F0001EF61E /* ReachabilityService.swift */; };
		338364BC26302FD5001EF61E /* CachedDateFormatter.swift in Sources */ = {isa = PBXBuildFile; fileRef = 338364BB26302FD5001EF61E /* CachedDateFormatter.swift */; };
		338365622630565F001EF61E /* Map.storyboard in Resources */ = {isa = PBXBuildFile; fileRef = 338365612630565F001EF61E /* Map.storyboard */; };
		338365662630566C001EF61E /* Category.storyboard in Resources */ = {isa = PBXBuildFile; fileRef = 338365652630566C001EF61E /* Category.storyboard */; };
		3383656A26305678001EF61E /* Timeline.storyboard in Resources */ = {isa = PBXBuildFile; fileRef = 3383656926305678001EF61E /* Timeline.storyboard */; };
		3383658C2630575C001EF61E /* More.storyboard in Resources */ = {isa = PBXBuildFile; fileRef = 3383658B2630575C001EF61E /* More.storyboard */; };
		3383662426307272001EF61E /* AuthListener.swift in Sources */ = {isa = PBXBuildFile; fileRef = 3383662326307272001EF61E /* AuthListener.swift */; };
		33877C902631543900A227F9 /* Authentication.storyboard in Resources */ = {isa = PBXBuildFile; fileRef = 33877C8F2631543900A227F9 /* Authentication.storyboard */; };
		33877CAF2631598200A227F9 /* AuthUserService.swift in Sources */ = {isa = PBXBuildFile; fileRef = 33877CAE2631598200A227F9 /* AuthUserService.swift */; };
		33877CBF2631915C00A227F9 /* storyboards.swift in Sources */ = {isa = PBXBuildFile; fileRef = 33877CBE2631915C00A227F9 /* storyboards.swift */; };
		33877CC32631916200A227F9 /* assets-colors.swift in Sources */ = {isa = PBXBuildFile; fileRef = 33877CC22631916100A227F9 /* assets-colors.swift */; };
		33877CD3263199A500A227F9 /* strings.swift in Sources */ = {isa = PBXBuildFile; fileRef = 33877CD2263199A500A227F9 /* strings.swift */; };
		338BB5FD262D8C020001F530 /* AuthCoordinator.swift in Sources */ = {isa = PBXBuildFile; fileRef = 338BB5FC262D8C020001F530 /* AuthCoordinator.swift */; };
		338BB611262D8EAE0001F530 /* Reachability+Ex.swift in Sources */ = {isa = PBXBuildFile; fileRef = 338BB610262D8EAE0001F530 /* Reachability+Ex.swift */; };
		338BB616262D8FA10001F530 /* MapCoordinator.swift in Sources */ = {isa = PBXBuildFile; fileRef = 338BB615262D8FA10001F530 /* MapCoordinator.swift */; };
		338BB61B262D8FB20001F530 /* TimelineCoordinator.swift in Sources */ = {isa = PBXBuildFile; fileRef = 338BB61A262D8FB20001F530 /* TimelineCoordinator.swift */; };
		CBCA82BC0F830018042CD509 /* Pods_PhotoMap.framework in Frameworks */ = {isa = PBXBuildFile; fileRef = AEFF3F31A97BB43F1931B0D5 /* Pods_PhotoMap.framework */; };
/* End PBXBuildFile section */

/* Begin PBXContainerItemProxy section */
		01776AB4263996FF0058EDA7 /* PBXContainerItemProxy */ = {
			isa = PBXContainerItemProxy;
			containerPortal = 33334A322628324C00612573 /* Project object */;
			proxyType = 1;
			remoteGlobalIDString = 33334A392628324C00612573;
			remoteInfo = PhotoMap;
		};
/* End PBXContainerItemProxy section */

/* Begin PBXFileReference section */
		017296A126380F6D00693952 /* MapViewModelType.swift */ = {isa = PBXFileReference; lastKnownFileType = sourcecode.swift; path = MapViewModelType.swift; sourceTree = "<group>"; };
		01735842263851EF0035C3D5 /* MapViewModelTests.swift */ = {isa = PBXFileReference; lastKnownFileType = sourcecode.swift; path = MapViewModelTests.swift; sourceTree = "<group>"; };
		01776AA22639679A0058EDA7 /* LocationService.swift */ = {isa = PBXFileReference; lastKnownFileType = sourcecode.swift; path = LocationService.swift; sourceTree = "<group>"; };
		01776AAF263996FF0058EDA7 /* PhotoMapTests.xctest */ = {isa = PBXFileReference; explicitFileType = wrapper.cfbundle; includeInIndex = 0; path = PhotoMapTests.xctest; sourceTree = BUILT_PRODUCTS_DIR; };
		01776AB1263996FF0058EDA7 /* PhotoMapTests.swift */ = {isa = PBXFileReference; lastKnownFileType = sourcecode.swift; path = PhotoMapTests.swift; sourceTree = "<group>"; };
		01776AB3263996FF0058EDA7 /* Info.plist */ = {isa = PBXFileReference; lastKnownFileType = text.plist.xml; path = Info.plist; sourceTree = "<group>"; };
		01AEED622633288600BB4E68 /* UIControl+Ex.swift */ = {isa = PBXFileReference; lastKnownFileType = sourcecode.swift; path = "UIControl+Ex.swift"; sourceTree = "<group>"; };
		01AEED662633292900BB4E68 /* UIButton+Ex.swift */ = {isa = PBXFileReference; lastKnownFileType = sourcecode.swift; path = "UIButton+Ex.swift"; sourceTree = "<group>"; };
		073EBC235C1468AD4ADA7BFB /* Pods-PhotoMap.release.xcconfig */ = {isa = PBXFileReference; includeInIndex = 1; lastKnownFileType = text.xcconfig; name = "Pods-PhotoMap.release.xcconfig"; path = "Target Support Files/Pods-PhotoMap/Pods-PhotoMap.release.xcconfig"; sourceTree = "<group>"; };
		33334A3A2628324C00612573 /* PhotoMap.app */ = {isa = PBXFileReference; explicitFileType = wrapper.application; includeInIndex = 0; path = PhotoMap.app; sourceTree = BUILT_PRODUCTS_DIR; };
		33334A3D2628324C00612573 /* AppDelegate.swift */ = {isa = PBXFileReference; lastKnownFileType = sourcecode.swift; path = AppDelegate.swift; sourceTree = "<group>"; };
		33334A3F2628324C00612573 /* SceneDelegate.swift */ = {isa = PBXFileReference; lastKnownFileType = sourcecode.swift; path = SceneDelegate.swift; sourceTree = "<group>"; };
		33334A462628324D00612573 /* Colors.xcassets */ = {isa = PBXFileReference; lastKnownFileType = folder.assetcatalog; path = Colors.xcassets; sourceTree = "<group>"; };
		33334A492628324D00612573 /* Base */ = {isa = PBXFileReference; lastKnownFileType = file.storyboard; name = Base; path = Base.lproj/LaunchScreen.storyboard; sourceTree = "<group>"; };
		33334A4B2628324D00612573 /* Info.plist */ = {isa = PBXFileReference; lastKnownFileType = text.plist.xml; path = Info.plist; sourceTree = "<group>"; };
		33334A95262839A800612573 /* ru */ = {isa = PBXFileReference; lastKnownFileType = text.plist.strings; name = ru; path = ru.lproj/LaunchScreen.strings; sourceTree = "<group>"; };
		33334AA526283B8B00612573 /* en */ = {isa = PBXFileReference; lastKnownFileType = text.plist.strings; name = en; path = en.lproj/Localizable.strings; sourceTree = "<group>"; };
		33334AAB26283BC800612573 /* ru */ = {isa = PBXFileReference; lastKnownFileType = text.plist.strings; name = ru; path = ru.lproj/Localizable.strings; sourceTree = "<group>"; };
		33334AB826283CCE00612573 /* GoogleService-Info.plist */ = {isa = PBXFileReference; fileEncoding = 4; lastKnownFileType = text.plist.xml; path = "GoogleService-Info.plist"; sourceTree = "<group>"; };
		33334B0B26287C6900612573 /* Coordinator.swift */ = {isa = PBXFileReference; lastKnownFileType = sourcecode.swift; name = Coordinator.swift; path = PhotoMap/Coordinator.swift; sourceTree = SOURCE_ROOT; };
		33334B1526287CCC00612573 /* TabBarCoordinator.swift */ = {isa = PBXFileReference; lastKnownFileType = sourcecode.swift; path = TabBarCoordinator.swift; sourceTree = "<group>"; };
		33334B1A26287D0000612573 /* GeneralErrorType.swift */ = {isa = PBXFileReference; lastKnownFileType = sourcecode.swift; path = GeneralErrorType.swift; sourceTree = "<group>"; };
		33334B2226287DB600612573 /* AppCoordinator.swift */ = {isa = PBXFileReference; lastKnownFileType = sourcecode.swift; path = AppCoordinator.swift; sourceTree = "<group>"; };
		33334B2726287DF300612573 /* ResponseError.swift */ = {isa = PBXFileReference; lastKnownFileType = sourcecode.swift; path = ResponseError.swift; sourceTree = "<group>"; };
		33334B2F26287E0300612573 /* AlertError.swift */ = {isa = PBXFileReference; lastKnownFileType = sourcecode.swift; path = AlertError.swift; sourceTree = "<group>"; };
		33334B34262880F400612573 /* String+Ex.swift */ = {isa = PBXFileReference; lastKnownFileType = sourcecode.swift; path = "String+Ex.swift"; sourceTree = "<group>"; };
		33334B392628812A00612573 /* Date+Ex.swift */ = {isa = PBXFileReference; lastKnownFileType = sourcecode.swift; path = "Date+Ex.swift"; sourceTree = "<group>"; };
		33334B582628829D00612573 /* BaseViewController.swift */ = {isa = PBXFileReference; lastKnownFileType = sourcecode.swift; path = BaseViewController.swift; sourceTree = "<group>"; };
		335881B4262DA2FE0057D25F /* MapViewController.swift */ = {isa = PBXFileReference; lastKnownFileType = sourcecode.swift; path = MapViewController.swift; sourceTree = "<group>"; };
		335881C2262DA5990057D25F /* MoreCoordinator.swift */ = {isa = PBXFileReference; lastKnownFileType = sourcecode.swift; path = MoreCoordinator.swift; sourceTree = "<group>"; };
		335881C7262DA6DB0057D25F /* TimelineViewController.swift */ = {isa = PBXFileReference; lastKnownFileType = sourcecode.swift; path = TimelineViewController.swift; sourceTree = "<group>"; };
		335881D4262DA82A0057D25F /* MoreViewController.swift */ = {isa = PBXFileReference; lastKnownFileType = sourcecode.swift; path = MoreViewController.swift; sourceTree = "<group>"; };
		335882DA262DCFCE0057D25F /* SignInViewController.swift */ = {isa = PBXFileReference; lastKnownFileType = sourcecode.swift; path = SignInViewController.swift; sourceTree = "<group>"; };
		335882E2262DCFDD0057D25F /* SignUpViewController.swift */ = {isa = PBXFileReference; lastKnownFileType = sourcecode.swift; path = SignUpViewController.swift; sourceTree = "<group>"; };
		335882F1262DD0BF0057D25F /* CategoryViewController.swift */ = {isa = PBXFileReference; lastKnownFileType = sourcecode.swift; path = CategoryViewController.swift; sourceTree = "<group>"; };
		335882F6262DD0D20057D25F /* CategoryViewModel.swift */ = {isa = PBXFileReference; lastKnownFileType = sourcecode.swift; path = CategoryViewModel.swift; sourceTree = "<group>"; };
		335882FB262DD0DF0057D25F /* MapViewModel.swift */ = {isa = PBXFileReference; lastKnownFileType = sourcecode.swift; path = MapViewModel.swift; sourceTree = "<group>"; };
		33588300262DD12C0057D25F /* MoreViewModel.swift */ = {isa = PBXFileReference; lastKnownFileType = sourcecode.swift; path = MoreViewModel.swift; sourceTree = "<group>"; };
		33588305262DD1420057D25F /* SignInViewModel.swift */ = {isa = PBXFileReference; lastKnownFileType = sourcecode.swift; path = SignInViewModel.swift; sourceTree = "<group>"; };
		3358830A262DD14D0057D25F /* SignUpViewModel.swift */ = {isa = PBXFileReference; lastKnownFileType = sourcecode.swift; path = SignUpViewModel.swift; sourceTree = "<group>"; };
		33588315262DD1720057D25F /* TimelineViewModel.swift */ = {isa = PBXFileReference; lastKnownFileType = sourcecode.swift; path = TimelineViewModel.swift; sourceTree = "<group>"; };
		3358831A262DD19E0057D25F /* DIContainer.swift */ = {isa = PBXFileReference; lastKnownFileType = sourcecode.swift; path = DIContainer.swift; sourceTree = "<group>"; };
		33810EB926331B6800BFC67C /* CancelBag.swift */ = {isa = PBXFileReference; lastKnownFileType = sourcecode.swift; path = CancelBag.swift; sourceTree = "<group>"; };
		338364B1263018F0001EF61E /* ReachabilityService.swift */ = {isa = PBXFileReference; lastKnownFileType = sourcecode.swift; path = ReachabilityService.swift; sourceTree = "<group>"; };
		338364BB26302FD5001EF61E /* CachedDateFormatter.swift */ = {isa = PBXFileReference; lastKnownFileType = sourcecode.swift; path = CachedDateFormatter.swift; sourceTree = "<group>"; };
		338365612630565F001EF61E /* Map.storyboard */ = {isa = PBXFileReference; lastKnownFileType = file.storyboard; path = Map.storyboard; sourceTree = "<group>"; };
		338365652630566C001EF61E /* Category.storyboard */ = {isa = PBXFileReference; lastKnownFileType = file.storyboard; path = Category.storyboard; sourceTree = "<group>"; };
		3383656926305678001EF61E /* Timeline.storyboard */ = {isa = PBXFileReference; lastKnownFileType = file.storyboard; path = Timeline.storyboard; sourceTree = "<group>"; };
		3383658B2630575C001EF61E /* More.storyboard */ = {isa = PBXFileReference; lastKnownFileType = file.storyboard; path = More.storyboard; sourceTree = "<group>"; };
		3383662326307272001EF61E /* AuthListener.swift */ = {isa = PBXFileReference; lastKnownFileType = sourcecode.swift; path = AuthListener.swift; sourceTree = "<group>"; };
		33877C8F2631543900A227F9 /* Authentication.storyboard */ = {isa = PBXFileReference; lastKnownFileType = file.storyboard; path = Authentication.storyboard; sourceTree = "<group>"; };
		33877CAE2631598200A227F9 /* AuthUserService.swift */ = {isa = PBXFileReference; lastKnownFileType = sourcecode.swift; path = AuthUserService.swift; sourceTree = "<group>"; };
		33877CBE2631915C00A227F9 /* storyboards.swift */ = {isa = PBXFileReference; fileEncoding = 4; lastKnownFileType = sourcecode.swift; path = storyboards.swift; sourceTree = SOURCE_ROOT; };
		33877CC22631916100A227F9 /* assets-colors.swift */ = {isa = PBXFileReference; fileEncoding = 4; lastKnownFileType = sourcecode.swift; path = "assets-colors.swift"; sourceTree = SOURCE_ROOT; };
		33877CD2263199A500A227F9 /* strings.swift */ = {isa = PBXFileReference; fileEncoding = 4; lastKnownFileType = sourcecode.swift; path = strings.swift; sourceTree = SOURCE_ROOT; };
		338BB5FC262D8C020001F530 /* AuthCoordinator.swift */ = {isa = PBXFileReference; lastKnownFileType = sourcecode.swift; path = AuthCoordinator.swift; sourceTree = "<group>"; };
		338BB610262D8EAE0001F530 /* Reachability+Ex.swift */ = {isa = PBXFileReference; lastKnownFileType = sourcecode.swift; path = "Reachability+Ex.swift"; sourceTree = "<group>"; };
		338BB615262D8FA10001F530 /* MapCoordinator.swift */ = {isa = PBXFileReference; lastKnownFileType = sourcecode.swift; path = MapCoordinator.swift; sourceTree = "<group>"; };
		338BB61A262D8FB20001F530 /* TimelineCoordinator.swift */ = {isa = PBXFileReference; lastKnownFileType = sourcecode.swift; path = TimelineCoordinator.swift; sourceTree = "<group>"; };
		39A12EAD33B979F503BEAC32 /* Pods-PhotoMap.debug.xcconfig */ = {isa = PBXFileReference; includeInIndex = 1; lastKnownFileType = text.xcconfig; name = "Pods-PhotoMap.debug.xcconfig"; path = "Target Support Files/Pods-PhotoMap/Pods-PhotoMap.debug.xcconfig"; sourceTree = "<group>"; };
		7BF840C2936D950C3B22C34B /* Pods-PhotoMapTests.debug.xcconfig */ = {isa = PBXFileReference; includeInIndex = 1; lastKnownFileType = text.xcconfig; name = "Pods-PhotoMapTests.debug.xcconfig"; path = "Target Support Files/Pods-PhotoMapTests/Pods-PhotoMapTests.debug.xcconfig"; sourceTree = "<group>"; };
		A1D51F33FEE42E03AEE0CBD9 /* Pods-PhotoMapTests.release.xcconfig */ = {isa = PBXFileReference; includeInIndex = 1; lastKnownFileType = text.xcconfig; name = "Pods-PhotoMapTests.release.xcconfig"; path = "Target Support Files/Pods-PhotoMapTests/Pods-PhotoMapTests.release.xcconfig"; sourceTree = "<group>"; };
		AEFF3F31A97BB43F1931B0D5 /* Pods_PhotoMap.framework */ = {isa = PBXFileReference; explicitFileType = wrapper.framework; includeInIndex = 0; path = Pods_PhotoMap.framework; sourceTree = BUILT_PRODUCTS_DIR; };
		B3FDD52F022A4D4D06F0893B /* Pods_PhotoMapTests.framework */ = {isa = PBXFileReference; explicitFileType = wrapper.framework; includeInIndex = 0; path = Pods_PhotoMapTests.framework; sourceTree = BUILT_PRODUCTS_DIR; };
/* End PBXFileReference section */

/* Begin PBXFrameworksBuildPhase section */
		01776AAC263996FF0058EDA7 /* Frameworks */ = {
			isa = PBXFrameworksBuildPhase;
			buildActionMask = 2147483647;
			files = (
			);
			runOnlyForDeploymentPostprocessing = 0;
		};
		33334A372628324C00612573 /* Frameworks */ = {
			isa = PBXFrameworksBuildPhase;
			buildActionMask = 2147483647;
			files = (
				CBCA82BC0F830018042CD509 /* Pods_PhotoMap.framework in Frameworks */,
			);
			runOnlyForDeploymentPostprocessing = 0;
		};
/* End PBXFrameworksBuildPhase section */

/* Begin PBXGroup section */
		01776AB0263996FF0058EDA7 /* PhotoMapTests */ = {
			isa = PBXGroup;
			children = (
				01776AC2263998440058EDA7 /* ViewModels */,
				01735842263851EF0035C3D5 /* MapViewModelTests.swift */,
				01776AB3263996FF0058EDA7 /* Info.plist */,
			);
			path = PhotoMapTests;
			sourceTree = "<group>";
		};
		01776AC2263998440058EDA7 /* ViewModels */ = {
			isa = PBXGroup;
			children = (
				01776AB1263996FF0058EDA7 /* PhotoMapTests.swift */,
			);
			path = ViewModels;
			sourceTree = "<group>";
		};
		33334A312628324C00612573 = {
			isa = PBXGroup;
			children = (
				33334A3C2628324C00612573 /* PhotoMap */,
				01776AB0263996FF0058EDA7 /* PhotoMapTests */,
				33334A3B2628324C00612573 /* Products */,
				70054510067212F6756B982F /* Pods */,
				F317D6E2F14D6601FEEDEFAF /* Frameworks */,
			);
			sourceTree = "<group>";
		};
		33334A3B2628324C00612573 /* Products */ = {
			isa = PBXGroup;
			children = (
				33334A3A2628324C00612573 /* PhotoMap.app */,
				01776AAF263996FF0058EDA7 /* PhotoMapTests.xctest */,
			);
			name = Products;
			sourceTree = "<group>";
		};
		33334A3C2628324C00612573 /* PhotoMap */ = {
			isa = PBXGroup;
			children = (
				33334A4B2628324D00612573 /* Info.plist */,
				338BB5E4262D84C80001F530 /* App */,
				33334AFB262879B000612573 /* Core */,
				338BB5E5262D84F70001F530 /* Extensions */,
				33334AFC262879BF00612573 /* Features */,
				33334A8C262836B300612573 /* Resources */,
				338364B0263018D0001EF61E /* Service */,
				338BB5E8262D856E0001F530 /* Utils */,
			);
			path = PhotoMap;
			sourceTree = "<group>";
		};
		33334A8C262836B300612573 /* Resources */ = {
			isa = PBXGroup;
			children = (
				3383661E26306A41001EF61E /* Generated */,
				33836596263057F3001EF61E /* Colors */,
				33334A8D262836ED00612573 /* Localization */,
			);
			path = Resources;
			sourceTree = "<group>";
		};
		33334A8D262836ED00612573 /* Localization */ = {
			isa = PBXGroup;
			children = (
				33334AA626283B8B00612573 /* Localizable.strings */,
			);
			path = Localization;
			sourceTree = "<group>";
		};
		33334AFB262879B000612573 /* Core */ = {
			isa = PBXGroup;
			children = (
				33877CA9263158EA00A227F9 /* State */,
				338BB5E7262D854B0001F530 /* DI */,
				338BB5E6262D85450001F530 /* Base */,
			);
			path = Core;
			sourceTree = "<group>";
		};
		33334AFC262879BF00612573 /* Features */ = {
			isa = PBXGroup;
			children = (
				33334B0A26287C3000612573 /* More */,
				33334B0926287C1800612573 /* Auth */,
				33334B0826287C0E00612573 /* Timeline */,
				33334B0726287C0400612573 /* Category */,
				33334B0626287BF500612573 /* Map */,
			);
			path = Features;
			sourceTree = "<group>";
		};
		33334B0026287A2200612573 /* Controllers */ = {
			isa = PBXGroup;
			children = (
				33334B582628829D00612573 /* BaseViewController.swift */,
			);
			path = Controllers;
			sourceTree = "<group>";
		};
		33334B0126287A3400612573 /* Coordinators */ = {
			isa = PBXGroup;
			children = (
				33334B2226287DB600612573 /* AppCoordinator.swift */,
				33334B0B26287C6900612573 /* Coordinator.swift */,
				33334B1526287CCC00612573 /* TabBarCoordinator.swift */,
			);
			path = Coordinators;
			sourceTree = "<group>";
		};
		33334B0426287A7D00612573 /* ErrorHelpers */ = {
			isa = PBXGroup;
			children = (
				33334B1A26287D0000612573 /* GeneralErrorType.swift */,
				33334B2726287DF300612573 /* ResponseError.swift */,
				33334B2F26287E0300612573 /* AlertError.swift */,
			);
			path = ErrorHelpers;
			sourceTree = "<group>";
		};
		33334B0526287B9C00612573 /* Models */ = {
			isa = PBXGroup;
			children = (
			);
			path = Models;
			sourceTree = "<group>";
		};
		33334B0626287BF500612573 /* Map */ = {
			isa = PBXGroup;
			children = (
				338BB609262D8D610001F530 /* Controllers */,
				338BB60A262D8D690001F530 /* Coordinators */,
				338BB60B262D8D710001F530 /* Models */,
				338BB60C262D8D770001F530 /* ViewModels */,
				338365612630565F001EF61E /* Map.storyboard */,
			);
			path = Map;
			sourceTree = "<group>";
		};
		33334B0726287C0400612573 /* Category */ = {
			isa = PBXGroup;
			children = (
				338BB606262D8D320001F530 /* Controllers */,
				338BB605262D8D0F0001F530 /* Models */,
				338BB608262D8D4A0001F530 /* ViewModels */,
				338365652630566C001EF61E /* Category.storyboard */,
			);
			path = Category;
			sourceTree = "<group>";
		};
		33334B0826287C0E00612573 /* Timeline */ = {
			isa = PBXGroup;
			children = (
				338BB602262D8CEF0001F530 /* Controllers */,
				338BB601262D8CE60001F530 /* Coordinators */,
				338BB603262D8CF80001F530 /* Models */,
				338BB604262D8D010001F530 /* ViewModels */,
				3383656926305678001EF61E /* Timeline.storyboard */,
			);
			path = Timeline;
			sourceTree = "<group>";
		};
		33334B0926287C1800612573 /* Auth */ = {
			isa = PBXGroup;
			children = (
				338BB5F9262D8BDE0001F530 /* Controllers */,
				338BB5F8262D8BAF0001F530 /* Coordinators */,
				338BB5FA262D8BE80001F530 /* Models */,
				338BB5FB262D8BEF0001F530 /* ViewModels */,
				33877C8F2631543900A227F9 /* Authentication.storyboard */,
			);
			path = Auth;
			sourceTree = "<group>";
		};
		33334B0A26287C3000612573 /* More */ = {
			isa = PBXGroup;
			children = (
				335881BE262DA5530057D25F /* Controllers */,
				335881BF262DA5640057D25F /* Coordinators */,
				335881C0262DA56E0057D25F /* Models */,
				335881C1262DA5740057D25F /* ViewModels */,
				3383658B2630575C001EF61E /* More.storyboard */,
			);
			path = More;
			sourceTree = "<group>";
		};
		335881BE262DA5530057D25F /* Controllers */ = {
			isa = PBXGroup;
			children = (
				335881D4262DA82A0057D25F /* MoreViewController.swift */,
			);
			path = Controllers;
			sourceTree = "<group>";
		};
		335881BF262DA5640057D25F /* Coordinators */ = {
			isa = PBXGroup;
			children = (
				335881C2262DA5990057D25F /* MoreCoordinator.swift */,
			);
			path = Coordinators;
			sourceTree = "<group>";
		};
		335881C0262DA56E0057D25F /* Models */ = {
			isa = PBXGroup;
			children = (
			);
			path = Models;
			sourceTree = "<group>";
		};
		335881C1262DA5740057D25F /* ViewModels */ = {
			isa = PBXGroup;
			children = (
				33588300262DD12C0057D25F /* MoreViewModel.swift */,
			);
			path = ViewModels;
			sourceTree = "<group>";
		};
		338364B0263018D0001EF61E /* Service */ = {
			isa = PBXGroup;
			children = (
				338364B1263018F0001EF61E /* ReachabilityService.swift */,
				3383662326307272001EF61E /* AuthListener.swift */,
				33877CAE2631598200A227F9 /* AuthUserService.swift */,
				01776AA22639679A0058EDA7 /* LocationService.swift */,
			);
			path = Service;
			sourceTree = "<group>";
		};
		33836596263057F3001EF61E /* Colors */ = {
			isa = PBXGroup;
			children = (
				33334A462628324D00612573 /* Colors.xcassets */,
			);
			path = Colors;
			sourceTree = "<group>";
		};
		3383661E26306A41001EF61E /* Generated */ = {
			isa = PBXGroup;
			children = (
				33877CD2263199A500A227F9 /* strings.swift */,
				33877CC22631916100A227F9 /* assets-colors.swift */,
				33877CBE2631915C00A227F9 /* storyboards.swift */,
			);
			path = Generated;
			sourceTree = "<group>";
		};
		33877CA9263158EA00A227F9 /* State */ = {
			isa = PBXGroup;
			children = (
			);
			path = State;
			sourceTree = "<group>";
		};
		338BB5E4262D84C80001F530 /* App */ = {
			isa = PBXGroup;
			children = (
				33334A3D2628324C00612573 /* AppDelegate.swift */,
				33334A3F2628324C00612573 /* SceneDelegate.swift */,
				33334A482628324D00612573 /* LaunchScreen.storyboard */,
			);
			path = App;
			sourceTree = "<group>";
		};
		338BB5E5262D84F70001F530 /* Extensions */ = {
			isa = PBXGroup;
			children = (
				33334B392628812A00612573 /* Date+Ex.swift */,
				33334B34262880F400612573 /* String+Ex.swift */,
				338BB610262D8EAE0001F530 /* Reachability+Ex.swift */,
				01AEED622633288600BB4E68 /* UIControl+Ex.swift */,
				01AEED662633292900BB4E68 /* UIButton+Ex.swift */,
			);
			path = Extensions;
			sourceTree = "<group>";
		};
		338BB5E6262D85450001F530 /* Base */ = {
			isa = PBXGroup;
			children = (
				33334B0026287A2200612573 /* Controllers */,
				33334B0126287A3400612573 /* Coordinators */,
				33334B0426287A7D00612573 /* ErrorHelpers */,
				33334B0526287B9C00612573 /* Models */,
			);
			path = Base;
			sourceTree = "<group>";
		};
		338BB5E7262D854B0001F530 /* DI */ = {
			isa = PBXGroup;
			children = (
				3358831A262DD19E0057D25F /* DIContainer.swift */,
			);
			path = DI;
			sourceTree = "<group>";
		};
		338BB5E8262D856E0001F530 /* Utils */ = {
			isa = PBXGroup;
			children = (
				33334AB826283CCE00612573 /* GoogleService-Info.plist */,
				338364BB26302FD5001EF61E /* CachedDateFormatter.swift */,
				33810EB926331B6800BFC67C /* CancelBag.swift */,
			);
			path = Utils;
			sourceTree = "<group>";
		};
		338BB5F8262D8BAF0001F530 /* Coordinators */ = {
			isa = PBXGroup;
			children = (
				338BB5FC262D8C020001F530 /* AuthCoordinator.swift */,
			);
			path = Coordinators;
			sourceTree = "<group>";
		};
		338BB5F9262D8BDE0001F530 /* Controllers */ = {
			isa = PBXGroup;
			children = (
				335882DA262DCFCE0057D25F /* SignInViewController.swift */,
				335882E2262DCFDD0057D25F /* SignUpViewController.swift */,
			);
			path = Controllers;
			sourceTree = "<group>";
		};
		338BB5FA262D8BE80001F530 /* Models */ = {
			isa = PBXGroup;
			children = (
			);
			path = Models;
			sourceTree = "<group>";
		};
		338BB5FB262D8BEF0001F530 /* ViewModels */ = {
			isa = PBXGroup;
			children = (
				33588305262DD1420057D25F /* SignInViewModel.swift */,
				3358830A262DD14D0057D25F /* SignUpViewModel.swift */,
			);
			path = ViewModels;
			sourceTree = "<group>";
		};
		338BB601262D8CE60001F530 /* Coordinators */ = {
			isa = PBXGroup;
			children = (
				338BB61A262D8FB20001F530 /* TimelineCoordinator.swift */,
			);
			path = Coordinators;
			sourceTree = "<group>";
		};
		338BB602262D8CEF0001F530 /* Controllers */ = {
			isa = PBXGroup;
			children = (
				335881C7262DA6DB0057D25F /* TimelineViewController.swift */,
			);
			path = Controllers;
			sourceTree = "<group>";
		};
		338BB603262D8CF80001F530 /* Models */ = {
			isa = PBXGroup;
			children = (
			);
			path = Models;
			sourceTree = "<group>";
		};
		338BB604262D8D010001F530 /* ViewModels */ = {
			isa = PBXGroup;
			children = (
				33588315262DD1720057D25F /* TimelineViewModel.swift */,
			);
			path = ViewModels;
			sourceTree = "<group>";
		};
		338BB605262D8D0F0001F530 /* Models */ = {
			isa = PBXGroup;
			children = (
			);
			path = Models;
			sourceTree = "<group>";
		};
		338BB606262D8D320001F530 /* Controllers */ = {
			isa = PBXGroup;
			children = (
				335882F1262DD0BF0057D25F /* CategoryViewController.swift */,
			);
			path = Controllers;
			sourceTree = "<group>";
		};
		338BB608262D8D4A0001F530 /* ViewModels */ = {
			isa = PBXGroup;
			children = (
				335882F6262DD0D20057D25F /* CategoryViewModel.swift */,
			);
			path = ViewModels;
			sourceTree = "<group>";
		};
		338BB609262D8D610001F530 /* Controllers */ = {
			isa = PBXGroup;
			children = (
				335881B4262DA2FE0057D25F /* MapViewController.swift */,
			);
			path = Controllers;
			sourceTree = "<group>";
		};
		338BB60A262D8D690001F530 /* Coordinators */ = {
			isa = PBXGroup;
			children = (
				338BB615262D8FA10001F530 /* MapCoordinator.swift */,
			);
			path = Coordinators;
			sourceTree = "<group>";
		};
		338BB60B262D8D710001F530 /* Models */ = {
			isa = PBXGroup;
			children = (
			);
			path = Models;
			sourceTree = "<group>";
		};
		338BB60C262D8D770001F530 /* ViewModels */ = {
			isa = PBXGroup;
			children = (
				335882FB262DD0DF0057D25F /* MapViewModel.swift */,
				017296A126380F6D00693952 /* MapViewModelType.swift */,
			);
			path = ViewModels;
			sourceTree = "<group>";
		};
		70054510067212F6756B982F /* Pods */ = {
			isa = PBXGroup;
			children = (
				39A12EAD33B979F503BEAC32 /* Pods-PhotoMap.debug.xcconfig */,
				073EBC235C1468AD4ADA7BFB /* Pods-PhotoMap.release.xcconfig */,
				7BF840C2936D950C3B22C34B /* Pods-PhotoMapTests.debug.xcconfig */,
				A1D51F33FEE42E03AEE0CBD9 /* Pods-PhotoMapTests.release.xcconfig */,
			);
			path = Pods;
			sourceTree = "<group>";
		};
		F317D6E2F14D6601FEEDEFAF /* Frameworks */ = {
			isa = PBXGroup;
			children = (
				AEFF3F31A97BB43F1931B0D5 /* Pods_PhotoMap.framework */,
				B3FDD52F022A4D4D06F0893B /* Pods_PhotoMapTests.framework */,
			);
			name = Frameworks;
			sourceTree = "<group>";
		};
/* End PBXGroup section */

/* Begin PBXNativeTarget section */
		01776AAE263996FF0058EDA7 /* PhotoMapTests */ = {
			isa = PBXNativeTarget;
			buildConfigurationList = 01776AB6263996FF0058EDA7 /* Build configuration list for PBXNativeTarget "PhotoMapTests" */;
			buildPhases = (
				01776AAB263996FF0058EDA7 /* Sources */,
				01776AAC263996FF0058EDA7 /* Frameworks */,
				01776AAD263996FF0058EDA7 /* Resources */,
			);
			buildRules = (
			);
			dependencies = (
				01776AB5263996FF0058EDA7 /* PBXTargetDependency */,
			);
			name = PhotoMapTests;
			productName = PhotoMapTests;
			productReference = 01776AAF263996FF0058EDA7 /* PhotoMapTests.xctest */;
			productType = "com.apple.product-type.bundle.unit-test";
		};
		33334A392628324C00612573 /* PhotoMap */ = {
			isa = PBXNativeTarget;
			buildConfigurationList = 33334A642628324D00612573 /* Build configuration list for PBXNativeTarget "PhotoMap" */;
			buildPhases = (
				A6DBA13A7C1A00F4E6F39386 /* [CP] Check Pods Manifest.lock */,
				3358829C262DB7BD0057D25F /* ShellScript */,
				338364C5263041C3001EF61E /* SwiftGen */,
				33334A362628324C00612573 /* Sources */,
				33334A372628324C00612573 /* Frameworks */,
				33334A382628324C00612573 /* Resources */,
				601849C3B1D06D66C44D437D /* [CP] Embed Pods Frameworks */,
			);
			buildRules = (
			);
			dependencies = (
			);
			name = PhotoMap;
			productName = PhotoMap;
			productReference = 33334A3A2628324C00612573 /* PhotoMap.app */;
			productType = "com.apple.product-type.application";
		};
/* End PBXNativeTarget section */

/* Begin PBXProject section */
		33334A322628324C00612573 /* Project object */ = {
			isa = PBXProject;
			attributes = {
				LastSwiftUpdateCheck = 1240;
				LastUpgradeCheck = 1240;
				TargetAttributes = {
					01776AAE263996FF0058EDA7 = {
						CreatedOnToolsVersion = 12.4;
						TestTargetID = 33334A392628324C00612573;
					};
					33334A392628324C00612573 = {
						CreatedOnToolsVersion = 12.4;
					};
				};
			};
			buildConfigurationList = 33334A352628324C00612573 /* Build configuration list for PBXProject "PhotoMap" */;
			compatibilityVersion = "Xcode 9.3";
			developmentRegion = en;
			hasScannedForEncodings = 0;
			knownRegions = (
				en,
				Base,
				ru,
			);
			mainGroup = 33334A312628324C00612573;
			productRefGroup = 33334A3B2628324C00612573 /* Products */;
			projectDirPath = "";
			projectRoot = "";
			targets = (
				33334A392628324C00612573 /* PhotoMap */,
				01776AAE263996FF0058EDA7 /* PhotoMapTests */,
			);
		};
/* End PBXProject section */

/* Begin PBXResourcesBuildPhase section */
		01776AAD263996FF0058EDA7 /* Resources */ = {
			isa = PBXResourcesBuildPhase;
			buildActionMask = 2147483647;
			files = (
			);
			runOnlyForDeploymentPostprocessing = 0;
		};
		33334A382628324C00612573 /* Resources */ = {
			isa = PBXResourcesBuildPhase;
			buildActionMask = 2147483647;
			files = (
				338365662630566C001EF61E /* Category.storyboard in Resources */,
				3383658C2630575C001EF61E /* More.storyboard in Resources */,
				33334A4A2628324D00612573 /* LaunchScreen.storyboard in Resources */,
				338365622630565F001EF61E /* Map.storyboard in Resources */,
				33334AA426283B8B00612573 /* Localizable.strings in Resources */,
				33334AB926283CCE00612573 /* GoogleService-Info.plist in Resources */,
				33877C902631543900A227F9 /* Authentication.storyboard in Resources */,
				33334A472628324D00612573 /* Colors.xcassets in Resources */,
				3383656A26305678001EF61E /* Timeline.storyboard in Resources */,
			);
			runOnlyForDeploymentPostprocessing = 0;
		};
/* End PBXResourcesBuildPhase section */

/* Begin PBXShellScriptBuildPhase section */
		3358829C262DB7BD0057D25F /* ShellScript */ = {
			isa = PBXShellScriptBuildPhase;
			buildActionMask = 2147483647;
			files = (
			);
			inputFileListPaths = (
			);
			inputPaths = (
			);
			outputFileListPaths = (
			);
			outputPaths = (
			);
			runOnlyForDeploymentPostprocessing = 0;
			shellPath = /bin/sh;
			shellScript = "\"${PODS_ROOT}/SwiftLint/swiftlint\"\n";
		};
		338364C5263041C3001EF61E /* SwiftGen */ = {
			isa = PBXShellScriptBuildPhase;
			buildActionMask = 2147483647;
			files = (
			);
			inputFileListPaths = (
			);
			inputPaths = (
			);
			name = SwiftGen;
			outputFileListPaths = (
			);
			outputPaths = (
			);
			runOnlyForDeploymentPostprocessing = 0;
			shellPath = /bin/sh;
			shellScript = "\"$PODS_ROOT/SwiftGen/bin/swiftgen\"\n";
		};
		601849C3B1D06D66C44D437D /* [CP] Embed Pods Frameworks */ = {
			isa = PBXShellScriptBuildPhase;
			buildActionMask = 2147483647;
			files = (
			);
			inputFileListPaths = (
				"${PODS_ROOT}/Target Support Files/Pods-PhotoMap/Pods-PhotoMap-frameworks-${CONFIGURATION}-input-files.xcfilelist",
			);
			name = "[CP] Embed Pods Frameworks";
			outputFileListPaths = (
				"${PODS_ROOT}/Target Support Files/Pods-PhotoMap/Pods-PhotoMap-frameworks-${CONFIGURATION}-output-files.xcfilelist",
			);
			runOnlyForDeploymentPostprocessing = 0;
			shellPath = /bin/sh;
			shellScript = "\"${PODS_ROOT}/Target Support Files/Pods-PhotoMap/Pods-PhotoMap-frameworks.sh\"\n";
			showEnvVarsInLog = 0;
		};
		A6DBA13A7C1A00F4E6F39386 /* [CP] Check Pods Manifest.lock */ = {
			isa = PBXShellScriptBuildPhase;
			buildActionMask = 2147483647;
			files = (
			);
			inputFileListPaths = (
			);
			inputPaths = (
				"${PODS_PODFILE_DIR_PATH}/Podfile.lock",
				"${PODS_ROOT}/Manifest.lock",
			);
			name = "[CP] Check Pods Manifest.lock";
			outputFileListPaths = (
			);
			outputPaths = (
				"$(DERIVED_FILE_DIR)/Pods-PhotoMap-checkManifestLockResult.txt",
			);
			runOnlyForDeploymentPostprocessing = 0;
			shellPath = /bin/sh;
			shellScript = "diff \"${PODS_PODFILE_DIR_PATH}/Podfile.lock\" \"${PODS_ROOT}/Manifest.lock\" > /dev/null\nif [ $? != 0 ] ; then\n    # print error to STDERR\n    echo \"error: The sandbox is not in sync with the Podfile.lock. Run 'pod install' or update your CocoaPods installation.\" >&2\n    exit 1\nfi\n# This output is used by Xcode 'outputs' to avoid re-running this script phase.\necho \"SUCCESS\" > \"${SCRIPT_OUTPUT_FILE_0}\"\n";
			showEnvVarsInLog = 0;
		};
/* End PBXShellScriptBuildPhase section */

/* Begin PBXSourcesBuildPhase section */
		01776AAB263996FF0058EDA7 /* Sources */ = {
			isa = PBXSourcesBuildPhase;
			buildActionMask = 2147483647;
			files = (
				01776AB2263996FF0058EDA7 /* PhotoMapTests.swift in Sources */,
				01776ABB263997890058EDA7 /* MapViewModelTests.swift in Sources */,
			);
			runOnlyForDeploymentPostprocessing = 0;
		};
		33334A362628324C00612573 /* Sources */ = {
			isa = PBXSourcesBuildPhase;
			buildActionMask = 2147483647;
			files = (
				335882DB262DCFCE0057D25F /* SignInViewController.swift in Sources */,
				33588301262DD12C0057D25F /* MoreViewModel.swift in Sources */,
				33334B592628829D00612573 /* BaseViewController.swift in Sources */,
				338BB616262D8FA10001F530 /* MapCoordinator.swift in Sources */,
				33877CBF2631915C00A227F9 /* storyboards.swift in Sources */,
				33810EBA26331B6900BFC67C /* CancelBag.swift in Sources */,
				33334B0C26287C6900612573 /* Coordinator.swift in Sources */,
				3383662426307272001EF61E /* AuthListener.swift in Sources */,
				33334B3026287E0300612573 /* AlertError.swift in Sources */,
				01AEED632633288600BB4E68 /* UIControl+Ex.swift in Sources */,
				33334B1B26287D0000612573 /* GeneralErrorType.swift in Sources */,
				335882E3262DCFDD0057D25F /* SignUpViewController.swift in Sources */,
				3358830B262DD14D0057D25F /* SignUpViewModel.swift in Sources */,
				33334B2826287DF300612573 /* ResponseError.swift in Sources */,
				338364B2263018F0001EF61E /* ReachabilityService.swift in Sources */,
				33334B1626287CCC00612573 /* TabBarCoordinator.swift in Sources */,
				335882F2262DD0BF0057D25F /* CategoryViewController.swift in Sources */,
				335882FC262DD0DF0057D25F /* MapViewModel.swift in Sources */,
				3358831B262DD19E0057D25F /* DIContainer.swift in Sources */,
				33334B3A2628812A00612573 /* Date+Ex.swift in Sources */,
				33588306262DD1420057D25F /* SignInViewModel.swift in Sources */,
				017296A226380F6D00693952 /* MapViewModelType.swift in Sources */,
				33877CAF2631598200A227F9 /* AuthUserService.swift in Sources */,
				33334B2326287DB600612573 /* AppCoordinator.swift in Sources */,
				338BB61B262D8FB20001F530 /* TimelineCoordinator.swift in Sources */,
				335881C8262DA6DB0057D25F /* TimelineViewController.swift in Sources */,
				01AEED672633292900BB4E68 /* UIButton+Ex.swift in Sources */,
				33588316262DD1720057D25F /* TimelineViewModel.swift in Sources */,
				338364BC26302FD5001EF61E /* CachedDateFormatter.swift in Sources */,
				338BB5FD262D8C020001F530 /* AuthCoordinator.swift in Sources */,
				335881B5262DA2FE0057D25F /* MapViewController.swift in Sources */,
				335881D5262DA82A0057D25F /* MoreViewController.swift in Sources */,
				338BB611262D8EAE0001F530 /* Reachability+Ex.swift in Sources */,
				01776AA32639679A0058EDA7 /* LocationService.swift in Sources */,
				335881C3262DA5990057D25F /* MoreCoordinator.swift in Sources */,
				33877CC32631916200A227F9 /* assets-colors.swift in Sources */,
				33334B35262880F400612573 /* String+Ex.swift in Sources */,
				33334A3E2628324C00612573 /* AppDelegate.swift in Sources */,
				335882F7262DD0D20057D25F /* CategoryViewModel.swift in Sources */,
				33877CD3263199A500A227F9 /* strings.swift in Sources */,
				33334A402628324C00612573 /* SceneDelegate.swift in Sources */,
			);
			runOnlyForDeploymentPostprocessing = 0;
		};
/* End PBXSourcesBuildPhase section */

/* Begin PBXTargetDependency section */
		01776AB5263996FF0058EDA7 /* PBXTargetDependency */ = {
			isa = PBXTargetDependency;
			target = 33334A392628324C00612573 /* PhotoMap */;
			targetProxy = 01776AB4263996FF0058EDA7 /* PBXContainerItemProxy */;
		};
/* End PBXTargetDependency section */

/* Begin PBXVariantGroup section */
		33334A482628324D00612573 /* LaunchScreen.storyboard */ = {
			isa = PBXVariantGroup;
			children = (
				33334A492628324D00612573 /* Base */,
				33334A95262839A800612573 /* ru */,
			);
			name = LaunchScreen.storyboard;
			sourceTree = "<group>";
		};
		33334AA626283B8B00612573 /* Localizable.strings */ = {
			isa = PBXVariantGroup;
			children = (
				33334AA526283B8B00612573 /* en */,
				33334AAB26283BC800612573 /* ru */,
			);
			name = Localizable.strings;
			sourceTree = "<group>";
		};
/* End PBXVariantGroup section */

/* Begin XCBuildConfiguration section */
		01776AB7263996FF0058EDA7 /* Debug */ = {
			isa = XCBuildConfiguration;
			buildSettings = {
				BUNDLE_LOADER = "$(TEST_HOST)";
				CODE_SIGN_STYLE = Automatic;
				INFOPLIST_FILE = PhotoMapTests/Info.plist;
				IPHONEOS_DEPLOYMENT_TARGET = 14.4;
				LD_RUNPATH_SEARCH_PATHS = (
					"$(inherited)",
					"@executable_path/Frameworks",
					"@loader_path/Frameworks",
				);
				PRODUCT_BUNDLE_IDENTIFIER = "com.itechart-group.PhotoMapTests";
				PRODUCT_NAME = "$(TARGET_NAME)";
				SWIFT_VERSION = 5.0;
				TARGETED_DEVICE_FAMILY = "1,2";
				TEST_HOST = "$(BUILT_PRODUCTS_DIR)/PhotoMap.app/PhotoMap";
			};
			name = Debug;
		};
		01776AB8263996FF0058EDA7 /* Release */ = {
			isa = XCBuildConfiguration;
			buildSettings = {
				BUNDLE_LOADER = "$(TEST_HOST)";
				CODE_SIGN_STYLE = Automatic;
				INFOPLIST_FILE = PhotoMapTests/Info.plist;
				IPHONEOS_DEPLOYMENT_TARGET = 14.4;
				LD_RUNPATH_SEARCH_PATHS = (
					"$(inherited)",
					"@executable_path/Frameworks",
					"@loader_path/Frameworks",
				);
				PRODUCT_BUNDLE_IDENTIFIER = "com.itechart-group.PhotoMapTests";
				PRODUCT_NAME = "$(TARGET_NAME)";
				SWIFT_VERSION = 5.0;
				TARGETED_DEVICE_FAMILY = "1,2";
				TEST_HOST = "$(BUILT_PRODUCTS_DIR)/PhotoMap.app/PhotoMap";
			};
			name = Release;
		};
		33334A622628324D00612573 /* Debug */ = {
			isa = XCBuildConfiguration;
			buildSettings = {
				ALWAYS_SEARCH_USER_PATHS = NO;
				CLANG_ANALYZER_LOCALIZABILITY_NONLOCALIZED = YES;
				CLANG_ANALYZER_NONNULL = YES;
				CLANG_ANALYZER_NUMBER_OBJECT_CONVERSION = YES_AGGRESSIVE;
				CLANG_CXX_LANGUAGE_STANDARD = "gnu++14";
				CLANG_CXX_LIBRARY = "libc++";
				CLANG_ENABLE_MODULES = YES;
				CLANG_ENABLE_OBJC_ARC = YES;
				CLANG_ENABLE_OBJC_WEAK = YES;
				CLANG_WARN_BLOCK_CAPTURE_AUTORELEASING = YES;
				CLANG_WARN_BOOL_CONVERSION = YES;
				CLANG_WARN_COMMA = YES;
				CLANG_WARN_CONSTANT_CONVERSION = YES;
				CLANG_WARN_DEPRECATED_OBJC_IMPLEMENTATIONS = YES;
				CLANG_WARN_DIRECT_OBJC_ISA_USAGE = YES_ERROR;
				CLANG_WARN_DOCUMENTATION_COMMENTS = YES;
				CLANG_WARN_EMPTY_BODY = YES;
				CLANG_WARN_ENUM_CONVERSION = YES;
				CLANG_WARN_INFINITE_RECURSION = YES;
				CLANG_WARN_INT_CONVERSION = YES;
				CLANG_WARN_NON_LITERAL_NULL_CONVERSION = YES;
				CLANG_WARN_OBJC_IMPLICIT_RETAIN_SELF = YES;
				CLANG_WARN_OBJC_LITERAL_CONVERSION = YES;
				CLANG_WARN_OBJC_ROOT_CLASS = YES_ERROR;
				CLANG_WARN_QUOTED_INCLUDE_IN_FRAMEWORK_HEADER = YES;
				CLANG_WARN_RANGE_LOOP_ANALYSIS = YES;
				CLANG_WARN_STRICT_PROTOTYPES = YES;
				CLANG_WARN_SUSPICIOUS_MOVE = YES;
				CLANG_WARN_UNGUARDED_AVAILABILITY = YES_AGGRESSIVE;
				CLANG_WARN_UNREACHABLE_CODE = YES;
				CLANG_WARN__DUPLICATE_METHOD_MATCH = YES;
				COPY_PHASE_STRIP = NO;
				DEBUG_INFORMATION_FORMAT = dwarf;
				ENABLE_STRICT_OBJC_MSGSEND = YES;
				ENABLE_TESTABILITY = YES;
				GCC_C_LANGUAGE_STANDARD = gnu11;
				GCC_DYNAMIC_NO_PIC = NO;
				GCC_NO_COMMON_BLOCKS = YES;
				GCC_OPTIMIZATION_LEVEL = 0;
				GCC_PREPROCESSOR_DEFINITIONS = (
					"DEBUG=1",
					"$(inherited)",
				);
				GCC_WARN_64_TO_32_BIT_CONVERSION = YES;
				GCC_WARN_ABOUT_RETURN_TYPE = YES_ERROR;
				GCC_WARN_UNDECLARED_SELECTOR = YES;
				GCC_WARN_UNINITIALIZED_AUTOS = YES_AGGRESSIVE;
				GCC_WARN_UNUSED_FUNCTION = YES;
				GCC_WARN_UNUSED_VARIABLE = YES;
				IPHONEOS_DEPLOYMENT_TARGET = 13.0;
				MTL_ENABLE_DEBUG_INFO = INCLUDE_SOURCE;
				MTL_FAST_MATH = YES;
				ONLY_ACTIVE_ARCH = YES;
				SDKROOT = iphoneos;
				SWIFT_ACTIVE_COMPILATION_CONDITIONS = DEBUG;
				SWIFT_OPTIMIZATION_LEVEL = "-Onone";
			};
			name = Debug;
		};
		33334A632628324D00612573 /* Release */ = {
			isa = XCBuildConfiguration;
			buildSettings = {
				ALWAYS_SEARCH_USER_PATHS = NO;
				CLANG_ANALYZER_LOCALIZABILITY_NONLOCALIZED = YES;
				CLANG_ANALYZER_NONNULL = YES;
				CLANG_ANALYZER_NUMBER_OBJECT_CONVERSION = YES_AGGRESSIVE;
				CLANG_CXX_LANGUAGE_STANDARD = "gnu++14";
				CLANG_CXX_LIBRARY = "libc++";
				CLANG_ENABLE_MODULES = YES;
				CLANG_ENABLE_OBJC_ARC = YES;
				CLANG_ENABLE_OBJC_WEAK = YES;
				CLANG_WARN_BLOCK_CAPTURE_AUTORELEASING = YES;
				CLANG_WARN_BOOL_CONVERSION = YES;
				CLANG_WARN_COMMA = YES;
				CLANG_WARN_CONSTANT_CONVERSION = YES;
				CLANG_WARN_DEPRECATED_OBJC_IMPLEMENTATIONS = YES;
				CLANG_WARN_DIRECT_OBJC_ISA_USAGE = YES_ERROR;
				CLANG_WARN_DOCUMENTATION_COMMENTS = YES;
				CLANG_WARN_EMPTY_BODY = YES;
				CLANG_WARN_ENUM_CONVERSION = YES;
				CLANG_WARN_INFINITE_RECURSION = YES;
				CLANG_WARN_INT_CONVERSION = YES;
				CLANG_WARN_NON_LITERAL_NULL_CONVERSION = YES;
				CLANG_WARN_OBJC_IMPLICIT_RETAIN_SELF = YES;
				CLANG_WARN_OBJC_LITERAL_CONVERSION = YES;
				CLANG_WARN_OBJC_ROOT_CLASS = YES_ERROR;
				CLANG_WARN_QUOTED_INCLUDE_IN_FRAMEWORK_HEADER = YES;
				CLANG_WARN_RANGE_LOOP_ANALYSIS = YES;
				CLANG_WARN_STRICT_PROTOTYPES = YES;
				CLANG_WARN_SUSPICIOUS_MOVE = YES;
				CLANG_WARN_UNGUARDED_AVAILABILITY = YES_AGGRESSIVE;
				CLANG_WARN_UNREACHABLE_CODE = YES;
				CLANG_WARN__DUPLICATE_METHOD_MATCH = YES;
				COPY_PHASE_STRIP = NO;
				DEBUG_INFORMATION_FORMAT = "dwarf-with-dsym";
				ENABLE_NS_ASSERTIONS = NO;
				ENABLE_STRICT_OBJC_MSGSEND = YES;
				GCC_C_LANGUAGE_STANDARD = gnu11;
				GCC_NO_COMMON_BLOCKS = YES;
				GCC_WARN_64_TO_32_BIT_CONVERSION = YES;
				GCC_WARN_ABOUT_RETURN_TYPE = YES_ERROR;
				GCC_WARN_UNDECLARED_SELECTOR = YES;
				GCC_WARN_UNINITIALIZED_AUTOS = YES_AGGRESSIVE;
				GCC_WARN_UNUSED_FUNCTION = YES;
				GCC_WARN_UNUSED_VARIABLE = YES;
				IPHONEOS_DEPLOYMENT_TARGET = 13.0;
				MTL_ENABLE_DEBUG_INFO = NO;
				MTL_FAST_MATH = YES;
				SDKROOT = iphoneos;
				SWIFT_COMPILATION_MODE = wholemodule;
				SWIFT_OPTIMIZATION_LEVEL = "-O";
				VALIDATE_PRODUCT = YES;
			};
			name = Release;
		};
		33334A652628324D00612573 /* Debug */ = {
			isa = XCBuildConfiguration;
			baseConfigurationReference = 39A12EAD33B979F503BEAC32 /* Pods-PhotoMap.debug.xcconfig */;
			buildSettings = {
				ASSETCATALOG_COMPILER_APPICON_NAME = AppIcon;
				ASSETCATALOG_COMPILER_GLOBAL_ACCENT_COLOR_NAME = AccentColor;
				CODE_SIGN_STYLE = Automatic;
				INFOPLIST_FILE = PhotoMap/Info.plist;
				LD_RUNPATH_SEARCH_PATHS = (
					"$(inherited)",
					"@executable_path/Frameworks",
				);
				PRODUCT_BUNDLE_IDENTIFIER = "com.itechart-group.PhotoMap";
				PRODUCT_NAME = "$(TARGET_NAME)";
				SWIFT_VERSION = 5.0;
				TARGETED_DEVICE_FAMILY = "1,2";
			};
			name = Debug;
		};
		33334A662628324D00612573 /* Release */ = {
			isa = XCBuildConfiguration;
			baseConfigurationReference = 073EBC235C1468AD4ADA7BFB /* Pods-PhotoMap.release.xcconfig */;
			buildSettings = {
				ASSETCATALOG_COMPILER_APPICON_NAME = AppIcon;
				ASSETCATALOG_COMPILER_GLOBAL_ACCENT_COLOR_NAME = AccentColor;
				CODE_SIGN_STYLE = Automatic;
				INFOPLIST_FILE = PhotoMap/Info.plist;
				LD_RUNPATH_SEARCH_PATHS = (
					"$(inherited)",
					"@executable_path/Frameworks",
				);
				PRODUCT_BUNDLE_IDENTIFIER = "com.itechart-group.PhotoMap";
				PRODUCT_NAME = "$(TARGET_NAME)";
				SWIFT_VERSION = 5.0;
				TARGETED_DEVICE_FAMILY = "1,2";
			};
			name = Release;
		};
/* End XCBuildConfiguration section */

/* Begin XCConfigurationList section */
		01776AB6263996FF0058EDA7 /* Build configuration list for PBXNativeTarget "PhotoMapTests" */ = {
			isa = XCConfigurationList;
			buildConfigurations = (
				01776AB7263996FF0058EDA7 /* Debug */,
				01776AB8263996FF0058EDA7 /* Release */,
			);
			defaultConfigurationIsVisible = 0;
			defaultConfigurationName = Release;
		};
		33334A352628324C00612573 /* Build configuration list for PBXProject "PhotoMap" */ = {
			isa = XCConfigurationList;
			buildConfigurations = (
				33334A622628324D00612573 /* Debug */,
				33334A632628324D00612573 /* Release */,
			);
			defaultConfigurationIsVisible = 0;
			defaultConfigurationName = Release;
		};
		33334A642628324D00612573 /* Build configuration list for PBXNativeTarget "PhotoMap" */ = {
			isa = XCConfigurationList;
			buildConfigurations = (
				33334A652628324D00612573 /* Debug */,
				33334A662628324D00612573 /* Release */,
			);
			defaultConfigurationIsVisible = 0;
			defaultConfigurationName = Release;
		};
/* End XCConfigurationList section */
	};
	rootObject = 33334A322628324C00612573 /* Project object */;
}
