// !$*UTF8*$!
{
	archiveVersion = 1;
	classes = {
	};
	objectVersion = 51;
	objects = {

/* Begin PBXBuildFile section */
		33334A3E2628324C00612573 /* AppDelegate.swift in Sources */ = {isa = PBXBuildFile; fileRef = 33334A3D2628324C00612573 /* AppDelegate.swift */; };
		33334A402628324C00612573 /* SceneDelegate.swift in Sources */ = {isa = PBXBuildFile; fileRef = 33334A3F2628324C00612573 /* SceneDelegate.swift */; };
		33334A422628324C00612573 /* ViewController.swift in Sources */ = {isa = PBXBuildFile; fileRef = 33334A412628324C00612573 /* ViewController.swift */; };
		33334A452628324C00612573 /* Main.storyboard in Resources */ = {isa = PBXBuildFile; fileRef = 33334A432628324C00612573 /* Main.storyboard */; };
		33334A472628324D00612573 /* Colors.xcassets in Resources */ = {isa = PBXBuildFile; fileRef = 33334A462628324D00612573 /* Colors.xcassets */; };
		33334A4A2628324D00612573 /* LaunchScreen.storyboard in Resources */ = {isa = PBXBuildFile; fileRef = 33334A482628324D00612573 /* LaunchScreen.storyboard */; };
		33334A552628324D00612573 /* PhotoMapTests.swift in Sources */ = {isa = PBXBuildFile; fileRef = 33334A542628324D00612573 /* PhotoMapTests.swift */; };
		33334A602628324D00612573 /* PhotoMapUITests.swift in Sources */ = {isa = PBXBuildFile; fileRef = 33334A5F2628324D00612573 /* PhotoMapUITests.swift */; };
		33334AA426283B8B00612573 /* Localizable.strings in Resources */ = {isa = PBXBuildFile; fileRef = 33334AA626283B8B00612573 /* Localizable.strings */; };
		33334AB926283CCE00612573 /* GoogleService-Info.plist in Resources */ = {isa = PBXBuildFile; fileRef = 33334AB826283CCE00612573 /* GoogleService-Info.plist */; };
		33334ABD26283CD200612573 /* GoogleService-Info.plist in Resources */ = {isa = PBXBuildFile; fileRef = 33334AB826283CCE00612573 /* GoogleService-Info.plist */; };
		33334AC126283CD300612573 /* GoogleService-Info.plist in Resources */ = {isa = PBXBuildFile; fileRef = 33334AB826283CCE00612573 /* GoogleService-Info.plist */; };
		50C1699765C46F5A8D2AFE0A /* Pods_PhotoMap.framework in Frameworks */ = {isa = PBXBuildFile; fileRef = BD859CEB28162188D7EBD140 /* Pods_PhotoMap.framework */; };
		59024656EC3CF805AF7A0F91 /* Pods_PhotoMapTests.framework in Frameworks */ = {isa = PBXBuildFile; fileRef = 7A4A28E552B4336F74C054D2 /* Pods_PhotoMapTests.framework */; };
		7D621D10ABBF87682C644E02 /* Pods_PhotoMap_PhotoMapUITests.framework in Frameworks */ = {isa = PBXBuildFile; fileRef = FEFFDB07025DDD121186E4A3 /* Pods_PhotoMap_PhotoMapUITests.framework */; };
/* End PBXBuildFile section */

/* Begin PBXContainerItemProxy section */
		33334A512628324D00612573 /* PBXContainerItemProxy */ = {
			isa = PBXContainerItemProxy;
			containerPortal = 33334A322628324C00612573 /* Project object */;
			proxyType = 1;
			remoteGlobalIDString = 33334A392628324C00612573;
			remoteInfo = PhotoMap;
		};
		33334A5C2628324D00612573 /* PBXContainerItemProxy */ = {
			isa = PBXContainerItemProxy;
			containerPortal = 33334A322628324C00612573 /* Project object */;
			proxyType = 1;
			remoteGlobalIDString = 33334A392628324C00612573;
			remoteInfo = PhotoMap;
		};
/* End PBXContainerItemProxy section */

/* Begin PBXFileReference section */
		06F9224EB87767E50E587779 /* Pods-PhotoMap.debug.xcconfig */ = {isa = PBXFileReference; includeInIndex = 1; lastKnownFileType = text.xcconfig; name = "Pods-PhotoMap.debug.xcconfig"; path = "Target Support Files/Pods-PhotoMap/Pods-PhotoMap.debug.xcconfig"; sourceTree = "<group>"; };
		2CACA3361E3ACF4AF6D4E2C3 /* Pods-PhotoMapTests.debug.xcconfig */ = {isa = PBXFileReference; includeInIndex = 1; lastKnownFileType = text.xcconfig; name = "Pods-PhotoMapTests.debug.xcconfig"; path = "Target Support Files/Pods-PhotoMapTests/Pods-PhotoMapTests.debug.xcconfig"; sourceTree = "<group>"; };
		2DC3375CB805A7B58B8F8668 /* Pods-PhotoMap.release.xcconfig */ = {isa = PBXFileReference; includeInIndex = 1; lastKnownFileType = text.xcconfig; name = "Pods-PhotoMap.release.xcconfig"; path = "Target Support Files/Pods-PhotoMap/Pods-PhotoMap.release.xcconfig"; sourceTree = "<group>"; };
		33334A3A2628324C00612573 /* PhotoMap.app */ = {isa = PBXFileReference; explicitFileType = wrapper.application; includeInIndex = 0; path = PhotoMap.app; sourceTree = BUILT_PRODUCTS_DIR; };
		33334A3D2628324C00612573 /* AppDelegate.swift */ = {isa = PBXFileReference; lastKnownFileType = sourcecode.swift; path = AppDelegate.swift; sourceTree = "<group>"; };
		33334A3F2628324C00612573 /* SceneDelegate.swift */ = {isa = PBXFileReference; lastKnownFileType = sourcecode.swift; path = SceneDelegate.swift; sourceTree = "<group>"; };
		33334A412628324C00612573 /* ViewController.swift */ = {isa = PBXFileReference; lastKnownFileType = sourcecode.swift; path = ViewController.swift; sourceTree = "<group>"; };
		33334A442628324C00612573 /* Base */ = {isa = PBXFileReference; lastKnownFileType = file.storyboard; name = Base; path = Base.lproj/Main.storyboard; sourceTree = "<group>"; };
		33334A462628324D00612573 /* Colors.xcassets */ = {isa = PBXFileReference; lastKnownFileType = folder.assetcatalog; path = Colors.xcassets; sourceTree = "<group>"; };
		33334A492628324D00612573 /* Base */ = {isa = PBXFileReference; lastKnownFileType = file.storyboard; name = Base; path = Base.lproj/LaunchScreen.storyboard; sourceTree = "<group>"; };
		33334A4B2628324D00612573 /* Info.plist */ = {isa = PBXFileReference; lastKnownFileType = text.plist.xml; path = Info.plist; sourceTree = "<group>"; };
		33334A502628324D00612573 /* PhotoMapTests.xctest */ = {isa = PBXFileReference; explicitFileType = wrapper.cfbundle; includeInIndex = 0; path = PhotoMapTests.xctest; sourceTree = BUILT_PRODUCTS_DIR; };
		33334A542628324D00612573 /* PhotoMapTests.swift */ = {isa = PBXFileReference; lastKnownFileType = sourcecode.swift; path = PhotoMapTests.swift; sourceTree = "<group>"; };
		33334A562628324D00612573 /* Info.plist */ = {isa = PBXFileReference; lastKnownFileType = text.plist.xml; path = Info.plist; sourceTree = "<group>"; };
		33334A5B2628324D00612573 /* PhotoMapUITests.xctest */ = {isa = PBXFileReference; explicitFileType = wrapper.cfbundle; includeInIndex = 0; path = PhotoMapUITests.xctest; sourceTree = BUILT_PRODUCTS_DIR; };
		33334A5F2628324D00612573 /* PhotoMapUITests.swift */ = {isa = PBXFileReference; lastKnownFileType = sourcecode.swift; path = PhotoMapUITests.swift; sourceTree = "<group>"; };
		33334A612628324D00612573 /* Info.plist */ = {isa = PBXFileReference; lastKnownFileType = text.plist.xml; path = Info.plist; sourceTree = "<group>"; };
		33334A91262839A700612573 /* ru */ = {isa = PBXFileReference; lastKnownFileType = text.plist.strings; name = ru; path = ru.lproj/Main.strings; sourceTree = "<group>"; };
		33334A95262839A800612573 /* ru */ = {isa = PBXFileReference; lastKnownFileType = text.plist.strings; name = ru; path = ru.lproj/LaunchScreen.strings; sourceTree = "<group>"; };
		33334AA526283B8B00612573 /* en */ = {isa = PBXFileReference; lastKnownFileType = text.plist.strings; name = en; path = en.lproj/Localizable.strings; sourceTree = "<group>"; };
		33334AAB26283BC800612573 /* ru */ = {isa = PBXFileReference; lastKnownFileType = text.plist.strings; name = ru; path = ru.lproj/Localizable.strings; sourceTree = "<group>"; };
		33334AB826283CCE00612573 /* GoogleService-Info.plist */ = {isa = PBXFileReference; fileEncoding = 4; lastKnownFileType = text.plist.xml; path = "GoogleService-Info.plist"; sourceTree = "<group>"; };
		5E0206954F5E48E2DC1A64B2 /* Pods-PhotoMap-PhotoMapUITests.release.xcconfig */ = {isa = PBXFileReference; includeInIndex = 1; lastKnownFileType = text.xcconfig; name = "Pods-PhotoMap-PhotoMapUITests.release.xcconfig"; path = "Target Support Files/Pods-PhotoMap-PhotoMapUITests/Pods-PhotoMap-PhotoMapUITests.release.xcconfig"; sourceTree = "<group>"; };
		5FA8E0B91D7410966BD356F8 /* Pods-PhotoMap-PhotoMapUITests.debug.xcconfig */ = {isa = PBXFileReference; includeInIndex = 1; lastKnownFileType = text.xcconfig; name = "Pods-PhotoMap-PhotoMapUITests.debug.xcconfig"; path = "Target Support Files/Pods-PhotoMap-PhotoMapUITests/Pods-PhotoMap-PhotoMapUITests.debug.xcconfig"; sourceTree = "<group>"; };
		7A4A28E552B4336F74C054D2 /* Pods_PhotoMapTests.framework */ = {isa = PBXFileReference; explicitFileType = wrapper.framework; includeInIndex = 0; path = Pods_PhotoMapTests.framework; sourceTree = BUILT_PRODUCTS_DIR; };
		9E8F92D9089BE991E43E19B4 /* Pods-PhotoMapTests.release.xcconfig */ = {isa = PBXFileReference; includeInIndex = 1; lastKnownFileType = text.xcconfig; name = "Pods-PhotoMapTests.release.xcconfig"; path = "Target Support Files/Pods-PhotoMapTests/Pods-PhotoMapTests.release.xcconfig"; sourceTree = "<group>"; };
		BD859CEB28162188D7EBD140 /* Pods_PhotoMap.framework */ = {isa = PBXFileReference; explicitFileType = wrapper.framework; includeInIndex = 0; path = Pods_PhotoMap.framework; sourceTree = BUILT_PRODUCTS_DIR; };
		FEFFDB07025DDD121186E4A3 /* Pods_PhotoMap_PhotoMapUITests.framework */ = {isa = PBXFileReference; explicitFileType = wrapper.framework; includeInIndex = 0; path = Pods_PhotoMap_PhotoMapUITests.framework; sourceTree = BUILT_PRODUCTS_DIR; };
/* End PBXFileReference section */

/* Begin PBXFrameworksBuildPhase section */
		33334A372628324C00612573 /* Frameworks */ = {
			isa = PBXFrameworksBuildPhase;
			buildActionMask = 2147483647;
			files = (
				50C1699765C46F5A8D2AFE0A /* Pods_PhotoMap.framework in Frameworks */,
			);
			runOnlyForDeploymentPostprocessing = 0;
		};
		33334A4D2628324D00612573 /* Frameworks */ = {
			isa = PBXFrameworksBuildPhase;
			buildActionMask = 2147483647;
			files = (
				59024656EC3CF805AF7A0F91 /* Pods_PhotoMapTests.framework in Frameworks */,
			);
			runOnlyForDeploymentPostprocessing = 0;
		};
		33334A582628324D00612573 /* Frameworks */ = {
			isa = PBXFrameworksBuildPhase;
			buildActionMask = 2147483647;
			files = (
				7D621D10ABBF87682C644E02 /* Pods_PhotoMap_PhotoMapUITests.framework in Frameworks */,
			);
			runOnlyForDeploymentPostprocessing = 0;
		};
/* End PBXFrameworksBuildPhase section */

/* Begin PBXGroup section */
		0FD06F421D90104A683CCD98 /* Frameworks */ = {
			isa = PBXGroup;
			children = (
				BD859CEB28162188D7EBD140 /* Pods_PhotoMap.framework */,
				FEFFDB07025DDD121186E4A3 /* Pods_PhotoMap_PhotoMapUITests.framework */,
				7A4A28E552B4336F74C054D2 /* Pods_PhotoMapTests.framework */,
			);
			name = Frameworks;
			sourceTree = "<group>";
		};
		33334A312628324C00612573 = {
			isa = PBXGroup;
			children = (
				33334A3C2628324C00612573 /* PhotoMap */,
				33334A532628324D00612573 /* PhotoMapTests */,
				33334A5E2628324D00612573 /* PhotoMapUITests */,
				33334A3B2628324C00612573 /* Products */,
				70054510067212F6756B982F /* Pods */,
				0FD06F421D90104A683CCD98 /* Frameworks */,
			);
			sourceTree = "<group>";
		};
		33334A3B2628324C00612573 /* Products */ = {
			isa = PBXGroup;
			children = (
				33334A3A2628324C00612573 /* PhotoMap.app */,
				33334A502628324D00612573 /* PhotoMapTests.xctest */,
				33334A5B2628324D00612573 /* PhotoMapUITests.xctest */,
			);
			name = Products;
			sourceTree = "<group>";
		};
		33334A3C2628324C00612573 /* PhotoMap */ = {
			isa = PBXGroup;
			children = (
				33334A8C262836B300612573 /* Resources */,
				33334A3D2628324C00612573 /* AppDelegate.swift */,
				33334A3F2628324C00612573 /* SceneDelegate.swift */,
				33334A412628324C00612573 /* ViewController.swift */,
				33334A432628324C00612573 /* Main.storyboard */,
				33334A482628324D00612573 /* LaunchScreen.storyboard */,
				33334A4B2628324D00612573 /* Info.plist */,
				33334AB826283CCE00612573 /* GoogleService-Info.plist */,
			);
			path = PhotoMap;
			sourceTree = "<group>";
		};
		33334A532628324D00612573 /* PhotoMapTests */ = {
			isa = PBXGroup;
			children = (
				33334A542628324D00612573 /* PhotoMapTests.swift */,
				33334A562628324D00612573 /* Info.plist */,
			);
			path = PhotoMapTests;
			sourceTree = "<group>";
		};
		33334A5E2628324D00612573 /* PhotoMapUITests */ = {
			isa = PBXGroup;
			children = (
				33334A5F2628324D00612573 /* PhotoMapUITests.swift */,
				33334A612628324D00612573 /* Info.plist */,
			);
			path = PhotoMapUITests;
			sourceTree = "<group>";
		};
		33334A8C262836B300612573 /* Resources */ = {
			isa = PBXGroup;
			children = (
				33334A462628324D00612573 /* Colors.xcassets */,
				33334A8D262836ED00612573 /* Localization */,
			);
			path = Resources;
			sourceTree = "<group>";
		};
		33334A8D262836ED00612573 /* Localization */ = {
			isa = PBXGroup;
			children = (
				33334AA626283B8B00612573 /* Localizable.strings */,
			);
			path = Localization;
			sourceTree = "<group>";
		};
		70054510067212F6756B982F /* Pods */ = {
			isa = PBXGroup;
			children = (
				06F9224EB87767E50E587779 /* Pods-PhotoMap.debug.xcconfig */,
				2DC3375CB805A7B58B8F8668 /* Pods-PhotoMap.release.xcconfig */,
				5FA8E0B91D7410966BD356F8 /* Pods-PhotoMap-PhotoMapUITests.debug.xcconfig */,
				5E0206954F5E48E2DC1A64B2 /* Pods-PhotoMap-PhotoMapUITests.release.xcconfig */,
				2CACA3361E3ACF4AF6D4E2C3 /* Pods-PhotoMapTests.debug.xcconfig */,
				9E8F92D9089BE991E43E19B4 /* Pods-PhotoMapTests.release.xcconfig */,
			);
			path = Pods;
			sourceTree = "<group>";
		};
/* End PBXGroup section */

/* Begin PBXNativeTarget section */
		33334A392628324C00612573 /* PhotoMap */ = {
			isa = PBXNativeTarget;
			buildConfigurationList = 33334A642628324D00612573 /* Build configuration list for PBXNativeTarget "PhotoMap" */;
			buildPhases = (
				B3F2419C5471EC2BB433B9A1 /* [CP] Check Pods Manifest.lock */,
				33334A362628324C00612573 /* Sources */,
				33334A372628324C00612573 /* Frameworks */,
				33334A382628324C00612573 /* Resources */,
				4F4706C6D1067773C6FC785A /* [CP] Embed Pods Frameworks */,
			);
			buildRules = (
			);
			dependencies = (
			);
			name = PhotoMap;
			productName = PhotoMap;
			productReference = 33334A3A2628324C00612573 /* PhotoMap.app */;
			productType = "com.apple.product-type.application";
		};
		33334A4F2628324D00612573 /* PhotoMapTests */ = {
			isa = PBXNativeTarget;
			buildConfigurationList = 33334A672628324D00612573 /* Build configuration list for PBXNativeTarget "PhotoMapTests" */;
			buildPhases = (
				CDB03A36983C7C1B4B9AEFEA /* [CP] Check Pods Manifest.lock */,
				33334A4C2628324D00612573 /* Sources */,
				33334A4D2628324D00612573 /* Frameworks */,
				33334A4E2628324D00612573 /* Resources */,
			);
			buildRules = (
			);
			dependencies = (
				33334A522628324D00612573 /* PBXTargetDependency */,
			);
			name = PhotoMapTests;
			productName = PhotoMapTests;
			productReference = 33334A502628324D00612573 /* PhotoMapTests.xctest */;
			productType = "com.apple.product-type.bundle.unit-test";
		};
		33334A5A2628324D00612573 /* PhotoMapUITests */ = {
			isa = PBXNativeTarget;
			buildConfigurationList = 33334A6A2628324D00612573 /* Build configuration list for PBXNativeTarget "PhotoMapUITests" */;
			buildPhases = (
				D92A57A68A2FBC5B213C2A0F /* [CP] Check Pods Manifest.lock */,
				33334A572628324D00612573 /* Sources */,
				33334A582628324D00612573 /* Frameworks */,
				33334A592628324D00612573 /* Resources */,
				54955CD615BDE0A8791A2654 /* [CP] Embed Pods Frameworks */,
			);
			buildRules = (
			);
			dependencies = (
				33334A5D2628324D00612573 /* PBXTargetDependency */,
			);
			name = PhotoMapUITests;
			productName = PhotoMapUITests;
			productReference = 33334A5B2628324D00612573 /* PhotoMapUITests.xctest */;
			productType = "com.apple.product-type.bundle.ui-testing";
		};
/* End PBXNativeTarget section */

/* Begin PBXProject section */
		33334A322628324C00612573 /* Project object */ = {
			isa = PBXProject;
			attributes = {
				LastSwiftUpdateCheck = 1240;
				LastUpgradeCheck = 1240;
				TargetAttributes = {
					33334A392628324C00612573 = {
						CreatedOnToolsVersion = 12.4;
					};
					33334A4F2628324D00612573 = {
						CreatedOnToolsVersion = 12.4;
						TestTargetID = 33334A392628324C00612573;
					};
					33334A5A2628324D00612573 = {
						CreatedOnToolsVersion = 12.4;
						TestTargetID = 33334A392628324C00612573;
					};
				};
			};
			buildConfigurationList = 33334A352628324C00612573 /* Build configuration list for PBXProject "PhotoMap" */;
			compatibilityVersion = "Xcode 9.3";
			developmentRegion = en;
			hasScannedForEncodings = 0;
			knownRegions = (
				en,
				Base,
				ru,
			);
			mainGroup = 33334A312628324C00612573;
			productRefGroup = 33334A3B2628324C00612573 /* Products */;
			projectDirPath = "";
			projectRoot = "";
			targets = (
				33334A392628324C00612573 /* PhotoMap */,
				33334A4F2628324D00612573 /* PhotoMapTests */,
				33334A5A2628324D00612573 /* PhotoMapUITests */,
			);
		};
/* End PBXProject section */

/* Begin PBXResourcesBuildPhase section */
		33334A382628324C00612573 /* Resources */ = {
			isa = PBXResourcesBuildPhase;
			buildActionMask = 2147483647;
			files = (
				33334A4A2628324D00612573 /* LaunchScreen.storyboard in Resources */,
				33334AA426283B8B00612573 /* Localizable.strings in Resources */,
				33334AB926283CCE00612573 /* GoogleService-Info.plist in Resources */,
				33334A472628324D00612573 /* Colors.xcassets in Resources */,
				33334A452628324C00612573 /* Main.storyboard in Resources */,
			);
			runOnlyForDeploymentPostprocessing = 0;
		};
		33334A4E2628324D00612573 /* Resources */ = {
			isa = PBXResourcesBuildPhase;
			buildActionMask = 2147483647;
			files = (
				33334ABD26283CD200612573 /* GoogleService-Info.plist in Resources */,
			);
			runOnlyForDeploymentPostprocessing = 0;
		};
		33334A592628324D00612573 /* Resources */ = {
			isa = PBXResourcesBuildPhase;
			buildActionMask = 2147483647;
			files = (
				33334AC126283CD300612573 /* GoogleService-Info.plist in Resources */,
			);
			runOnlyForDeploymentPostprocessing = 0;
		};
/* End PBXResourcesBuildPhase section */

/* Begin PBXShellScriptBuildPhase section */
		4F4706C6D1067773C6FC785A /* [CP] Embed Pods Frameworks */ = {
			isa = PBXShellScriptBuildPhase;
			buildActionMask = 2147483647;
			files = (
			);
			inputFileListPaths = (
				"${PODS_ROOT}/Target Support Files/Pods-PhotoMap/Pods-PhotoMap-frameworks-${CONFIGURATION}-input-files.xcfilelist",
			);
			name = "[CP] Embed Pods Frameworks";
			outputFileListPaths = (
				"${PODS_ROOT}/Target Support Files/Pods-PhotoMap/Pods-PhotoMap-frameworks-${CONFIGURATION}-output-files.xcfilelist",
			);
			runOnlyForDeploymentPostprocessing = 0;
			shellPath = /bin/sh;
			shellScript = "\"${PODS_ROOT}/Target Support Files/Pods-PhotoMap/Pods-PhotoMap-frameworks.sh\"\n";
			showEnvVarsInLog = 0;
		};
		54955CD615BDE0A8791A2654 /* [CP] Embed Pods Frameworks */ = {
			isa = PBXShellScriptBuildPhase;
			buildActionMask = 2147483647;
			files = (
			);
			inputFileListPaths = (
				"${PODS_ROOT}/Target Support Files/Pods-PhotoMap-PhotoMapUITests/Pods-PhotoMap-PhotoMapUITests-frameworks-${CONFIGURATION}-input-files.xcfilelist",
			);
			name = "[CP] Embed Pods Frameworks";
			outputFileListPaths = (
				"${PODS_ROOT}/Target Support Files/Pods-PhotoMap-PhotoMapUITests/Pods-PhotoMap-PhotoMapUITests-frameworks-${CONFIGURATION}-output-files.xcfilelist",
			);
			runOnlyForDeploymentPostprocessing = 0;
			shellPath = /bin/sh;
			shellScript = "\"${PODS_ROOT}/Target Support Files/Pods-PhotoMap-PhotoMapUITests/Pods-PhotoMap-PhotoMapUITests-frameworks.sh\"\n";
			showEnvVarsInLog = 0;
		};
		B3F2419C5471EC2BB433B9A1 /* [CP] Check Pods Manifest.lock */ = {
			isa = PBXShellScriptBuildPhase;
			buildActionMask = 2147483647;
			files = (
			);
			inputFileListPaths = (
			);
			inputPaths = (
				"${PODS_PODFILE_DIR_PATH}/Podfile.lock",
				"${PODS_ROOT}/Manifest.lock",
			);
			name = "[CP] Check Pods Manifest.lock";
			outputFileListPaths = (
			);
			outputPaths = (
				"$(DERIVED_FILE_DIR)/Pods-PhotoMap-checkManifestLockResult.txt",
			);
			runOnlyForDeploymentPostprocessing = 0;
			shellPath = /bin/sh;
			shellScript = "diff \"${PODS_PODFILE_DIR_PATH}/Podfile.lock\" \"${PODS_ROOT}/Manifest.lock\" > /dev/null\nif [ $? != 0 ] ; then\n    # print error to STDERR\n    echo \"error: The sandbox is not in sync with the Podfile.lock. Run 'pod install' or update your CocoaPods installation.\" >&2\n    exit 1\nfi\n# This output is used by Xcode 'outputs' to avoid re-running this script phase.\necho \"SUCCESS\" > \"${SCRIPT_OUTPUT_FILE_0}\"\n";
			showEnvVarsInLog = 0;
		};
		CDB03A36983C7C1B4B9AEFEA /* [CP] Check Pods Manifest.lock */ = {
			isa = PBXShellScriptBuildPhase;
			buildActionMask = 2147483647;
			files = (
			);
			inputFileListPaths = (
			);
			inputPaths = (
				"${PODS_PODFILE_DIR_PATH}/Podfile.lock",
				"${PODS_ROOT}/Manifest.lock",
			);
			name = "[CP] Check Pods Manifest.lock";
			outputFileListPaths = (
			);
			outputPaths = (
				"$(DERIVED_FILE_DIR)/Pods-PhotoMapTests-checkManifestLockResult.txt",
			);
			runOnlyForDeploymentPostprocessing = 0;
			shellPath = /bin/sh;
			shellScript = "diff \"${PODS_PODFILE_DIR_PATH}/Podfile.lock\" \"${PODS_ROOT}/Manifest.lock\" > /dev/null\nif [ $? != 0 ] ; then\n    # print error to STDERR\n    echo \"error: The sandbox is not in sync with the Podfile.lock. Run 'pod install' or update your CocoaPods installation.\" >&2\n    exit 1\nfi\n# This output is used by Xcode 'outputs' to avoid re-running this script phase.\necho \"SUCCESS\" > \"${SCRIPT_OUTPUT_FILE_0}\"\n";
			showEnvVarsInLog = 0;
		};
		D92A57A68A2FBC5B213C2A0F /* [CP] Check Pods Manifest.lock */ = {
			isa = PBXShellScriptBuildPhase;
			buildActionMask = 2147483647;
			files = (
			);
			inputFileListPaths = (
			);
			inputPaths = (
				"${PODS_PODFILE_DIR_PATH}/Podfile.lock",
				"${PODS_ROOT}/Manifest.lock",
			);
			name = "[CP] Check Pods Manifest.lock";
			outputFileListPaths = (
			);
			outputPaths = (
				"$(DERIVED_FILE_DIR)/Pods-PhotoMap-PhotoMapUITests-checkManifestLockResult.txt",
			);
			runOnlyForDeploymentPostprocessing = 0;
			shellPath = /bin/sh;
			shellScript = "diff \"${PODS_PODFILE_DIR_PATH}/Podfile.lock\" \"${PODS_ROOT}/Manifest.lock\" > /dev/null\nif [ $? != 0 ] ; then\n    # print error to STDERR\n    echo \"error: The sandbox is not in sync with the Podfile.lock. Run 'pod install' or update your CocoaPods installation.\" >&2\n    exit 1\nfi\n# This output is used by Xcode 'outputs' to avoid re-running this script phase.\necho \"SUCCESS\" > \"${SCRIPT_OUTPUT_FILE_0}\"\n";
			showEnvVarsInLog = 0;
		};
/* End PBXShellScriptBuildPhase section */

/* Begin PBXSourcesBuildPhase section */
		33334A362628324C00612573 /* Sources */ = {
			isa = PBXSourcesBuildPhase;
			buildActionMask = 2147483647;
			files = (
				33334A422628324C00612573 /* ViewController.swift in Sources */,
				33334A3E2628324C00612573 /* AppDelegate.swift in Sources */,
				33334A402628324C00612573 /* SceneDelegate.swift in Sources */,
			);
			runOnlyForDeploymentPostprocessing = 0;
		};
		33334A4C2628324D00612573 /* Sources */ = {
			isa = PBXSourcesBuildPhase;
			buildActionMask = 2147483647;
			files = (
				33334A552628324D00612573 /* PhotoMapTests.swift in Sources */,
			);
			runOnlyForDeploymentPostprocessing = 0;
		};
		33334A572628324D00612573 /* Sources */ = {
			isa = PBXSourcesBuildPhase;
			buildActionMask = 2147483647;
			files = (
				33334A602628324D00612573 /* PhotoMapUITests.swift in Sources */,
			);
			runOnlyForDeploymentPostprocessing = 0;
		};
/* End PBXSourcesBuildPhase section */

/* Begin PBXTargetDependency section */
		33334A522628324D00612573 /* PBXTargetDependency */ = {
			isa = PBXTargetDependency;
			target = 33334A392628324C00612573 /* PhotoMap */;
			targetProxy = 33334A512628324D00612573 /* PBXContainerItemProxy */;
		};
		33334A5D2628324D00612573 /* PBXTargetDependency */ = {
			isa = PBXTargetDependency;
			target = 33334A392628324C00612573 /* PhotoMap */;
			targetProxy = 33334A5C2628324D00612573 /* PBXContainerItemProxy */;
		};
/* End PBXTargetDependency section */

/* Begin PBXVariantGroup section */
		33334A432628324C00612573 /* Main.storyboard */ = {
			isa = PBXVariantGroup;
			children = (
				33334A442628324C00612573 /* Base */,
				33334A91262839A700612573 /* ru */,
			);
			name = Main.storyboard;
			sourceTree = "<group>";
		};
		33334A482628324D00612573 /* LaunchScreen.storyboard */ = {
			isa = PBXVariantGroup;
			children = (
				33334A492628324D00612573 /* Base */,
				33334A95262839A800612573 /* ru */,
			);
			name = LaunchScreen.storyboard;
			sourceTree = "<group>";
		};
		33334AA626283B8B00612573 /* Localizable.strings */ = {
			isa = PBXVariantGroup;
			children = (
				33334AA526283B8B00612573 /* en */,
				33334AAB26283BC800612573 /* ru */,
			);
			name = Localizable.strings;
			sourceTree = "<group>";
		};
/* End PBXVariantGroup section */

/* Begin XCBuildConfiguration section */
		33334A622628324D00612573 /* Debug */ = {
			isa = XCBuildConfiguration;
			buildSettings = {
				ALWAYS_SEARCH_USER_PATHS = NO;
				CLANG_ANALYZER_LOCALIZABILITY_NONLOCALIZED = YES;
				CLANG_ANALYZER_NONNULL = YES;
				CLANG_ANALYZER_NUMBER_OBJECT_CONVERSION = YES_AGGRESSIVE;
				CLANG_CXX_LANGUAGE_STANDARD = "gnu++14";
				CLANG_CXX_LIBRARY = "libc++";
				CLANG_ENABLE_MODULES = YES;
				CLANG_ENABLE_OBJC_ARC = YES;
				CLANG_ENABLE_OBJC_WEAK = YES;
				CLANG_WARN_BLOCK_CAPTURE_AUTORELEASING = YES;
				CLANG_WARN_BOOL_CONVERSION = YES;
				CLANG_WARN_COMMA = YES;
				CLANG_WARN_CONSTANT_CONVERSION = YES;
				CLANG_WARN_DEPRECATED_OBJC_IMPLEMENTATIONS = YES;
				CLANG_WARN_DIRECT_OBJC_ISA_USAGE = YES_ERROR;
				CLANG_WARN_DOCUMENTATION_COMMENTS = YES;
				CLANG_WARN_EMPTY_BODY = YES;
				CLANG_WARN_ENUM_CONVERSION = YES;
				CLANG_WARN_INFINITE_RECURSION = YES;
				CLANG_WARN_INT_CONVERSION = YES;
				CLANG_WARN_NON_LITERAL_NULL_CONVERSION = YES;
				CLANG_WARN_OBJC_IMPLICIT_RETAIN_SELF = YES;
				CLANG_WARN_OBJC_LITERAL_CONVERSION = YES;
				CLANG_WARN_OBJC_ROOT_CLASS = YES_ERROR;
				CLANG_WARN_QUOTED_INCLUDE_IN_FRAMEWORK_HEADER = YES;
				CLANG_WARN_RANGE_LOOP_ANALYSIS = YES;
				CLANG_WARN_STRICT_PROTOTYPES = YES;
				CLANG_WARN_SUSPICIOUS_MOVE = YES;
				CLANG_WARN_UNGUARDED_AVAILABILITY = YES_AGGRESSIVE;
				CLANG_WARN_UNREACHABLE_CODE = YES;
				CLANG_WARN__DUPLICATE_METHOD_MATCH = YES;
				COPY_PHASE_STRIP = NO;
				DEBUG_INFORMATION_FORMAT = dwarf;
				ENABLE_STRICT_OBJC_MSGSEND = YES;
				ENABLE_TESTABILITY = YES;
				GCC_C_LANGUAGE_STANDARD = gnu11;
				GCC_DYNAMIC_NO_PIC = NO;
				GCC_NO_COMMON_BLOCKS = YES;
				GCC_OPTIMIZATION_LEVEL = 0;
				GCC_PREPROCESSOR_DEFINITIONS = (
					"DEBUG=1",
					"$(inherited)",
				);
				GCC_WARN_64_TO_32_BIT_CONVERSION = YES;
				GCC_WARN_ABOUT_RETURN_TYPE = YES_ERROR;
				GCC_WARN_UNDECLARED_SELECTOR = YES;
				GCC_WARN_UNINITIALIZED_AUTOS = YES_AGGRESSIVE;
				GCC_WARN_UNUSED_FUNCTION = YES;
				GCC_WARN_UNUSED_VARIABLE = YES;
				IPHONEOS_DEPLOYMENT_TARGET = 13.0;
				MTL_ENABLE_DEBUG_INFO = INCLUDE_SOURCE;
				MTL_FAST_MATH = YES;
				ONLY_ACTIVE_ARCH = YES;
				SDKROOT = iphoneos;
				SWIFT_ACTIVE_COMPILATION_CONDITIONS = DEBUG;
				SWIFT_OPTIMIZATION_LEVEL = "-Onone";
			};
			name = Debug;
		};
		33334A632628324D00612573 /* Release */ = {
			isa = XCBuildConfiguration;
			buildSettings = {
				ALWAYS_SEARCH_USER_PATHS = NO;
				CLANG_ANALYZER_LOCALIZABILITY_NONLOCALIZED = YES;
				CLANG_ANALYZER_NONNULL = YES;
				CLANG_ANALYZER_NUMBER_OBJECT_CONVERSION = YES_AGGRESSIVE;
				CLANG_CXX_LANGUAGE_STANDARD = "gnu++14";
				CLANG_CXX_LIBRARY = "libc++";
				CLANG_ENABLE_MODULES = YES;
				CLANG_ENABLE_OBJC_ARC = YES;
				CLANG_ENABLE_OBJC_WEAK = YES;
				CLANG_WARN_BLOCK_CAPTURE_AUTORELEASING = YES;
				CLANG_WARN_BOOL_CONVERSION = YES;
				CLANG_WARN_COMMA = YES;
				CLANG_WARN_CONSTANT_CONVERSION = YES;
				CLANG_WARN_DEPRECATED_OBJC_IMPLEMENTATIONS = YES;
				CLANG_WARN_DIRECT_OBJC_ISA_USAGE = YES_ERROR;
				CLANG_WARN_DOCUMENTATION_COMMENTS = YES;
				CLANG_WARN_EMPTY_BODY = YES;
				CLANG_WARN_ENUM_CONVERSION = YES;
				CLANG_WARN_INFINITE_RECURSION = YES;
				CLANG_WARN_INT_CONVERSION = YES;
				CLANG_WARN_NON_LITERAL_NULL_CONVERSION = YES;
				CLANG_WARN_OBJC_IMPLICIT_RETAIN_SELF = YES;
				CLANG_WARN_OBJC_LITERAL_CONVERSION = YES;
				CLANG_WARN_OBJC_ROOT_CLASS = YES_ERROR;
				CLANG_WARN_QUOTED_INCLUDE_IN_FRAMEWORK_HEADER = YES;
				CLANG_WARN_RANGE_LOOP_ANALYSIS = YES;
				CLANG_WARN_STRICT_PROTOTYPES = YES;
				CLANG_WARN_SUSPICIOUS_MOVE = YES;
				CLANG_WARN_UNGUARDED_AVAILABILITY = YES_AGGRESSIVE;
				CLANG_WARN_UNREACHABLE_CODE = YES;
				CLANG_WARN__DUPLICATE_METHOD_MATCH = YES;
				COPY_PHASE_STRIP = NO;
				DEBUG_INFORMATION_FORMAT = "dwarf-with-dsym";
				ENABLE_NS_ASSERTIONS = NO;
				ENABLE_STRICT_OBJC_MSGSEND = YES;
				GCC_C_LANGUAGE_STANDARD = gnu11;
				GCC_NO_COMMON_BLOCKS = YES;
				GCC_WARN_64_TO_32_BIT_CONVERSION = YES;
				GCC_WARN_ABOUT_RETURN_TYPE = YES_ERROR;
				GCC_WARN_UNDECLARED_SELECTOR = YES;
				GCC_WARN_UNINITIALIZED_AUTOS = YES_AGGRESSIVE;
				GCC_WARN_UNUSED_FUNCTION = YES;
				GCC_WARN_UNUSED_VARIABLE = YES;
				IPHONEOS_DEPLOYMENT_TARGET = 13.0;
				MTL_ENABLE_DEBUG_INFO = NO;
				MTL_FAST_MATH = YES;
				SDKROOT = iphoneos;
				SWIFT_COMPILATION_MODE = wholemodule;
				SWIFT_OPTIMIZATION_LEVEL = "-O";
				VALIDATE_PRODUCT = YES;
			};
			name = Release;
		};
		33334A652628324D00612573 /* Debug */ = {
			isa = XCBuildConfiguration;
			baseConfigurationReference = 06F9224EB87767E50E587779 /* Pods-PhotoMap.debug.xcconfig */;
			buildSettings = {
				ASSETCATALOG_COMPILER_APPICON_NAME = AppIcon;
				ASSETCATALOG_COMPILER_GLOBAL_ACCENT_COLOR_NAME = AccentColor;
				CODE_SIGN_STYLE = Automatic;
				INFOPLIST_FILE = PhotoMap/Info.plist;
				LD_RUNPATH_SEARCH_PATHS = (
					"$(inherited)",
					"@executable_path/Frameworks",
				);
				PRODUCT_BUNDLE_IDENTIFIER = "com.itechart-group.PhotoMap";
				PRODUCT_NAME = "$(TARGET_NAME)";
				SWIFT_VERSION = 5.0;
				TARGETED_DEVICE_FAMILY = "1,2";
			};
			name = Debug;
		};
		33334A662628324D00612573 /* Release */ = {
			isa = XCBuildConfiguration;
			baseConfigurationReference = 2DC3375CB805A7B58B8F8668 /* Pods-PhotoMap.release.xcconfig */;
			buildSettings = {
				ASSETCATALOG_COMPILER_APPICON_NAME = AppIcon;
				ASSETCATALOG_COMPILER_GLOBAL_ACCENT_COLOR_NAME = AccentColor;
				CODE_SIGN_STYLE = Automatic;
				INFOPLIST_FILE = PhotoMap/Info.plist;
				LD_RUNPATH_SEARCH_PATHS = (
					"$(inherited)",
					"@executable_path/Frameworks",
				);
				PRODUCT_BUNDLE_IDENTIFIER = "com.itechart-group.PhotoMap";
				PRODUCT_NAME = "$(TARGET_NAME)";
				SWIFT_VERSION = 5.0;
				TARGETED_DEVICE_FAMILY = "1,2";
			};
			name = Release;
		};
		33334A682628324D00612573 /* Debug */ = {
			isa = XCBuildConfiguration;
			baseConfigurationReference = 2CACA3361E3ACF4AF6D4E2C3 /* Pods-PhotoMapTests.debug.xcconfig */;
			buildSettings = {
				ALWAYS_EMBED_SWIFT_STANDARD_LIBRARIES = YES;
				BUNDLE_LOADER = "$(TEST_HOST)";
				CODE_SIGN_STYLE = Automatic;
				INFOPLIST_FILE = PhotoMapTests/Info.plist;
				IPHONEOS_DEPLOYMENT_TARGET = 14.4;
				LD_RUNPATH_SEARCH_PATHS = (
					"$(inherited)",
					"@executable_path/Frameworks",
					"@loader_path/Frameworks",
				);
				PRODUCT_BUNDLE_IDENTIFIER = "com.itechart-group.PhotoMapTests";
				PRODUCT_NAME = "$(TARGET_NAME)";
				SWIFT_VERSION = 5.0;
				TARGETED_DEVICE_FAMILY = "1,2";
				TEST_HOST = "$(BUILT_PRODUCTS_DIR)/PhotoMap.app/PhotoMap";
			};
			name = Debug;
		};
		33334A692628324D00612573 /* Release */ = {
			isa = XCBuildConfiguration;
			baseConfigurationReference = 9E8F92D9089BE991E43E19B4 /* Pods-PhotoMapTests.release.xcconfig */;
			buildSettings = {
				ALWAYS_EMBED_SWIFT_STANDARD_LIBRARIES = YES;
				BUNDLE_LOADER = "$(TEST_HOST)";
				CODE_SIGN_STYLE = Automatic;
				INFOPLIST_FILE = PhotoMapTests/Info.plist;
				IPHONEOS_DEPLOYMENT_TARGET = 14.4;
				LD_RUNPATH_SEARCH_PATHS = (
					"$(inherited)",
					"@executable_path/Frameworks",
					"@loader_path/Frameworks",
				);
				PRODUCT_BUNDLE_IDENTIFIER = "com.itechart-group.PhotoMapTests";
				PRODUCT_NAME = "$(TARGET_NAME)";
				SWIFT_VERSION = 5.0;
				TARGETED_DEVICE_FAMILY = "1,2";
				TEST_HOST = "$(BUILT_PRODUCTS_DIR)/PhotoMap.app/PhotoMap";
			};
			name = Release;
		};
		33334A6B2628324D00612573 /* Debug */ = {
			isa = XCBuildConfiguration;
			baseConfigurationReference = 5FA8E0B91D7410966BD356F8 /* Pods-PhotoMap-PhotoMapUITests.debug.xcconfig */;
			buildSettings = {
				ALWAYS_EMBED_SWIFT_STANDARD_LIBRARIES = YES;
				CODE_SIGN_STYLE = Automatic;
				INFOPLIST_FILE = PhotoMapUITests/Info.plist;
				LD_RUNPATH_SEARCH_PATHS = (
					"$(inherited)",
					"@executable_path/Frameworks",
					"@loader_path/Frameworks",
				);
				PRODUCT_BUNDLE_IDENTIFIER = "com.itechart-group.PhotoMapUITests";
				PRODUCT_NAME = "$(TARGET_NAME)";
				SWIFT_VERSION = 5.0;
				TARGETED_DEVICE_FAMILY = "1,2";
				TEST_TARGET_NAME = PhotoMap;
			};
			name = Debug;
		};
		33334A6C2628324D00612573 /* Release */ = {
			isa = XCBuildConfiguration;
			baseConfigurationReference = 5E0206954F5E48E2DC1A64B2 /* Pods-PhotoMap-PhotoMapUITests.release.xcconfig */;
			buildSettings = {
				ALWAYS_EMBED_SWIFT_STANDARD_LIBRARIES = YES;
				CODE_SIGN_STYLE = Automatic;
				INFOPLIST_FILE = PhotoMapUITests/Info.plist;
				LD_RUNPATH_SEARCH_PATHS = (
					"$(inherited)",
					"@executable_path/Frameworks",
					"@loader_path/Frameworks",
				);
				PRODUCT_BUNDLE_IDENTIFIER = "com.itechart-group.PhotoMapUITests";
				PRODUCT_NAME = "$(TARGET_NAME)";
				SWIFT_VERSION = 5.0;
				TARGETED_DEVICE_FAMILY = "1,2";
				TEST_TARGET_NAME = PhotoMap;
			};
			name = Release;
		};
/* End XCBuildConfiguration section */

/* Begin XCConfigurationList section */
		33334A352628324C00612573 /* Build configuration list for PBXProject "PhotoMap" */ = {
			isa = XCConfigurationList;
			buildConfigurations = (
				33334A622628324D00612573 /* Debug */,
				33334A632628324D00612573 /* Release */,
			);
			defaultConfigurationIsVisible = 0;
			defaultConfigurationName = Release;
		};
		33334A642628324D00612573 /* Build configuration list for PBXNativeTarget "PhotoMap" */ = {
			isa = XCConfigurationList;
			buildConfigurations = (
				33334A652628324D00612573 /* Debug */,
				33334A662628324D00612573 /* Release */,
			);
			defaultConfigurationIsVisible = 0;
			defaultConfigurationName = Release;
		};
		33334A672628324D00612573 /* Build configuration list for PBXNativeTarget "PhotoMapTests" */ = {
			isa = XCConfigurationList;
			buildConfigurations = (
				33334A682628324D00612573 /* Debug */,
				33334A692628324D00612573 /* Release */,
			);
			defaultConfigurationIsVisible = 0;
			defaultConfigurationName = Release;
		};
		33334A6A2628324D00612573 /* Build configuration list for PBXNativeTarget "PhotoMapUITests" */ = {
			isa = XCConfigurationList;
			buildConfigurations = (
				33334A6B2628324D00612573 /* Debug */,
				33334A6C2628324D00612573 /* Release */,
			);
			defaultConfigurationIsVisible = 0;
			defaultConfigurationName = Release;
		};
/* End XCConfigurationList section */
	};
	rootObject = 33334A322628324C00612573 /* Project object */;
}
