// !$*UTF8*$!
{
	archiveVersion = 1;
	classes = {
	};
	objectVersion = 51;
	objects = {

/* Begin PBXBuildFile section */
		01776AA32639679A0058EDA7 /* LocationService.swift in Sources */ = {isa = PBXBuildFile; fileRef = 01776AA22639679A0058EDA7 /* LocationService.swift */; };
		01776ABB263997890058EDA7 /* MapViewModelTests.swift in Sources */ = {isa = PBXBuildFile; fileRef = 01735842263851EF0035C3D5 /* MapViewModelTests.swift */; };
		01B351F7263BFAD70053338C /* GestureRecognizer+Combine.swift in Sources */ = {isa = PBXBuildFile; fileRef = 01B351F6263BFAD70053338C /* GestureRecognizer+Combine.swift */; };
		0B0AAAE9265E34FD007B52BA /* ActivityIndicator+Combine.swift in Sources */ = {isa = PBXBuildFile; fileRef = 0B0AAAE8265E34FD007B52BA /* ActivityIndicator+Combine.swift */; };
		0B1DC42E265E5F5F00BC7B6E /* Category.swift in Sources */ = {isa = PBXBuildFile; fileRef = 0B1DC42C265E5F5F00BC7B6E /* Category.swift */; };
		0B1DC42F265E5F5F00BC7B6E /* Marker.swift in Sources */ = {isa = PBXBuildFile; fileRef = 0B1DC42D265E5F5F00BC7B6E /* Marker.swift */; };
		0B1DC431265E5F7A00BC7B6E /* TimelineViewModelType.swift in Sources */ = {isa = PBXBuildFile; fileRef = 0B1DC430265E5F7A00BC7B6E /* TimelineViewModelType.swift */; };
		0B1DC433265E5F9B00BC7B6E /* MarkerCell.swift in Sources */ = {isa = PBXBuildFile; fileRef = 0B1DC432265E5F9B00BC7B6E /* MarkerCell.swift */; };
		0B1DC435265E5FC600BC7B6E /* UITableViewCell+Ex.swift in Sources */ = {isa = PBXBuildFile; fileRef = 0B1DC434265E5FC600BC7B6E /* UITableViewCell+Ex.swift */; };
		0B1DC437265E5FDD00BC7B6E /* UISearchBar+Ex.swift in Sources */ = {isa = PBXBuildFile; fileRef = 0B1DC436265E5FDD00BC7B6E /* UISearchBar+Ex.swift */; };
		0B1DC439265E5FF400BC7B6E /* IndexCollection+Ex.swift in Sources */ = {isa = PBXBuildFile; fileRef = 0B1DC438265E5FF400BC7B6E /* IndexCollection+Ex.swift */; };
		0B1DC43B265E610700BC7B6E /* Timeline.storyboard in Resources */ = {isa = PBXBuildFile; fileRef = 0B1DC43A265E610700BC7B6E /* Timeline.storyboard */; };
		0BE9FB9F265E1A3B00B6CC1F /* FirestoreError.swift in Sources */ = {isa = PBXBuildFile; fileRef = 0BE9FB9E265E1A3B00B6CC1F /* FirestoreError.swift */; };
		128B418C265E7DC500697551 /* Photo.swift in Sources */ = {isa = PBXBuildFile; fileRef = 128B418B265E7DC500697551 /* Photo.swift */; };
		12D96ADA2656A2CA0073847E /* StoryboardsTests.swift in Sources */ = {isa = PBXBuildFile; fileRef = 12D96AD92656A2CA0073847E /* StoryboardsTests.swift */; };
		23AE289E265529B500A6E69B /* LocationServiceMock.swift in Sources */ = {isa = PBXBuildFile; fileRef = 23AE289D265529B500A6E69B /* LocationServiceMock.swift */; };
		23AE2E6A264D54F200FE673F /* MapPhotoCoordinator.swift in Sources */ = {isa = PBXBuildFile; fileRef = 23AE2E69264D54F200FE673F /* MapPhotoCoordinator.swift */; };
		23AE2E6C264D552100FE673F /* MapPhotoViewController.swift in Sources */ = {isa = PBXBuildFile; fileRef = 23AE2E6B264D552100FE673F /* MapPhotoViewController.swift */; };
		23AE2E70264D557B00FE673F /* MapPhotoViewModelType.swift in Sources */ = {isa = PBXBuildFile; fileRef = 23AE2E6E264D557A00FE673F /* MapPhotoViewModelType.swift */; };
		23AE2E71264D557B00FE673F /* MapPhotoViewModel.swift in Sources */ = {isa = PBXBuildFile; fileRef = 23AE2E6F264D557A00FE673F /* MapPhotoViewModel.swift */; };
		23AE2E73264D558C00FE673F /* MapPhoto.storyboard in Resources */ = {isa = PBXBuildFile; fileRef = 23AE2E72264D558C00FE673F /* MapPhoto.storyboard */; };
		23AE2E79264D567C00FE673F /* Array+Ex.swift in Sources */ = {isa = PBXBuildFile; fileRef = 23AE2E78264D567C00FE673F /* Array+Ex.swift */; };
		23AE2E7E264D5D7200FE673F /* UIBarButtonItem+Ex.swift in Sources */ = {isa = PBXBuildFile; fileRef = 23AE2E7A264D5D7200FE673F /* UIBarButtonItem+Ex.swift */; };
		23AE2E7F264D5D7200FE673F /* NSObject+Ex.swift in Sources */ = {isa = PBXBuildFile; fileRef = 23AE2E7B264D5D7200FE673F /* NSObject+Ex.swift */; };
		23AE2E80264D5D7200FE673F /* UIView+Ex.swift in Sources */ = {isa = PBXBuildFile; fileRef = 23AE2E7C264D5D7200FE673F /* UIView+Ex.swift */; };
		23AE2E81264D5D7200FE673F /* UIColor+Ex.swift in Sources */ = {isa = PBXBuildFile; fileRef = 23AE2E7D264D5D7200FE673F /* UIColor+Ex.swift */; };
		23AE2E85264D5EF700FE673F /* CategoryView.swift in Sources */ = {isa = PBXBuildFile; fileRef = 23AE2E83264D5EF700FE673F /* CategoryView.swift */; };
		23AE2E86264D5EF700FE673F /* CategoryView.xib in Resources */ = {isa = PBXBuildFile; fileRef = 23AE2E84264D5EF700FE673F /* CategoryView.xib */; };
		23AE2E88264D63E300FE673F /* MapPhotoViewModelTests.swift in Sources */ = {isa = PBXBuildFile; fileRef = 23AE2E87264D63E300FE673F /* MapPhotoViewModelTests.swift */; };
		33334A3E2628324C00612573 /* AppDelegate.swift in Sources */ = {isa = PBXBuildFile; fileRef = 33334A3D2628324C00612573 /* AppDelegate.swift */; };
		33334A402628324C00612573 /* SceneDelegate.swift in Sources */ = {isa = PBXBuildFile; fileRef = 33334A3F2628324C00612573 /* SceneDelegate.swift */; };
		33334A472628324D00612573 /* Colors.xcassets in Resources */ = {isa = PBXBuildFile; fileRef = 33334A462628324D00612573 /* Colors.xcassets */; };
		33334A4A2628324D00612573 /* LaunchScreen.storyboard in Resources */ = {isa = PBXBuildFile; fileRef = 33334A482628324D00612573 /* LaunchScreen.storyboard */; };
		33334AA426283B8B00612573 /* Localizable.strings in Resources */ = {isa = PBXBuildFile; fileRef = 33334AA626283B8B00612573 /* Localizable.strings */; };
		33334AB926283CCE00612573 /* GoogleService-Info.plist in Resources */ = {isa = PBXBuildFile; fileRef = 33334AB826283CCE00612573 /* GoogleService-Info.plist */; };
		33334B0C26287C6900612573 /* Coordinator.swift in Sources */ = {isa = PBXBuildFile; fileRef = 33334B0B26287C6900612573 /* Coordinator.swift */; };
		33334B1626287CCC00612573 /* TabBarCoordinator.swift in Sources */ = {isa = PBXBuildFile; fileRef = 33334B1526287CCC00612573 /* TabBarCoordinator.swift */; };
		33334B1B26287D0000612573 /* GeneralErrorType.swift in Sources */ = {isa = PBXBuildFile; fileRef = 33334B1A26287D0000612573 /* GeneralErrorType.swift */; };
		33334B2326287DB600612573 /* AppCoordinator.swift in Sources */ = {isa = PBXBuildFile; fileRef = 33334B2226287DB600612573 /* AppCoordinator.swift */; };
		33334B2826287DF300612573 /* ResponseError.swift in Sources */ = {isa = PBXBuildFile; fileRef = 33334B2726287DF300612573 /* ResponseError.swift */; };
		33334B3026287E0300612573 /* AlertError.swift in Sources */ = {isa = PBXBuildFile; fileRef = 33334B2F26287E0300612573 /* AlertError.swift */; };
		33334B35262880F400612573 /* String+Ex.swift in Sources */ = {isa = PBXBuildFile; fileRef = 33334B34262880F400612573 /* String+Ex.swift */; };
		33334B3A2628812A00612573 /* Date+Ex.swift in Sources */ = {isa = PBXBuildFile; fileRef = 33334B392628812A00612573 /* Date+Ex.swift */; };
		33334B592628829D00612573 /* BaseViewController.swift in Sources */ = {isa = PBXBuildFile; fileRef = 33334B582628829D00612573 /* BaseViewController.swift */; };
		333B82DB263FFC7500AAD56F /* ErrorTextField.swift in Sources */ = {isa = PBXBuildFile; fileRef = 333B82DA263FFC7500AAD56F /* ErrorTextField.swift */; };
		333B82DF2640053800AAD56F /* InitialViewController.swift in Sources */ = {isa = PBXBuildFile; fileRef = 333B82DE2640053800AAD56F /* InitialViewController.swift */; };
		333B82E3264019B100AAD56F /* InitialCoordinator.swift in Sources */ = {isa = PBXBuildFile; fileRef = 333B82E2264019B100AAD56F /* InitialCoordinator.swift */; };
		333B82E7264019DB00AAD56F /* Initial.storyboard in Resources */ = {isa = PBXBuildFile; fileRef = 333B82E6264019DB00AAD56F /* Initial.storyboard */; };
		333B82EA26412E7900AAD56F /* InitialViewModel.swift in Sources */ = {isa = PBXBuildFile; fileRef = 333B82E926412E7900AAD56F /* InitialViewModel.swift */; };
		333B82EC264137C700AAD56F /* MapViewModelType.swift in Sources */ = {isa = PBXBuildFile; fileRef = 333B82EB264137C700AAD56F /* MapViewModelType.swift */; };
		333B82EE26417D5100AAD56F /* EmailValidationResult.swift in Sources */ = {isa = PBXBuildFile; fileRef = 333B82ED26417D5100AAD56F /* EmailValidationResult.swift */; };
		333B82F026417DAC00AAD56F /* PasswordValidationResult.swift in Sources */ = {isa = PBXBuildFile; fileRef = 333B82EF26417DAC00AAD56F /* PasswordValidationResult.swift */; };
		333B82F226417DDB00AAD56F /* UsernameValidationResult.swift in Sources */ = {isa = PBXBuildFile; fileRef = 333B82F126417DDB00AAD56F /* UsernameValidationResult.swift */; };
		333B82F8264198FB00AAD56F /* SignInViewModelTests.swift in Sources */ = {isa = PBXBuildFile; fileRef = 333B82F7264198FB00AAD56F /* SignInViewModelTests.swift */; };
		333B82FB264199BD00AAD56F /* CancelBag.swift in Sources */ = {isa = PBXBuildFile; fileRef = 33810EB926331B6800BFC67C /* CancelBag.swift */; };
		333B83022642D8E900AAD56F /* AuthUserServiceMock.swift in Sources */ = {isa = PBXBuildFile; fileRef = 333B83012642D8E900AAD56F /* AuthUserServiceMock.swift */; };
		333B83052642DED100AAD56F /* EmailValidatorTests.swift in Sources */ = {isa = PBXBuildFile; fileRef = 333B83042642DED100AAD56F /* EmailValidatorTests.swift */; };
		333B83072642DEE400AAD56F /* PasswordValidatorTests.swift in Sources */ = {isa = PBXBuildFile; fileRef = 333B83062642DEE400AAD56F /* PasswordValidatorTests.swift */; };
		333B83092642DF0000AAD56F /* UsernameValidatorTests.swift in Sources */ = {isa = PBXBuildFile; fileRef = 333B83082642DF0000AAD56F /* UsernameValidatorTests.swift */; };
		333B830F2643E89200AAD56F /* SignUpViewModelTests.swift in Sources */ = {isa = PBXBuildFile; fileRef = 333B830E2643E89200AAD56F /* SignUpViewModelTests.swift */; };
		333B83112643EBA000AAD56F /* InitialViewModelType.swift in Sources */ = {isa = PBXBuildFile; fileRef = 333B83102643EBA000AAD56F /* InitialViewModelType.swift */; };
		333B8315264957EA00AAD56F /* AuthCoordinatorMock.swift in Sources */ = {isa = PBXBuildFile; fileRef = 333B8314264957EA00AAD56F /* AuthCoordinatorMock.swift */; };
		333B83172649913B00AAD56F /* AppCoordinatorMock.swift in Sources */ = {isa = PBXBuildFile; fileRef = 333B83162649913B00AAD56F /* AppCoordinatorMock.swift */; };
		333B8319264BD47A00AAD56F /* AuthCoordinatorType.swift in Sources */ = {isa = PBXBuildFile; fileRef = 333B8318264BD47A00AAD56F /* AuthCoordinatorType.swift */; };
		333B831B264BD4F400AAD56F /* AppCoordinatorType.swift in Sources */ = {isa = PBXBuildFile; fileRef = 333B831A264BD4F400AAD56F /* AppCoordinatorType.swift */; };
		335881B5262DA2FE0057D25F /* MapViewController.swift in Sources */ = {isa = PBXBuildFile; fileRef = 335881B4262DA2FE0057D25F /* MapViewController.swift */; };
		335881C3262DA5990057D25F /* MoreCoordinator.swift in Sources */ = {isa = PBXBuildFile; fileRef = 335881C2262DA5990057D25F /* MoreCoordinator.swift */; };
		335881C8262DA6DB0057D25F /* TimelineViewController.swift in Sources */ = {isa = PBXBuildFile; fileRef = 335881C7262DA6DB0057D25F /* TimelineViewController.swift */; };
		335881D5262DA82A0057D25F /* MoreViewController.swift in Sources */ = {isa = PBXBuildFile; fileRef = 335881D4262DA82A0057D25F /* MoreViewController.swift */; };
		335882DB262DCFCE0057D25F /* SignInViewController.swift in Sources */ = {isa = PBXBuildFile; fileRef = 335882DA262DCFCE0057D25F /* SignInViewController.swift */; };
		335882E3262DCFDD0057D25F /* SignUpViewController.swift in Sources */ = {isa = PBXBuildFile; fileRef = 335882E2262DCFDD0057D25F /* SignUpViewController.swift */; };
		335882F2262DD0BF0057D25F /* CategoryViewController.swift in Sources */ = {isa = PBXBuildFile; fileRef = 335882F1262DD0BF0057D25F /* CategoryViewController.swift */; };
		335882F7262DD0D20057D25F /* CategoryViewModel.swift in Sources */ = {isa = PBXBuildFile; fileRef = 335882F6262DD0D20057D25F /* CategoryViewModel.swift */; };
		335882FC262DD0DF0057D25F /* MapViewModel.swift in Sources */ = {isa = PBXBuildFile; fileRef = 335882FB262DD0DF0057D25F /* MapViewModel.swift */; };
		33588301262DD12C0057D25F /* MoreViewModel.swift in Sources */ = {isa = PBXBuildFile; fileRef = 33588300262DD12C0057D25F /* MoreViewModel.swift */; };
		33588306262DD1420057D25F /* SignInViewModel.swift in Sources */ = {isa = PBXBuildFile; fileRef = 33588305262DD1420057D25F /* SignInViewModel.swift */; };
		3358830B262DD14D0057D25F /* SignUpViewModel.swift in Sources */ = {isa = PBXBuildFile; fileRef = 3358830A262DD14D0057D25F /* SignUpViewModel.swift */; };
		33588316262DD1720057D25F /* TimelineViewModel.swift in Sources */ = {isa = PBXBuildFile; fileRef = 33588315262DD1720057D25F /* TimelineViewModel.swift */; };
		3358831B262DD19E0057D25F /* DIContainer.swift in Sources */ = {isa = PBXBuildFile; fileRef = 3358831A262DD19E0057D25F /* DIContainer.swift */; };
		3374D0E6263B1AEE00A03E78 /* ATCTextField.swift in Sources */ = {isa = PBXBuildFile; fileRef = 3374D0E5263B1AEE00A03E78 /* ATCTextField.swift */; };
		3374D0EC263B1BFF00A03E78 /* UIControl+Ex.swift in Sources */ = {isa = PBXBuildFile; fileRef = 3374D0EB263B1BFF00A03E78 /* UIControl+Ex.swift */; };
		3374D0F0263B1C2500A03E78 /* UIButton+Ex.swift in Sources */ = {isa = PBXBuildFile; fileRef = 3374D0EF263B1C2500A03E78 /* UIButton+Ex.swift */; };
		337A7F09263707020071F6ED /* Authentication.storyboard in Resources */ = {isa = PBXBuildFile; fileRef = 337A7F08263707020071F6ED /* Authentication.storyboard */; };
		33810EBA26331B6900BFC67C /* CancelBag.swift in Sources */ = {isa = PBXBuildFile; fileRef = 33810EB926331B6800BFC67C /* CancelBag.swift */; };
		338364B2263018F0001EF61E /* ReachabilityService.swift in Sources */ = {isa = PBXBuildFile; fileRef = 338364B1263018F0001EF61E /* ReachabilityService.swift */; };
		338364BC26302FD5001EF61E /* CachedDateFormatter.swift in Sources */ = {isa = PBXBuildFile; fileRef = 338364BB26302FD5001EF61E /* CachedDateFormatter.swift */; };
		338365622630565F001EF61E /* Map.storyboard in Resources */ = {isa = PBXBuildFile; fileRef = 338365612630565F001EF61E /* Map.storyboard */; };
		338365662630566C001EF61E /* Category.storyboard in Resources */ = {isa = PBXBuildFile; fileRef = 338365652630566C001EF61E /* Category.storyboard */; };
		3383658C2630575C001EF61E /* More.storyboard in Resources */ = {isa = PBXBuildFile; fileRef = 3383658B2630575C001EF61E /* More.storyboard */; };
		3383662426307272001EF61E /* AuthListener.swift in Sources */ = {isa = PBXBuildFile; fileRef = 3383662326307272001EF61E /* AuthListener.swift */; };
		3384B79526394C9C006E05BD /* SignUpViewModelType.swift in Sources */ = {isa = PBXBuildFile; fileRef = 3384B79426394C9C006E05BD /* SignUpViewModelType.swift */; };
		3384B79B26394CAB006E05BD /* SignInViewModelType.swift in Sources */ = {isa = PBXBuildFile; fileRef = 3384B79A26394CAB006E05BD /* SignInViewModelType.swift */; };
		33877CAF2631598200A227F9 /* AuthUserService.swift in Sources */ = {isa = PBXBuildFile; fileRef = 33877CAE2631598200A227F9 /* AuthUserService.swift */; };
		33877CBF2631915C00A227F9 /* storyboards.swift in Sources */ = {isa = PBXBuildFile; fileRef = 33877CBE2631915C00A227F9 /* storyboards.swift */; };
		33877CC32631916200A227F9 /* assets-colors.swift in Sources */ = {isa = PBXBuildFile; fileRef = 33877CC22631916100A227F9 /* assets-colors.swift */; };
		33877CD3263199A500A227F9 /* strings.swift in Sources */ = {isa = PBXBuildFile; fileRef = 33877CD2263199A500A227F9 /* strings.swift */; };
		3387F0FD2637F10B005DCFA0 /* EmailValidator.swift in Sources */ = {isa = PBXBuildFile; fileRef = 3387F0FC2637F10B005DCFA0 /* EmailValidator.swift */; };
		3387F1012637F119005DCFA0 /* PasswordValidator.swift in Sources */ = {isa = PBXBuildFile; fileRef = 3387F1002637F119005DCFA0 /* PasswordValidator.swift */; };
		3387F1072637F16D005DCFA0 /* EmailValidationError.swift in Sources */ = {isa = PBXBuildFile; fileRef = 3387F1062637F16D005DCFA0 /* EmailValidationError.swift */; };
		3387F10D2637F182005DCFA0 /* PasswordValidationError.swift in Sources */ = {isa = PBXBuildFile; fileRef = 3387F10C2637F182005DCFA0 /* PasswordValidationError.swift */; };
		338BB5FD262D8C020001F530 /* AuthCoordinator.swift in Sources */ = {isa = PBXBuildFile; fileRef = 338BB5FC262D8C020001F530 /* AuthCoordinator.swift */; };
		338BB611262D8EAE0001F530 /* Reachability+Ex.swift in Sources */ = {isa = PBXBuildFile; fileRef = 338BB610262D8EAE0001F530 /* Reachability+Ex.swift */; };
		338BB616262D8FA10001F530 /* MapCoordinator.swift in Sources */ = {isa = PBXBuildFile; fileRef = 338BB615262D8FA10001F530 /* MapCoordinator.swift */; };
		338BB61B262D8FB20001F530 /* TimelineCoordinator.swift in Sources */ = {isa = PBXBuildFile; fileRef = 338BB61A262D8FB20001F530 /* TimelineCoordinator.swift */; };
		338F8E38262F234C00267889 /* UITextField+Ex.swift in Sources */ = {isa = PBXBuildFile; fileRef = 338F8E37262F234C00267889 /* UITextField+Ex.swift */; };
		33AC447C263C3B9E007B2444 /* UsernameValidator.swift in Sources */ = {isa = PBXBuildFile; fileRef = 33AC447B263C3B9E007B2444 /* UsernameValidator.swift */; };
		33AC447E263C3BDC007B2444 /* UsernameValidationError.swift in Sources */ = {isa = PBXBuildFile; fileRef = 33AC447D263C3BDC007B2444 /* UsernameValidationError.swift */; };
		6F453E80FF329570402BF2CA /* Pods_PhotoMapTests.framework in Frameworks */ = {isa = PBXBuildFile; fileRef = B3FDD52F022A4D4D06F0893B /* Pods_PhotoMapTests.framework */; };
		A8B6AC2E265BE7F1009AA6D2 /* FirestoreService.swift in Sources */ = {isa = PBXBuildFile; fileRef = A8B6AC2D265BE7F1009AA6D2 /* FirestoreService.swift */; };
		A8B6AC30265BE82A009AA6D2 /* FirestoreServiceType.swift in Sources */ = {isa = PBXBuildFile; fileRef = A8B6AC2F265BE82A009AA6D2 /* FirestoreServiceType.swift */; };
		CBCA82BC0F830018042CD509 /* Pods_PhotoMap.framework in Frameworks */ = {isa = PBXBuildFile; fileRef = AEFF3F31A97BB43F1931B0D5 /* Pods_PhotoMap.framework */; };
		CBE3230926493D240065F2CC /* DIContainerMock.swift in Sources */ = {isa = PBXBuildFile; fileRef = CBE3230826493D240065F2CC /* DIContainerMock.swift */; };
		CBE3230D26493EEE0065F2CC /* AuthListenerMock.swift in Sources */ = {isa = PBXBuildFile; fileRef = CBE3230C26493EEE0065F2CC /* AuthListenerMock.swift */; };
/* End PBXBuildFile section */

/* Begin PBXContainerItemProxy section */
		01776AB4263996FF0058EDA7 /* PBXContainerItemProxy */ = {
			isa = PBXContainerItemProxy;
			containerPortal = 33334A322628324C00612573 /* Project object */;
			proxyType = 1;
			remoteGlobalIDString = 33334A392628324C00612573;
			remoteInfo = PhotoMap;
		};
/* End PBXContainerItemProxy section */

/* Begin PBXFileReference section */
		01735842263851EF0035C3D5 /* MapViewModelTests.swift */ = {isa = PBXFileReference; lastKnownFileType = sourcecode.swift; path = MapViewModelTests.swift; sourceTree = "<group>"; };
		01776AA22639679A0058EDA7 /* LocationService.swift */ = {isa = PBXFileReference; lastKnownFileType = sourcecode.swift; path = LocationService.swift; sourceTree = "<group>"; };
		01776AAF263996FF0058EDA7 /* PhotoMapTests.xctest */ = {isa = PBXFileReference; explicitFileType = wrapper.cfbundle; includeInIndex = 0; path = PhotoMapTests.xctest; sourceTree = BUILT_PRODUCTS_DIR; };
		01776AB3263996FF0058EDA7 /* Info.plist */ = {isa = PBXFileReference; lastKnownFileType = text.plist.xml; path = Info.plist; sourceTree = "<group>"; };
		01B351F6263BFAD70053338C /* GestureRecognizer+Combine.swift */ = {isa = PBXFileReference; lastKnownFileType = sourcecode.swift; path = "GestureRecognizer+Combine.swift"; sourceTree = "<group>"; };
		073EBC235C1468AD4ADA7BFB /* Pods-PhotoMap.release.xcconfig */ = {isa = PBXFileReference; includeInIndex = 1; lastKnownFileType = text.xcconfig; name = "Pods-PhotoMap.release.xcconfig"; path = "Target Support Files/Pods-PhotoMap/Pods-PhotoMap.release.xcconfig"; sourceTree = "<group>"; };
		0B0AAAE8265E34FD007B52BA /* ActivityIndicator+Combine.swift */ = {isa = PBXFileReference; lastKnownFileType = sourcecode.swift; path = "ActivityIndicator+Combine.swift"; sourceTree = "<group>"; };
		0B1DC42C265E5F5F00BC7B6E /* Category.swift */ = {isa = PBXFileReference; fileEncoding = 4; lastKnownFileType = sourcecode.swift; path = Category.swift; sourceTree = "<group>"; };
		0B1DC42D265E5F5F00BC7B6E /* Marker.swift */ = {isa = PBXFileReference; fileEncoding = 4; lastKnownFileType = sourcecode.swift; path = Marker.swift; sourceTree = "<group>"; };
		0B1DC430265E5F7A00BC7B6E /* TimelineViewModelType.swift */ = {isa = PBXFileReference; fileEncoding = 4; lastKnownFileType = sourcecode.swift; path = TimelineViewModelType.swift; sourceTree = "<group>"; };
		0B1DC432265E5F9B00BC7B6E /* MarkerCell.swift */ = {isa = PBXFileReference; fileEncoding = 4; lastKnownFileType = sourcecode.swift; path = MarkerCell.swift; sourceTree = "<group>"; };
		0B1DC434265E5FC600BC7B6E /* UITableViewCell+Ex.swift */ = {isa = PBXFileReference; fileEncoding = 4; lastKnownFileType = sourcecode.swift; path = "UITableViewCell+Ex.swift"; sourceTree = "<group>"; };
		0B1DC436265E5FDD00BC7B6E /* UISearchBar+Ex.swift */ = {isa = PBXFileReference; fileEncoding = 4; lastKnownFileType = sourcecode.swift; path = "UISearchBar+Ex.swift"; sourceTree = "<group>"; };
		0B1DC438265E5FF400BC7B6E /* IndexCollection+Ex.swift */ = {isa = PBXFileReference; fileEncoding = 4; lastKnownFileType = sourcecode.swift; path = "IndexCollection+Ex.swift"; sourceTree = "<group>"; };
		0B1DC43A265E610700BC7B6E /* Timeline.storyboard */ = {isa = PBXFileReference; fileEncoding = 4; lastKnownFileType = file.storyboard; path = Timeline.storyboard; sourceTree = "<group>"; };
		0BC39C5C265BA8FF00B67967 /* Marker.swift */ = {isa = PBXFileReference; lastKnownFileType = sourcecode.swift; path = Marker.swift; sourceTree = "<group>"; };
		0BE9FB9E265E1A3B00B6CC1F /* FirestoreError.swift */ = {isa = PBXFileReference; lastKnownFileType = sourcecode.swift; path = FirestoreError.swift; sourceTree = "<group>"; };
		12818BA7265D3F8000308178 /* IndexCollection+Ex.swift */ = {isa = PBXFileReference; fileEncoding = 4; lastKnownFileType = sourcecode.swift; path = "IndexCollection+Ex.swift"; sourceTree = "<group>"; };
		128B418B265E7DC500697551 /* Photo.swift */ = {isa = PBXFileReference; lastKnownFileType = sourcecode.swift; path = Photo.swift; sourceTree = "<group>"; };
		12D96AD92656A2CA0073847E /* StoryboardsTests.swift */ = {isa = PBXFileReference; lastKnownFileType = sourcecode.swift; path = StoryboardsTests.swift; sourceTree = "<group>"; };
		23AE289D265529B500A6E69B /* LocationServiceMock.swift */ = {isa = PBXFileReference; lastKnownFileType = sourcecode.swift; path = LocationServiceMock.swift; sourceTree = "<group>"; };
		23AE2E69264D54F200FE673F /* MapPhotoCoordinator.swift */ = {isa = PBXFileReference; fileEncoding = 4; lastKnownFileType = sourcecode.swift; name = MapPhotoCoordinator.swift; path = MapPhoto/Coordinators/MapPhotoCoordinator.swift; sourceTree = "<group>"; };
		23AE2E6B264D552100FE673F /* MapPhotoViewController.swift */ = {isa = PBXFileReference; fileEncoding = 4; lastKnownFileType = sourcecode.swift; name = MapPhotoViewController.swift; path = MapPhoto/Controllers/MapPhotoViewController.swift; sourceTree = "<group>"; };
		23AE2E6E264D557A00FE673F /* MapPhotoViewModelType.swift */ = {isa = PBXFileReference; fileEncoding = 4; lastKnownFileType = sourcecode.swift; name = MapPhotoViewModelType.swift; path = MapPhoto/ViewModels/MapPhotoViewModelType.swift; sourceTree = "<group>"; };
		23AE2E6F264D557A00FE673F /* MapPhotoViewModel.swift */ = {isa = PBXFileReference; fileEncoding = 4; lastKnownFileType = sourcecode.swift; name = MapPhotoViewModel.swift; path = MapPhoto/ViewModels/MapPhotoViewModel.swift; sourceTree = "<group>"; };
		23AE2E72264D558C00FE673F /* MapPhoto.storyboard */ = {isa = PBXFileReference; fileEncoding = 4; lastKnownFileType = file.storyboard; name = MapPhoto.storyboard; path = MapPhoto/MapPhoto.storyboard; sourceTree = "<group>"; };
		23AE2E76264D563100FE673F /* Category.swift */ = {isa = PBXFileReference; fileEncoding = 4; lastKnownFileType = sourcecode.swift; name = Category.swift; path = Models/Category.swift; sourceTree = "<group>"; };
		23AE2E78264D567C00FE673F /* Array+Ex.swift */ = {isa = PBXFileReference; fileEncoding = 4; lastKnownFileType = sourcecode.swift; path = "Array+Ex.swift"; sourceTree = "<group>"; };
		23AE2E7A264D5D7200FE673F /* UIBarButtonItem+Ex.swift */ = {isa = PBXFileReference; fileEncoding = 4; lastKnownFileType = sourcecode.swift; path = "UIBarButtonItem+Ex.swift"; sourceTree = "<group>"; };
		23AE2E7B264D5D7200FE673F /* NSObject+Ex.swift */ = {isa = PBXFileReference; fileEncoding = 4; lastKnownFileType = sourcecode.swift; path = "NSObject+Ex.swift"; sourceTree = "<group>"; };
		23AE2E7C264D5D7200FE673F /* UIView+Ex.swift */ = {isa = PBXFileReference; fileEncoding = 4; lastKnownFileType = sourcecode.swift; path = "UIView+Ex.swift"; sourceTree = "<group>"; };
		23AE2E7D264D5D7200FE673F /* UIColor+Ex.swift */ = {isa = PBXFileReference; fileEncoding = 4; lastKnownFileType = sourcecode.swift; path = "UIColor+Ex.swift"; sourceTree = "<group>"; };
		23AE2E83264D5EF700FE673F /* CategoryView.swift */ = {isa = PBXFileReference; fileEncoding = 4; lastKnownFileType = sourcecode.swift; path = CategoryView.swift; sourceTree = "<group>"; };
		23AE2E84264D5EF700FE673F /* CategoryView.xib */ = {isa = PBXFileReference; fileEncoding = 4; lastKnownFileType = file.xib; path = CategoryView.xib; sourceTree = "<group>"; };
		23AE2E87264D63E300FE673F /* MapPhotoViewModelTests.swift */ = {isa = PBXFileReference; lastKnownFileType = sourcecode.swift; path = MapPhotoViewModelTests.swift; sourceTree = "<group>"; };
		33334A3A2628324C00612573 /* PhotoMap.app */ = {isa = PBXFileReference; explicitFileType = wrapper.application; includeInIndex = 0; path = PhotoMap.app; sourceTree = BUILT_PRODUCTS_DIR; };
		33334A3D2628324C00612573 /* AppDelegate.swift */ = {isa = PBXFileReference; lastKnownFileType = sourcecode.swift; path = AppDelegate.swift; sourceTree = "<group>"; };
		33334A3F2628324C00612573 /* SceneDelegate.swift */ = {isa = PBXFileReference; lastKnownFileType = sourcecode.swift; path = SceneDelegate.swift; sourceTree = "<group>"; };
		33334A462628324D00612573 /* Colors.xcassets */ = {isa = PBXFileReference; lastKnownFileType = folder.assetcatalog; path = Colors.xcassets; sourceTree = "<group>"; };
		33334A492628324D00612573 /* Base */ = {isa = PBXFileReference; lastKnownFileType = file.storyboard; name = Base; path = Base.lproj/LaunchScreen.storyboard; sourceTree = "<group>"; };
		33334A4B2628324D00612573 /* Info.plist */ = {isa = PBXFileReference; lastKnownFileType = text.plist.xml; path = Info.plist; sourceTree = "<group>"; };
		33334A95262839A800612573 /* ru */ = {isa = PBXFileReference; lastKnownFileType = text.plist.strings; name = ru; path = ru.lproj/LaunchScreen.strings; sourceTree = "<group>"; };
		33334AA526283B8B00612573 /* en */ = {isa = PBXFileReference; lastKnownFileType = text.plist.strings; name = en; path = en.lproj/Localizable.strings; sourceTree = "<group>"; };
		33334AAB26283BC800612573 /* ru */ = {isa = PBXFileReference; lastKnownFileType = text.plist.strings; name = ru; path = ru.lproj/Localizable.strings; sourceTree = "<group>"; };
		33334AB826283CCE00612573 /* GoogleService-Info.plist */ = {isa = PBXFileReference; fileEncoding = 4; lastKnownFileType = text.plist.xml; path = "GoogleService-Info.plist"; sourceTree = "<group>"; };
		33334B0B26287C6900612573 /* Coordinator.swift */ = {isa = PBXFileReference; lastKnownFileType = sourcecode.swift; name = Coordinator.swift; path = PhotoMap/Coordinator.swift; sourceTree = SOURCE_ROOT; };
		33334B1526287CCC00612573 /* TabBarCoordinator.swift */ = {isa = PBXFileReference; lastKnownFileType = sourcecode.swift; path = TabBarCoordinator.swift; sourceTree = "<group>"; };
		33334B1A26287D0000612573 /* GeneralErrorType.swift */ = {isa = PBXFileReference; lastKnownFileType = sourcecode.swift; path = GeneralErrorType.swift; sourceTree = "<group>"; };
		33334B2226287DB600612573 /* AppCoordinator.swift */ = {isa = PBXFileReference; lastKnownFileType = sourcecode.swift; path = AppCoordinator.swift; sourceTree = "<group>"; };
		33334B2726287DF300612573 /* ResponseError.swift */ = {isa = PBXFileReference; lastKnownFileType = sourcecode.swift; path = ResponseError.swift; sourceTree = "<group>"; };
		33334B2F26287E0300612573 /* AlertError.swift */ = {isa = PBXFileReference; lastKnownFileType = sourcecode.swift; path = AlertError.swift; sourceTree = "<group>"; };
		33334B34262880F400612573 /* String+Ex.swift */ = {isa = PBXFileReference; lastKnownFileType = sourcecode.swift; path = "String+Ex.swift"; sourceTree = "<group>"; };
		33334B392628812A00612573 /* Date+Ex.swift */ = {isa = PBXFileReference; lastKnownFileType = sourcecode.swift; path = "Date+Ex.swift"; sourceTree = "<group>"; };
		33334B582628829D00612573 /* BaseViewController.swift */ = {isa = PBXFileReference; lastKnownFileType = sourcecode.swift; path = BaseViewController.swift; sourceTree = "<group>"; };
		333B82DA263FFC7500AAD56F /* ErrorTextField.swift */ = {isa = PBXFileReference; lastKnownFileType = sourcecode.swift; path = ErrorTextField.swift; sourceTree = "<group>"; };
		333B82DE2640053800AAD56F /* InitialViewController.swift */ = {isa = PBXFileReference; lastKnownFileType = sourcecode.swift; path = InitialViewController.swift; sourceTree = "<group>"; };
		333B82E2264019B100AAD56F /* InitialCoordinator.swift */ = {isa = PBXFileReference; lastKnownFileType = sourcecode.swift; path = InitialCoordinator.swift; sourceTree = "<group>"; };
		333B82E6264019DB00AAD56F /* Initial.storyboard */ = {isa = PBXFileReference; lastKnownFileType = file.storyboard; path = Initial.storyboard; sourceTree = "<group>"; };
		333B82E926412E7900AAD56F /* InitialViewModel.swift */ = {isa = PBXFileReference; lastKnownFileType = sourcecode.swift; path = InitialViewModel.swift; sourceTree = "<group>"; };
		333B82EB264137C700AAD56F /* MapViewModelType.swift */ = {isa = PBXFileReference; lastKnownFileType = sourcecode.swift; path = MapViewModelType.swift; sourceTree = "<group>"; };
		333B82ED26417D5100AAD56F /* EmailValidationResult.swift */ = {isa = PBXFileReference; lastKnownFileType = sourcecode.swift; path = EmailValidationResult.swift; sourceTree = "<group>"; };
		333B82EF26417DAC00AAD56F /* PasswordValidationResult.swift */ = {isa = PBXFileReference; lastKnownFileType = sourcecode.swift; path = PasswordValidationResult.swift; sourceTree = "<group>"; };
		333B82F126417DDB00AAD56F /* UsernameValidationResult.swift */ = {isa = PBXFileReference; lastKnownFileType = sourcecode.swift; path = UsernameValidationResult.swift; sourceTree = "<group>"; };
		333B82F7264198FB00AAD56F /* SignInViewModelTests.swift */ = {isa = PBXFileReference; lastKnownFileType = sourcecode.swift; path = SignInViewModelTests.swift; sourceTree = "<group>"; };
		333B83012642D8E900AAD56F /* AuthUserServiceMock.swift */ = {isa = PBXFileReference; lastKnownFileType = sourcecode.swift; path = AuthUserServiceMock.swift; sourceTree = "<group>"; };
		333B83042642DED100AAD56F /* EmailValidatorTests.swift */ = {isa = PBXFileReference; lastKnownFileType = sourcecode.swift; path = EmailValidatorTests.swift; sourceTree = "<group>"; };
		333B83062642DEE400AAD56F /* PasswordValidatorTests.swift */ = {isa = PBXFileReference; lastKnownFileType = sourcecode.swift; path = PasswordValidatorTests.swift; sourceTree = "<group>"; };
		333B83082642DF0000AAD56F /* UsernameValidatorTests.swift */ = {isa = PBXFileReference; lastKnownFileType = sourcecode.swift; path = UsernameValidatorTests.swift; sourceTree = "<group>"; };
		333B830E2643E89200AAD56F /* SignUpViewModelTests.swift */ = {isa = PBXFileReference; lastKnownFileType = sourcecode.swift; path = SignUpViewModelTests.swift; sourceTree = "<group>"; };
		333B83102643EBA000AAD56F /* InitialViewModelType.swift */ = {isa = PBXFileReference; lastKnownFileType = sourcecode.swift; path = InitialViewModelType.swift; sourceTree = "<group>"; };
		333B8314264957EA00AAD56F /* AuthCoordinatorMock.swift */ = {isa = PBXFileReference; lastKnownFileType = sourcecode.swift; path = AuthCoordinatorMock.swift; sourceTree = "<group>"; };
		333B83162649913B00AAD56F /* AppCoordinatorMock.swift */ = {isa = PBXFileReference; lastKnownFileType = sourcecode.swift; path = AppCoordinatorMock.swift; sourceTree = "<group>"; };
		333B8318264BD47A00AAD56F /* AuthCoordinatorType.swift */ = {isa = PBXFileReference; lastKnownFileType = sourcecode.swift; path = AuthCoordinatorType.swift; sourceTree = "<group>"; };
		333B831A264BD4F400AAD56F /* AppCoordinatorType.swift */ = {isa = PBXFileReference; lastKnownFileType = sourcecode.swift; path = AppCoordinatorType.swift; sourceTree = "<group>"; };
		335881B4262DA2FE0057D25F /* MapViewController.swift */ = {isa = PBXFileReference; lastKnownFileType = sourcecode.swift; path = MapViewController.swift; sourceTree = "<group>"; };
		335881C2262DA5990057D25F /* MoreCoordinator.swift */ = {isa = PBXFileReference; lastKnownFileType = sourcecode.swift; path = MoreCoordinator.swift; sourceTree = "<group>"; };
		335881C7262DA6DB0057D25F /* TimelineViewController.swift */ = {isa = PBXFileReference; lastKnownFileType = sourcecode.swift; path = TimelineViewController.swift; sourceTree = "<group>"; };
		335881D4262DA82A0057D25F /* MoreViewController.swift */ = {isa = PBXFileReference; lastKnownFileType = sourcecode.swift; path = MoreViewController.swift; sourceTree = "<group>"; };
		335882DA262DCFCE0057D25F /* SignInViewController.swift */ = {isa = PBXFileReference; lastKnownFileType = sourcecode.swift; path = SignInViewController.swift; sourceTree = "<group>"; };
		335882E2262DCFDD0057D25F /* SignUpViewController.swift */ = {isa = PBXFileReference; lastKnownFileType = sourcecode.swift; path = SignUpViewController.swift; sourceTree = "<group>"; };
		335882F1262DD0BF0057D25F /* CategoryViewController.swift */ = {isa = PBXFileReference; lastKnownFileType = sourcecode.swift; path = CategoryViewController.swift; sourceTree = "<group>"; };
		335882F6262DD0D20057D25F /* CategoryViewModel.swift */ = {isa = PBXFileReference; lastKnownFileType = sourcecode.swift; path = CategoryViewModel.swift; sourceTree = "<group>"; };
		335882FB262DD0DF0057D25F /* MapViewModel.swift */ = {isa = PBXFileReference; lastKnownFileType = sourcecode.swift; path = MapViewModel.swift; sourceTree = "<group>"; };
		33588300262DD12C0057D25F /* MoreViewModel.swift */ = {isa = PBXFileReference; lastKnownFileType = sourcecode.swift; path = MoreViewModel.swift; sourceTree = "<group>"; };
		33588305262DD1420057D25F /* SignInViewModel.swift */ = {isa = PBXFileReference; lastKnownFileType = sourcecode.swift; path = SignInViewModel.swift; sourceTree = "<group>"; };
		3358830A262DD14D0057D25F /* SignUpViewModel.swift */ = {isa = PBXFileReference; lastKnownFileType = sourcecode.swift; path = SignUpViewModel.swift; sourceTree = "<group>"; };
		33588315262DD1720057D25F /* TimelineViewModel.swift */ = {isa = PBXFileReference; lastKnownFileType = sourcecode.swift; path = TimelineViewModel.swift; sourceTree = "<group>"; };
		3358831A262DD19E0057D25F /* DIContainer.swift */ = {isa = PBXFileReference; lastKnownFileType = sourcecode.swift; path = DIContainer.swift; sourceTree = "<group>"; };
		3374D0E5263B1AEE00A03E78 /* ATCTextField.swift */ = {isa = PBXFileReference; lastKnownFileType = sourcecode.swift; path = ATCTextField.swift; sourceTree = "<group>"; };
		3374D0EB263B1BFF00A03E78 /* UIControl+Ex.swift */ = {isa = PBXFileReference; lastKnownFileType = sourcecode.swift; path = "UIControl+Ex.swift"; sourceTree = "<group>"; };
		3374D0EF263B1C2500A03E78 /* UIButton+Ex.swift */ = {isa = PBXFileReference; lastKnownFileType = sourcecode.swift; path = "UIButton+Ex.swift"; sourceTree = "<group>"; };
		337A7F08263707020071F6ED /* Authentication.storyboard */ = {isa = PBXFileReference; lastKnownFileType = file.storyboard; path = Authentication.storyboard; sourceTree = "<group>"; };
		33810EB926331B6800BFC67C /* CancelBag.swift */ = {isa = PBXFileReference; lastKnownFileType = sourcecode.swift; path = CancelBag.swift; sourceTree = "<group>"; };
		338364B1263018F0001EF61E /* ReachabilityService.swift */ = {isa = PBXFileReference; lastKnownFileType = sourcecode.swift; path = ReachabilityService.swift; sourceTree = "<group>"; };
		338364BB26302FD5001EF61E /* CachedDateFormatter.swift */ = {isa = PBXFileReference; lastKnownFileType = sourcecode.swift; path = CachedDateFormatter.swift; sourceTree = "<group>"; };
		338365612630565F001EF61E /* Map.storyboard */ = {isa = PBXFileReference; lastKnownFileType = file.storyboard; path = Map.storyboard; sourceTree = "<group>"; };
		338365652630566C001EF61E /* Category.storyboard */ = {isa = PBXFileReference; lastKnownFileType = file.storyboard; path = Category.storyboard; sourceTree = "<group>"; };
		3383658B2630575C001EF61E /* More.storyboard */ = {isa = PBXFileReference; lastKnownFileType = file.storyboard; path = More.storyboard; sourceTree = "<group>"; };
		3383662326307272001EF61E /* AuthListener.swift */ = {isa = PBXFileReference; lastKnownFileType = sourcecode.swift; path = AuthListener.swift; sourceTree = "<group>"; };
		3384B79426394C9C006E05BD /* SignUpViewModelType.swift */ = {isa = PBXFileReference; lastKnownFileType = sourcecode.swift; path = SignUpViewModelType.swift; sourceTree = "<group>"; };
		3384B79A26394CAB006E05BD /* SignInViewModelType.swift */ = {isa = PBXFileReference; lastKnownFileType = sourcecode.swift; path = SignInViewModelType.swift; sourceTree = "<group>"; };
		33877C8F2631543900A227F9 /* Authentication.storyboard */ = {isa = PBXFileReference; lastKnownFileType = file.storyboard; path = Authentication.storyboard; sourceTree = "<group>"; };
		33877CAE2631598200A227F9 /* AuthUserService.swift */ = {isa = PBXFileReference; lastKnownFileType = sourcecode.swift; path = AuthUserService.swift; sourceTree = "<group>"; };
		33877CBE2631915C00A227F9 /* storyboards.swift */ = {isa = PBXFileReference; fileEncoding = 4; lastKnownFileType = sourcecode.swift; path = storyboards.swift; sourceTree = SOURCE_ROOT; };
		33877CC22631916100A227F9 /* assets-colors.swift */ = {isa = PBXFileReference; fileEncoding = 4; lastKnownFileType = sourcecode.swift; path = "assets-colors.swift"; sourceTree = SOURCE_ROOT; };
		33877CD2263199A500A227F9 /* strings.swift */ = {isa = PBXFileReference; fileEncoding = 4; lastKnownFileType = sourcecode.swift; path = strings.swift; sourceTree = SOURCE_ROOT; };
		3387F0FC2637F10B005DCFA0 /* EmailValidator.swift */ = {isa = PBXFileReference; lastKnownFileType = sourcecode.swift; path = EmailValidator.swift; sourceTree = "<group>"; };
		3387F1002637F119005DCFA0 /* PasswordValidator.swift */ = {isa = PBXFileReference; lastKnownFileType = sourcecode.swift; path = PasswordValidator.swift; sourceTree = "<group>"; };
		3387F1062637F16D005DCFA0 /* EmailValidationError.swift */ = {isa = PBXFileReference; lastKnownFileType = sourcecode.swift; path = EmailValidationError.swift; sourceTree = "<group>"; };
		3387F10C2637F182005DCFA0 /* PasswordValidationError.swift */ = {isa = PBXFileReference; lastKnownFileType = sourcecode.swift; path = PasswordValidationError.swift; sourceTree = "<group>"; };
		338BB5FC262D8C020001F530 /* AuthCoordinator.swift */ = {isa = PBXFileReference; lastKnownFileType = sourcecode.swift; path = AuthCoordinator.swift; sourceTree = "<group>"; };
		338BB610262D8EAE0001F530 /* Reachability+Ex.swift */ = {isa = PBXFileReference; lastKnownFileType = sourcecode.swift; path = "Reachability+Ex.swift"; sourceTree = "<group>"; };
		338BB615262D8FA10001F530 /* MapCoordinator.swift */ = {isa = PBXFileReference; lastKnownFileType = sourcecode.swift; path = MapCoordinator.swift; sourceTree = "<group>"; };
		338BB61A262D8FB20001F530 /* TimelineCoordinator.swift */ = {isa = PBXFileReference; lastKnownFileType = sourcecode.swift; path = TimelineCoordinator.swift; sourceTree = "<group>"; };
		338F8E29262F1A3200267889 /* AuthService.swift */ = {isa = PBXFileReference; lastKnownFileType = sourcecode.swift; path = AuthService.swift; sourceTree = "<group>"; };
		338F8E2D262F1A6500267889 /* CancelBag.swift */ = {isa = PBXFileReference; lastKnownFileType = sourcecode.swift; path = CancelBag.swift; sourceTree = "<group>"; };
		338F8E31262F1C9300267889 /* AuthServiceType.swift */ = {isa = PBXFileReference; lastKnownFileType = sourcecode.swift; path = AuthServiceType.swift; sourceTree = "<group>"; };
		338F8E37262F234C00267889 /* UITextField+Ex.swift */ = {isa = PBXFileReference; lastKnownFileType = sourcecode.swift; path = "UITextField+Ex.swift"; sourceTree = "<group>"; };
		33AC447B263C3B9E007B2444 /* UsernameValidator.swift */ = {isa = PBXFileReference; lastKnownFileType = sourcecode.swift; path = UsernameValidator.swift; sourceTree = "<group>"; };
		33AC447D263C3BDC007B2444 /* UsernameValidationError.swift */ = {isa = PBXFileReference; lastKnownFileType = sourcecode.swift; path = UsernameValidationError.swift; sourceTree = "<group>"; };
		39A12EAD33B979F503BEAC32 /* Pods-PhotoMap.debug.xcconfig */ = {isa = PBXFileReference; includeInIndex = 1; lastKnownFileType = text.xcconfig; name = "Pods-PhotoMap.debug.xcconfig"; path = "Target Support Files/Pods-PhotoMap/Pods-PhotoMap.debug.xcconfig"; sourceTree = "<group>"; };
		7BF840C2936D950C3B22C34B /* Pods-PhotoMapTests.debug.xcconfig */ = {isa = PBXFileReference; includeInIndex = 1; lastKnownFileType = text.xcconfig; name = "Pods-PhotoMapTests.debug.xcconfig"; path = "Target Support Files/Pods-PhotoMapTests/Pods-PhotoMapTests.debug.xcconfig"; sourceTree = "<group>"; };
		A1D51F33FEE42E03AEE0CBD9 /* Pods-PhotoMapTests.release.xcconfig */ = {isa = PBXFileReference; includeInIndex = 1; lastKnownFileType = text.xcconfig; name = "Pods-PhotoMapTests.release.xcconfig"; path = "Target Support Files/Pods-PhotoMapTests/Pods-PhotoMapTests.release.xcconfig"; sourceTree = "<group>"; };
		A8B6AC2D265BE7F1009AA6D2 /* FirestoreService.swift */ = {isa = PBXFileReference; lastKnownFileType = sourcecode.swift; path = FirestoreService.swift; sourceTree = "<group>"; };
		A8B6AC2F265BE82A009AA6D2 /* FirestoreServiceType.swift */ = {isa = PBXFileReference; lastKnownFileType = sourcecode.swift; path = FirestoreServiceType.swift; sourceTree = "<group>"; };
		AEFF3F31A97BB43F1931B0D5 /* Pods_PhotoMap.framework */ = {isa = PBXFileReference; explicitFileType = wrapper.framework; includeInIndex = 0; path = Pods_PhotoMap.framework; sourceTree = BUILT_PRODUCTS_DIR; };
		B3FDD52F022A4D4D06F0893B /* Pods_PhotoMapTests.framework */ = {isa = PBXFileReference; explicitFileType = wrapper.framework; includeInIndex = 0; path = Pods_PhotoMapTests.framework; sourceTree = BUILT_PRODUCTS_DIR; };
		CBE3230826493D240065F2CC /* DIContainerMock.swift */ = {isa = PBXFileReference; lastKnownFileType = sourcecode.swift; path = DIContainerMock.swift; sourceTree = "<group>"; };
		CBE3230C26493EEE0065F2CC /* AuthListenerMock.swift */ = {isa = PBXFileReference; lastKnownFileType = sourcecode.swift; path = AuthListenerMock.swift; sourceTree = "<group>"; };
/* End PBXFileReference section */

/* Begin PBXFrameworksBuildPhase section */
		01776AAC263996FF0058EDA7 /* Frameworks */ = {
			isa = PBXFrameworksBuildPhase;
			buildActionMask = 2147483647;
			files = (
				6F453E80FF329570402BF2CA /* Pods_PhotoMapTests.framework in Frameworks */,
			);
			runOnlyForDeploymentPostprocessing = 0;
		};
		33334A372628324C00612573 /* Frameworks */ = {
			isa = PBXFrameworksBuildPhase;
			buildActionMask = 2147483647;
			files = (
				CBCA82BC0F830018042CD509 /* Pods_PhotoMap.framework in Frameworks */,
			);
			runOnlyForDeploymentPostprocessing = 0;
		};
/* End PBXFrameworksBuildPhase section */

/* Begin PBXGroup section */
		01776AB0263996FF0058EDA7 /* PhotoMapTests */ = {
			isa = PBXGroup;
			children = (
				12D96AD826569E1C0073847E /* Storyboards */,
				333B83032642DEBA00AAD56F /* Utility */,
				333B83002642D8D100AAD56F /* Mocks */,
				01776AC2263998440058EDA7 /* ViewModels */,
				01776AB3263996FF0058EDA7 /* Info.plist */,
			);
			path = PhotoMapTests;
			sourceTree = "<group>";
		};
		01776AC2263998440058EDA7 /* ViewModels */ = {
			isa = PBXGroup;
			children = (
				23AE2E87264D63E300FE673F /* MapPhotoViewModelTests.swift */,
				01735842263851EF0035C3D5 /* MapViewModelTests.swift */,
				333B82F7264198FB00AAD56F /* SignInViewModelTests.swift */,
				333B830E2643E89200AAD56F /* SignUpViewModelTests.swift */,
			);
			path = ViewModels;
			sourceTree = "<group>";
		};
		0B1DC42B265E5F5F00BC7B6E /* Models */ = {
			isa = PBXGroup;
			children = (
				0B1DC42C265E5F5F00BC7B6E /* Category.swift */,
				0B1DC42D265E5F5F00BC7B6E /* Marker.swift */,
				128B418B265E7DC500697551 /* Photo.swift */,
			);
			path = Models;
			sourceTree = "<group>";
		};
		12D96AD826569E1C0073847E /* Storyboards */ = {
			isa = PBXGroup;
			children = (
				12D96AD92656A2CA0073847E /* StoryboardsTests.swift */,
			);
			path = Storyboards;
			sourceTree = "<group>";
		};
		23AE289B265510F700A6E69B /* Services */ = {
			isa = PBXGroup;
			children = (
				333B83012642D8E900AAD56F /* AuthUserServiceMock.swift */,
				CBE3230C26493EEE0065F2CC /* AuthListenerMock.swift */,
				23AE289D265529B500A6E69B /* LocationServiceMock.swift */,
			);
			path = Services;
			sourceTree = "<group>";
		};
		23AE289C2655112200A6E69B /* Coordinators */ = {
			isa = PBXGroup;
			children = (
				333B8314264957EA00AAD56F /* AuthCoordinatorMock.swift */,
				333B83162649913B00AAD56F /* AppCoordinatorMock.swift */,
			);
			path = Coordinators;
			sourceTree = "<group>";
		};
		23AE2E65264D546E00FE673F /* PhotoMap */ = {
			isa = PBXGroup;
			children = (
				23AE2E72264D558C00FE673F /* MapPhoto.storyboard */,
				23AE2E6D264D554A00FE673F /* ViewModels */,
				23AE2E68264D54AD00FE673F /* Coordinators */,
				23AE2E67264D549A00FE673F /* Controllers */,
			);
			name = PhotoMap;
			sourceTree = "<group>";
		};
		23AE2E67264D549A00FE673F /* Controllers */ = {
			isa = PBXGroup;
			children = (
				23AE2E6B264D552100FE673F /* MapPhotoViewController.swift */,
			);
			name = Controllers;
			sourceTree = "<group>";
		};
		23AE2E68264D54AD00FE673F /* Coordinators */ = {
			isa = PBXGroup;
			children = (
				23AE2E69264D54F200FE673F /* MapPhotoCoordinator.swift */,
			);
			name = Coordinators;
			sourceTree = "<group>";
		};
		23AE2E6D264D554A00FE673F /* ViewModels */ = {
			isa = PBXGroup;
			children = (
				23AE2E6F264D557A00FE673F /* MapPhotoViewModel.swift */,
				23AE2E6E264D557A00FE673F /* MapPhotoViewModelType.swift */,
			);
			name = ViewModels;
			sourceTree = "<group>";
		};
		33334A312628324C00612573 = {
			isa = PBXGroup;
			children = (
				33334A3C2628324C00612573 /* PhotoMap */,
				01776AB0263996FF0058EDA7 /* PhotoMapTests */,
				33334A3B2628324C00612573 /* Products */,
				70054510067212F6756B982F /* Pods */,
				F317D6E2F14D6601FEEDEFAF /* Frameworks */,
				337A7EC5263704D90071F6ED /* Recovered References */,
			);
			sourceTree = "<group>";
		};
		33334A3B2628324C00612573 /* Products */ = {
			isa = PBXGroup;
			children = (
				33334A3A2628324C00612573 /* PhotoMap.app */,
				01776AAF263996FF0058EDA7 /* PhotoMapTests.xctest */,
			);
			name = Products;
			sourceTree = "<group>";
		};
		33334A3C2628324C00612573 /* PhotoMap */ = {
			isa = PBXGroup;
			children = (
				33334A4B2628324D00612573 /* Info.plist */,
				338BB5E4262D84C80001F530 /* App */,
				33334AFB262879B000612573 /* Core */,
				338BB5E5262D84F70001F530 /* Extensions */,
				33334AFC262879BF00612573 /* Features */,
				33334A8C262836B300612573 /* Resources */,
				338364B0263018D0001EF61E /* Service */,
				338BB5E8262D856E0001F530 /* Utils */,
			);
			path = PhotoMap;
			sourceTree = "<group>";
		};
		33334A8C262836B300612573 /* Resources */ = {
			isa = PBXGroup;
			children = (
				3383661E26306A41001EF61E /* Generated */,
				33836596263057F3001EF61E /* Colors */,
				33334A8D262836ED00612573 /* Localization */,
			);
			path = Resources;
			sourceTree = "<group>";
		};
		33334A8D262836ED00612573 /* Localization */ = {
			isa = PBXGroup;
			children = (
				33334AA626283B8B00612573 /* Localizable.strings */,
			);
			path = Localization;
			sourceTree = "<group>";
		};
		33334AFB262879B000612573 /* Core */ = {
			isa = PBXGroup;
			children = (
				3374D0E4263B1ACC00A03E78 /* Views */,
				338BB5E7262D854B0001F530 /* DI */,
				338BB5E6262D85450001F530 /* Base */,
			);
			path = Core;
			sourceTree = "<group>";
		};
		33334AFC262879BF00612573 /* Features */ = {
			isa = PBXGroup;
			children = (
				23AE2E65264D546E00FE673F /* PhotoMap */,
				333B82DC264004F500AAD56F /* Initial */,
				33334B0A26287C3000612573 /* More */,
				33334B0926287C1800612573 /* Auth */,
				33334B0826287C0E00612573 /* Timeline */,
				33334B0726287C0400612573 /* Category */,
				33334B0626287BF500612573 /* Map */,
			);
			path = Features;
			sourceTree = "<group>";
		};
		33334B0026287A2200612573 /* Controllers */ = {
			isa = PBXGroup;
			children = (
				33334B582628829D00612573 /* BaseViewController.swift */,
			);
			path = Controllers;
			sourceTree = "<group>";
		};
		33334B0126287A3400612573 /* Coordinators */ = {
			isa = PBXGroup;
			children = (
				33334B2226287DB600612573 /* AppCoordinator.swift */,
				33334B0B26287C6900612573 /* Coordinator.swift */,
				33334B1526287CCC00612573 /* TabBarCoordinator.swift */,
				333B831A264BD4F400AAD56F /* AppCoordinatorType.swift */,
			);
			path = Coordinators;
			sourceTree = "<group>";
		};
		33334B0426287A7D00612573 /* Errors */ = {
			isa = PBXGroup;
			children = (
				33334B1A26287D0000612573 /* GeneralErrorType.swift */,
				33334B2726287DF300612573 /* ResponseError.swift */,
				33334B2F26287E0300612573 /* AlertError.swift */,
				3387F1062637F16D005DCFA0 /* EmailValidationError.swift */,
				3387F10C2637F182005DCFA0 /* PasswordValidationError.swift */,
				33AC447D263C3BDC007B2444 /* UsernameValidationError.swift */,
				0BE9FB9E265E1A3B00B6CC1F /* FirestoreError.swift */,
			);
			path = Errors;
			sourceTree = "<group>";
		};
		33334B0626287BF500612573 /* Map */ = {
			isa = PBXGroup;
			children = (
				338BB609262D8D610001F530 /* Controllers */,
				338BB60A262D8D690001F530 /* Coordinators */,
				338BB60C262D8D770001F530 /* ViewModels */,
				338365612630565F001EF61E /* Map.storyboard */,
			);
			path = Map;
			sourceTree = "<group>";
		};
		33334B0726287C0400612573 /* Category */ = {
			isa = PBXGroup;
			children = (
				338BB606262D8D320001F530 /* Controllers */,
				338BB608262D8D4A0001F530 /* ViewModels */,
				338365652630566C001EF61E /* Category.storyboard */,
			);
			path = Category;
			sourceTree = "<group>";
		};
		33334B0826287C0E00612573 /* Timeline */ = {
			isa = PBXGroup;
			children = (
				0B1DC43A265E610700BC7B6E /* Timeline.storyboard */,
				338BB602262D8CEF0001F530 /* Controllers */,
				338BB601262D8CE60001F530 /* Coordinators */,
				338BB604262D8D010001F530 /* ViewModels */,
			);
			path = Timeline;
			sourceTree = "<group>";
		};
		33334B0926287C1800612573 /* Auth */ = {
			isa = PBXGroup;
			children = (
				338BB5F9262D8BDE0001F530 /* Controllers */,
				338BB5F8262D8BAF0001F530 /* Coordinators */,
				338BB5FB262D8BEF0001F530 /* ViewModels */,
				337A7F08263707020071F6ED /* Authentication.storyboard */,
			);
			path = Auth;
			sourceTree = "<group>";
		};
		33334B0A26287C3000612573 /* More */ = {
			isa = PBXGroup;
			children = (
				335881BE262DA5530057D25F /* Controllers */,
				335881BF262DA5640057D25F /* Coordinators */,
				335881C1262DA5740057D25F /* ViewModels */,
				3383658B2630575C001EF61E /* More.storyboard */,
			);
			path = More;
			sourceTree = "<group>";
		};
		333B82DC264004F500AAD56F /* Initial */ = {
			isa = PBXGroup;
			children = (
				333B82E826412E6300AAD56F /* ViewModels */,
				333B82E02640053D00AAD56F /* Coordinators */,
				333B82DD2640052000AAD56F /* Controllers */,
				333B82E6264019DB00AAD56F /* Initial.storyboard */,
			);
			path = Initial;
			sourceTree = "<group>";
		};
		333B82DD2640052000AAD56F /* Controllers */ = {
			isa = PBXGroup;
			children = (
				333B82DE2640053800AAD56F /* InitialViewController.swift */,
			);
			path = Controllers;
			sourceTree = "<group>";
		};
		333B82E02640053D00AAD56F /* Coordinators */ = {
			isa = PBXGroup;
			children = (
				333B82E2264019B100AAD56F /* InitialCoordinator.swift */,
			);
			path = Coordinators;
			sourceTree = "<group>";
		};
		333B82E826412E6300AAD56F /* ViewModels */ = {
			isa = PBXGroup;
			children = (
				333B82E926412E7900AAD56F /* InitialViewModel.swift */,
				333B83102643EBA000AAD56F /* InitialViewModelType.swift */,
			);
			path = ViewModels;
			sourceTree = "<group>";
		};
		333B83002642D8D100AAD56F /* Mocks */ = {
			isa = PBXGroup;
			children = (
				23AE289C2655112200A6E69B /* Coordinators */,
				23AE289B265510F700A6E69B /* Services */,
				CBE3230826493D240065F2CC /* DIContainerMock.swift */,
			);
			path = Mocks;
			sourceTree = "<group>";
		};
		333B83032642DEBA00AAD56F /* Utility */ = {
			isa = PBXGroup;
			children = (
				333B830A2642DF0800AAD56F /* Validation */,
			);
			path = Utility;
			sourceTree = "<group>";
		};
		333B830A2642DF0800AAD56F /* Validation */ = {
			isa = PBXGroup;
			children = (
				333B83082642DF0000AAD56F /* UsernameValidatorTests.swift */,
				333B83062642DEE400AAD56F /* PasswordValidatorTests.swift */,
				333B83042642DED100AAD56F /* EmailValidatorTests.swift */,
			);
			path = Validation;
			sourceTree = "<group>";
		};
		335881BE262DA5530057D25F /* Controllers */ = {
			isa = PBXGroup;
			children = (
				335881D4262DA82A0057D25F /* MoreViewController.swift */,
			);
			path = Controllers;
			sourceTree = "<group>";
		};
		335881BF262DA5640057D25F /* Coordinators */ = {
			isa = PBXGroup;
			children = (
				335881C2262DA5990057D25F /* MoreCoordinator.swift */,
			);
			path = Coordinators;
			sourceTree = "<group>";
		};
		335881C1262DA5740057D25F /* ViewModels */ = {
			isa = PBXGroup;
			children = (
				33588300262DD12C0057D25F /* MoreViewModel.swift */,
			);
			path = ViewModels;
			sourceTree = "<group>";
		};
		3374D0E4263B1ACC00A03E78 /* Views */ = {
			isa = PBXGroup;
			children = (
				23AE2E83264D5EF700FE673F /* CategoryView.swift */,
				23AE2E84264D5EF700FE673F /* CategoryView.xib */,
				3374D0E5263B1AEE00A03E78 /* ATCTextField.swift */,
				333B82DA263FFC7500AAD56F /* ErrorTextField.swift */,
			);
			path = Views;
			sourceTree = "<group>";
		};
		337A7EC5263704D90071F6ED /* Recovered References */ = {
			isa = PBXGroup;
			children = (
				338F8E2D262F1A6500267889 /* CancelBag.swift */,
				338F8E29262F1A3200267889 /* AuthService.swift */,
				338F8E31262F1C9300267889 /* AuthServiceType.swift */,
				33877C8F2631543900A227F9 /* Authentication.storyboard */,
				23AE2E76264D563100FE673F /* Category.swift */,
				0BC39C5C265BA8FF00B67967 /* Marker.swift */,
			);
			name = "Recovered References";
			sourceTree = "<group>";
		};
		338364B0263018D0001EF61E /* Service */ = {
			isa = PBXGroup;
			children = (
				A8B6AC2C265BE7E7009AA6D2 /* FirestoreService */,
				338364B1263018F0001EF61E /* ReachabilityService.swift */,
				3383662326307272001EF61E /* AuthListener.swift */,
				33877CAE2631598200A227F9 /* AuthUserService.swift */,
				01776AA22639679A0058EDA7 /* LocationService.swift */,
			);
			path = Service;
			sourceTree = "<group>";
		};
		33836596263057F3001EF61E /* Colors */ = {
			isa = PBXGroup;
			children = (
				33334A462628324D00612573 /* Colors.xcassets */,
			);
			path = Colors;
			sourceTree = "<group>";
		};
		3383661E26306A41001EF61E /* Generated */ = {
			isa = PBXGroup;
			children = (
				33877CD2263199A500A227F9 /* strings.swift */,
				33877CC22631916100A227F9 /* assets-colors.swift */,
				33877CBE2631915C00A227F9 /* storyboards.swift */,
			);
			path = Generated;
			sourceTree = "<group>";
		};
		3384B79226394C6F006E05BD /* SignInViewModel */ = {
			isa = PBXGroup;
			children = (
				33588305262DD1420057D25F /* SignInViewModel.swift */,
				3384B79A26394CAB006E05BD /* SignInViewModelType.swift */,
			);
			path = SignInViewModel;
			sourceTree = "<group>";
		};
		3384B79326394C80006E05BD /* SignUpViewModel */ = {
			isa = PBXGroup;
			children = (
				3358830A262DD14D0057D25F /* SignUpViewModel.swift */,
				3384B79426394C9C006E05BD /* SignUpViewModelType.swift */,
			);
			path = SignUpViewModel;
			sourceTree = "<group>";
		};
		3387F0FB2637F0F8005DCFA0 /* Validation */ = {
			isa = PBXGroup;
			children = (
				33AC447A263C3B85007B2444 /* UsernameValidation */,
				3387F1052637F144005DCFA0 /* PasswordValidation */,
				3387F1042637F139005DCFA0 /* EmailVallidation */,
			);
			path = Validation;
			sourceTree = "<group>";
		};
		3387F1042637F139005DCFA0 /* EmailVallidation */ = {
			isa = PBXGroup;
			children = (
				3387F0FC2637F10B005DCFA0 /* EmailValidator.swift */,
				333B82ED26417D5100AAD56F /* EmailValidationResult.swift */,
			);
			path = EmailVallidation;
			sourceTree = "<group>";
		};
		3387F1052637F144005DCFA0 /* PasswordValidation */ = {
			isa = PBXGroup;
			children = (
				3387F1002637F119005DCFA0 /* PasswordValidator.swift */,
				333B82EF26417DAC00AAD56F /* PasswordValidationResult.swift */,
			);
			path = PasswordValidation;
			sourceTree = "<group>";
		};
		338BB5E4262D84C80001F530 /* App */ = {
			isa = PBXGroup;
			children = (
				33334A3D2628324C00612573 /* AppDelegate.swift */,
				33334A3F2628324C00612573 /* SceneDelegate.swift */,
				33334A482628324D00612573 /* LaunchScreen.storyboard */,
			);
			path = App;
			sourceTree = "<group>";
		};
		338BB5E5262D84F70001F530 /* Extensions */ = {
			isa = PBXGroup;
			children = (
				0B1DC436265E5FDD00BC7B6E /* UISearchBar+Ex.swift */,
				0B1DC434265E5FC600BC7B6E /* UITableViewCell+Ex.swift */,
				12818BA7265D3F8000308178 /* IndexCollection+Ex.swift */,
				23AE2E7B264D5D7200FE673F /* NSObject+Ex.swift */,
				23AE2E7A264D5D7200FE673F /* UIBarButtonItem+Ex.swift */,
				23AE2E7D264D5D7200FE673F /* UIColor+Ex.swift */,
				0B1DC438265E5FF400BC7B6E /* IndexCollection+Ex.swift */,
				23AE2E7C264D5D7200FE673F /* UIView+Ex.swift */,
				23AE2E78264D567C00FE673F /* Array+Ex.swift */,
				33334B392628812A00612573 /* Date+Ex.swift */,
				33334B34262880F400612573 /* String+Ex.swift */,
				338BB610262D8EAE0001F530 /* Reachability+Ex.swift */,
				338F8E37262F234C00267889 /* UITextField+Ex.swift */,
				3374D0EB263B1BFF00A03E78 /* UIControl+Ex.swift */,
				3374D0EF263B1C2500A03E78 /* UIButton+Ex.swift */,
				01B351F6263BFAD70053338C /* GestureRecognizer+Combine.swift */,
				0B0AAAE8265E34FD007B52BA /* ActivityIndicator+Combine.swift */,
			);
			path = Extensions;
			sourceTree = "<group>";
		};
		338BB5E6262D85450001F530 /* Base */ = {
			isa = PBXGroup;
			children = (
				0B1DC42B265E5F5F00BC7B6E /* Models */,
				3387F0FB2637F0F8005DCFA0 /* Validation */,
				33334B0026287A2200612573 /* Controllers */,
				33334B0126287A3400612573 /* Coordinators */,
				33334B0426287A7D00612573 /* Errors */,
			);
			path = Base;
			sourceTree = "<group>";
		};
		338BB5E7262D854B0001F530 /* DI */ = {
			isa = PBXGroup;
			children = (
				3358831A262DD19E0057D25F /* DIContainer.swift */,
			);
			path = DI;
			sourceTree = "<group>";
		};
		338BB5E8262D856E0001F530 /* Utils */ = {
			isa = PBXGroup;
			children = (
				33334AB826283CCE00612573 /* GoogleService-Info.plist */,
				338364BB26302FD5001EF61E /* CachedDateFormatter.swift */,
				33810EB926331B6800BFC67C /* CancelBag.swift */,
			);
			path = Utils;
			sourceTree = "<group>";
		};
		338BB5F8262D8BAF0001F530 /* Coordinators */ = {
			isa = PBXGroup;
			children = (
				338BB5FC262D8C020001F530 /* AuthCoordinator.swift */,
				333B8318264BD47A00AAD56F /* AuthCoordinatorType.swift */,
			);
			path = Coordinators;
			sourceTree = "<group>";
		};
		338BB5F9262D8BDE0001F530 /* Controllers */ = {
			isa = PBXGroup;
			children = (
				335882DA262DCFCE0057D25F /* SignInViewController.swift */,
				335882E2262DCFDD0057D25F /* SignUpViewController.swift */,
			);
			path = Controllers;
			sourceTree = "<group>";
		};
		338BB5FB262D8BEF0001F530 /* ViewModels */ = {
			isa = PBXGroup;
			children = (
				3384B79326394C80006E05BD /* SignUpViewModel */,
				3384B79226394C6F006E05BD /* SignInViewModel */,
			);
			path = ViewModels;
			sourceTree = "<group>";
		};
		338BB601262D8CE60001F530 /* Coordinators */ = {
			isa = PBXGroup;
			children = (
				338BB61A262D8FB20001F530 /* TimelineCoordinator.swift */,
			);
			path = Coordinators;
			sourceTree = "<group>";
		};
		338BB602262D8CEF0001F530 /* Controllers */ = {
			isa = PBXGroup;
			children = (
				0B1DC432265E5F9B00BC7B6E /* MarkerCell.swift */,
				335881C7262DA6DB0057D25F /* TimelineViewController.swift */,
			);
			path = Controllers;
			sourceTree = "<group>";
		};
		338BB604262D8D010001F530 /* ViewModels */ = {
			isa = PBXGroup;
			children = (
				0B1DC430265E5F7A00BC7B6E /* TimelineViewModelType.swift */,
				33588315262DD1720057D25F /* TimelineViewModel.swift */,
			);
			path = ViewModels;
			sourceTree = "<group>";
		};
		338BB606262D8D320001F530 /* Controllers */ = {
			isa = PBXGroup;
			children = (
				335882F1262DD0BF0057D25F /* CategoryViewController.swift */,
			);
			path = Controllers;
			sourceTree = "<group>";
		};
		338BB608262D8D4A0001F530 /* ViewModels */ = {
			isa = PBXGroup;
			children = (
				335882F6262DD0D20057D25F /* CategoryViewModel.swift */,
			);
			path = ViewModels;
			sourceTree = "<group>";
		};
		338BB609262D8D610001F530 /* Controllers */ = {
			isa = PBXGroup;
			children = (
				335881B4262DA2FE0057D25F /* MapViewController.swift */,
			);
			path = Controllers;
			sourceTree = "<group>";
		};
		338BB60A262D8D690001F530 /* Coordinators */ = {
			isa = PBXGroup;
			children = (
				338BB615262D8FA10001F530 /* MapCoordinator.swift */,
			);
			path = Coordinators;
			sourceTree = "<group>";
		};
		338BB60C262D8D770001F530 /* ViewModels */ = {
			isa = PBXGroup;
			children = (
				335882FB262DD0DF0057D25F /* MapViewModel.swift */,
				333B82EB264137C700AAD56F /* MapViewModelType.swift */,
			);
			path = ViewModels;
			sourceTree = "<group>";
		};
		33AC447A263C3B85007B2444 /* UsernameValidation */ = {
			isa = PBXGroup;
			children = (
				33AC447B263C3B9E007B2444 /* UsernameValidator.swift */,
				333B82F126417DDB00AAD56F /* UsernameValidationResult.swift */,
			);
			path = UsernameValidation;
			sourceTree = "<group>";
		};
		70054510067212F6756B982F /* Pods */ = {
			isa = PBXGroup;
			children = (
				39A12EAD33B979F503BEAC32 /* Pods-PhotoMap.debug.xcconfig */,
				073EBC235C1468AD4ADA7BFB /* Pods-PhotoMap.release.xcconfig */,
				7BF840C2936D950C3B22C34B /* Pods-PhotoMapTests.debug.xcconfig */,
				A1D51F33FEE42E03AEE0CBD9 /* Pods-PhotoMapTests.release.xcconfig */,
			);
			path = Pods;
			sourceTree = "<group>";
		};
		A8B6AC2C265BE7E7009AA6D2 /* FirestoreService */ = {
			isa = PBXGroup;
			children = (
				A8B6AC2D265BE7F1009AA6D2 /* FirestoreService.swift */,
				A8B6AC2F265BE82A009AA6D2 /* FirestoreServiceType.swift */,
			);
			path = FirestoreService;
			sourceTree = "<group>";
		};
		F317D6E2F14D6601FEEDEFAF /* Frameworks */ = {
			isa = PBXGroup;
			children = (
				AEFF3F31A97BB43F1931B0D5 /* Pods_PhotoMap.framework */,
				B3FDD52F022A4D4D06F0893B /* Pods_PhotoMapTests.framework */,
			);
			name = Frameworks;
			sourceTree = "<group>";
		};
/* End PBXGroup section */

/* Begin PBXNativeTarget section */
		01776AAE263996FF0058EDA7 /* PhotoMapTests */ = {
			isa = PBXNativeTarget;
			buildConfigurationList = 01776AB6263996FF0058EDA7 /* Build configuration list for PBXNativeTarget "PhotoMapTests" */;
			buildPhases = (
				C8E9A5DD651D248B9D09FFD3 /* [CP] Check Pods Manifest.lock */,
				01776AAB263996FF0058EDA7 /* Sources */,
				01776AAC263996FF0058EDA7 /* Frameworks */,
				01776AAD263996FF0058EDA7 /* Resources */,
			);
			buildRules = (
			);
			dependencies = (
				01776AB5263996FF0058EDA7 /* PBXTargetDependency */,
			);
			name = PhotoMapTests;
			productName = PhotoMapTests;
			productReference = 01776AAF263996FF0058EDA7 /* PhotoMapTests.xctest */;
			productType = "com.apple.product-type.bundle.unit-test";
		};
		33334A392628324C00612573 /* PhotoMap */ = {
			isa = PBXNativeTarget;
			buildConfigurationList = 33334A642628324D00612573 /* Build configuration list for PBXNativeTarget "PhotoMap" */;
			buildPhases = (
				A6DBA13A7C1A00F4E6F39386 /* [CP] Check Pods Manifest.lock */,
				3358829C262DB7BD0057D25F /* ShellScript */,
				338364C5263041C3001EF61E /* SwiftGen */,
				33334A362628324C00612573 /* Sources */,
				33334A372628324C00612573 /* Frameworks */,
				33334A382628324C00612573 /* Resources */,
				601849C3B1D06D66C44D437D /* [CP] Embed Pods Frameworks */,
			);
			buildRules = (
			);
			dependencies = (
			);
			name = PhotoMap;
			productName = PhotoMap;
			productReference = 33334A3A2628324C00612573 /* PhotoMap.app */;
			productType = "com.apple.product-type.application";
		};
/* End PBXNativeTarget section */

/* Begin PBXProject section */
		33334A322628324C00612573 /* Project object */ = {
			isa = PBXProject;
			attributes = {
				LastSwiftUpdateCheck = 1240;
				LastUpgradeCheck = 1240;
				TargetAttributes = {
					01776AAE263996FF0058EDA7 = {
						CreatedOnToolsVersion = 12.4;
						TestTargetID = 33334A392628324C00612573;
					};
					33334A392628324C00612573 = {
						CreatedOnToolsVersion = 12.4;
					};
				};
			};
			buildConfigurationList = 33334A352628324C00612573 /* Build configuration list for PBXProject "PhotoMap" */;
			compatibilityVersion = "Xcode 9.3";
			developmentRegion = en;
			hasScannedForEncodings = 0;
			knownRegions = (
				en,
				Base,
				ru,
			);
			mainGroup = 33334A312628324C00612573;
			productRefGroup = 33334A3B2628324C00612573 /* Products */;
			projectDirPath = "";
			projectRoot = "";
			targets = (
				33334A392628324C00612573 /* PhotoMap */,
				01776AAE263996FF0058EDA7 /* PhotoMapTests */,
			);
		};
/* End PBXProject section */

/* Begin PBXResourcesBuildPhase section */
		01776AAD263996FF0058EDA7 /* Resources */ = {
			isa = PBXResourcesBuildPhase;
			buildActionMask = 2147483647;
			files = (
			);
			runOnlyForDeploymentPostprocessing = 0;
		};
		33334A382628324C00612573 /* Resources */ = {
			isa = PBXResourcesBuildPhase;
			buildActionMask = 2147483647;
			files = (
				333B82E7264019DB00AAD56F /* Initial.storyboard in Resources */,
				0B1DC43B265E610700BC7B6E /* Timeline.storyboard in Resources */,
				23AE2E86264D5EF700FE673F /* CategoryView.xib in Resources */,
				338365662630566C001EF61E /* Category.storyboard in Resources */,
				3383658C2630575C001EF61E /* More.storyboard in Resources */,
				33334A4A2628324D00612573 /* LaunchScreen.storyboard in Resources */,
				23AE2E73264D558C00FE673F /* MapPhoto.storyboard in Resources */,
				338365622630565F001EF61E /* Map.storyboard in Resources */,
				33334AA426283B8B00612573 /* Localizable.strings in Resources */,
				33334AB926283CCE00612573 /* GoogleService-Info.plist in Resources */,
				337A7F09263707020071F6ED /* Authentication.storyboard in Resources */,
				33334A472628324D00612573 /* Colors.xcassets in Resources */,
			);
			runOnlyForDeploymentPostprocessing = 0;
		};
/* End PBXResourcesBuildPhase section */

/* Begin PBXShellScriptBuildPhase section */
		3358829C262DB7BD0057D25F /* ShellScript */ = {
			isa = PBXShellScriptBuildPhase;
			buildActionMask = 2147483647;
			files = (
			);
			inputFileListPaths = (
			);
			inputPaths = (
			);
			outputFileListPaths = (
			);
			outputPaths = (
			);
			runOnlyForDeploymentPostprocessing = 0;
			shellPath = /bin/sh;
			shellScript = "\"${PODS_ROOT}/SwiftLint/swiftlint\"\n";
		};
		338364C5263041C3001EF61E /* SwiftGen */ = {
			isa = PBXShellScriptBuildPhase;
			buildActionMask = 2147483647;
			files = (
			);
			inputFileListPaths = (
			);
			inputPaths = (
			);
			name = SwiftGen;
			outputFileListPaths = (
			);
			outputPaths = (
			);
			runOnlyForDeploymentPostprocessing = 0;
			shellPath = /bin/sh;
			shellScript = "\"$PODS_ROOT/SwiftGen/bin/swiftgen\"\n";
		};
		601849C3B1D06D66C44D437D /* [CP] Embed Pods Frameworks */ = {
			isa = PBXShellScriptBuildPhase;
			buildActionMask = 2147483647;
			files = (
			);
			inputFileListPaths = (
				"${PODS_ROOT}/Target Support Files/Pods-PhotoMap/Pods-PhotoMap-frameworks-${CONFIGURATION}-input-files.xcfilelist",
			);
			name = "[CP] Embed Pods Frameworks";
			outputFileListPaths = (
				"${PODS_ROOT}/Target Support Files/Pods-PhotoMap/Pods-PhotoMap-frameworks-${CONFIGURATION}-output-files.xcfilelist",
			);
			runOnlyForDeploymentPostprocessing = 0;
			shellPath = /bin/sh;
			shellScript = "\"${PODS_ROOT}/Target Support Files/Pods-PhotoMap/Pods-PhotoMap-frameworks.sh\"\n";
			showEnvVarsInLog = 0;
		};
		A6DBA13A7C1A00F4E6F39386 /* [CP] Check Pods Manifest.lock */ = {
			isa = PBXShellScriptBuildPhase;
			buildActionMask = 2147483647;
			files = (
			);
			inputFileListPaths = (
			);
			inputPaths = (
				"${PODS_PODFILE_DIR_PATH}/Podfile.lock",
				"${PODS_ROOT}/Manifest.lock",
			);
			name = "[CP] Check Pods Manifest.lock";
			outputFileListPaths = (
			);
			outputPaths = (
				"$(DERIVED_FILE_DIR)/Pods-PhotoMap-checkManifestLockResult.txt",
			);
			runOnlyForDeploymentPostprocessing = 0;
			shellPath = /bin/sh;
			shellScript = "diff \"${PODS_PODFILE_DIR_PATH}/Podfile.lock\" \"${PODS_ROOT}/Manifest.lock\" > /dev/null\nif [ $? != 0 ] ; then\n    # print error to STDERR\n    echo \"error: The sandbox is not in sync with the Podfile.lock. Run 'pod install' or update your CocoaPods installation.\" >&2\n    exit 1\nfi\n# This output is used by Xcode 'outputs' to avoid re-running this script phase.\necho \"SUCCESS\" > \"${SCRIPT_OUTPUT_FILE_0}\"\n";
			showEnvVarsInLog = 0;
		};
		C8E9A5DD651D248B9D09FFD3 /* [CP] Check Pods Manifest.lock */ = {
			isa = PBXShellScriptBuildPhase;
			buildActionMask = 2147483647;
			files = (
			);
			inputFileListPaths = (
			);
			inputPaths = (
				"${PODS_PODFILE_DIR_PATH}/Podfile.lock",
				"${PODS_ROOT}/Manifest.lock",
			);
			name = "[CP] Check Pods Manifest.lock";
			outputFileListPaths = (
			);
			outputPaths = (
				"$(DERIVED_FILE_DIR)/Pods-PhotoMapTests-checkManifestLockResult.txt",
			);
			runOnlyForDeploymentPostprocessing = 0;
			shellPath = /bin/sh;
			shellScript = "diff \"${PODS_PODFILE_DIR_PATH}/Podfile.lock\" \"${PODS_ROOT}/Manifest.lock\" > /dev/null\nif [ $? != 0 ] ; then\n    # print error to STDERR\n    echo \"error: The sandbox is not in sync with the Podfile.lock. Run 'pod install' or update your CocoaPods installation.\" >&2\n    exit 1\nfi\n# This output is used by Xcode 'outputs' to avoid re-running this script phase.\necho \"SUCCESS\" > \"${SCRIPT_OUTPUT_FILE_0}\"\n";
			showEnvVarsInLog = 0;
		};
/* End PBXShellScriptBuildPhase section */

/* Begin PBXSourcesBuildPhase section */
		01776AAB263996FF0058EDA7 /* Sources */ = {
			isa = PBXSourcesBuildPhase;
			buildActionMask = 2147483647;
			files = (
				333B8315264957EA00AAD56F /* AuthCoordinatorMock.swift in Sources */,
				333B83022642D8E900AAD56F /* AuthUserServiceMock.swift in Sources */,
				23AE289E265529B500A6E69B /* LocationServiceMock.swift in Sources */,
				23AE2E88264D63E300FE673F /* MapPhotoViewModelTests.swift in Sources */,
				333B82F8264198FB00AAD56F /* SignInViewModelTests.swift in Sources */,
				333B83092642DF0000AAD56F /* UsernameValidatorTests.swift in Sources */,
				CBE3230926493D240065F2CC /* DIContainerMock.swift in Sources */,
				333B83052642DED100AAD56F /* EmailValidatorTests.swift in Sources */,
				333B83072642DEE400AAD56F /* PasswordValidatorTests.swift in Sources */,
				333B83172649913B00AAD56F /* AppCoordinatorMock.swift in Sources */,
				333B82FB264199BD00AAD56F /* CancelBag.swift in Sources */,
				12D96ADA2656A2CA0073847E /* StoryboardsTests.swift in Sources */,
				333B830F2643E89200AAD56F /* SignUpViewModelTests.swift in Sources */,
				01776ABB263997890058EDA7 /* MapViewModelTests.swift in Sources */,
				CBE3230D26493EEE0065F2CC /* AuthListenerMock.swift in Sources */,
			);
			runOnlyForDeploymentPostprocessing = 0;
		};
		33334A362628324C00612573 /* Sources */ = {
			isa = PBXSourcesBuildPhase;
			buildActionMask = 2147483647;
			files = (
				128B418C265E7DC500697551 /* Photo.swift in Sources */,
				335882DB262DCFCE0057D25F /* SignInViewController.swift in Sources */,
				33588301262DD12C0057D25F /* MoreViewModel.swift in Sources */,
				33AC447E263C3BDC007B2444 /* UsernameValidationError.swift in Sources */,
				333B82F226417DDB00AAD56F /* UsernameValidationResult.swift in Sources */,
				3374D0EC263B1BFF00A03E78 /* UIControl+Ex.swift in Sources */,
				33334B592628829D00612573 /* BaseViewController.swift in Sources */,
				333B82EA26412E7900AAD56F /* InitialViewModel.swift in Sources */,
				338BB616262D8FA10001F530 /* MapCoordinator.swift in Sources */,
				33877CBF2631915C00A227F9 /* storyboards.swift in Sources */,
				3387F0FD2637F10B005DCFA0 /* EmailValidator.swift in Sources */,
				33810EBA26331B6900BFC67C /* CancelBag.swift in Sources */,
				33334B0C26287C6900612573 /* Coordinator.swift in Sources */,
				23AE2E71264D557B00FE673F /* MapPhotoViewModel.swift in Sources */,
				3384B79526394C9C006E05BD /* SignUpViewModelType.swift in Sources */,
				3383662426307272001EF61E /* AuthListener.swift in Sources */,
				33334B3026287E0300612573 /* AlertError.swift in Sources */,
				23AE2E6A264D54F200FE673F /* MapPhotoCoordinator.swift in Sources */,
				0B1DC431265E5F7A00BC7B6E /* TimelineViewModelType.swift in Sources */,
				33334B1B26287D0000612573 /* GeneralErrorType.swift in Sources */,
				333B8319264BD47A00AAD56F /* AuthCoordinatorType.swift in Sources */,
				335882E3262DCFDD0057D25F /* SignUpViewController.swift in Sources */,
				333B82EC264137C700AAD56F /* MapViewModelType.swift in Sources */,
				3358830B262DD14D0057D25F /* SignUpViewModel.swift in Sources */,
				33334B2826287DF300612573 /* ResponseError.swift in Sources */,
				338364B2263018F0001EF61E /* ReachabilityService.swift in Sources */,
				23AE2E81264D5D7200FE673F /* UIColor+Ex.swift in Sources */,
				0B1DC439265E5FF400BC7B6E /* IndexCollection+Ex.swift in Sources */,
				0B1DC437265E5FDD00BC7B6E /* UISearchBar+Ex.swift in Sources */,
				33334B1626287CCC00612573 /* TabBarCoordinator.swift in Sources */,
				3387F1072637F16D005DCFA0 /* EmailValidationError.swift in Sources */,
				3384B79B26394CAB006E05BD /* SignInViewModelType.swift in Sources */,
				0B1DC433265E5F9B00BC7B6E /* MarkerCell.swift in Sources */,
				335882F2262DD0BF0057D25F /* CategoryViewController.swift in Sources */,
				23AE2E79264D567C00FE673F /* Array+Ex.swift in Sources */,
				333B83112643EBA000AAD56F /* InitialViewModelType.swift in Sources */,
				333B82DB263FFC7500AAD56F /* ErrorTextField.swift in Sources */,
				338F8E38262F234C00267889 /* UITextField+Ex.swift in Sources */,
				23AE2E6C264D552100FE673F /* MapPhotoViewController.swift in Sources */,
				335882FC262DD0DF0057D25F /* MapViewModel.swift in Sources */,
				0B1DC42F265E5F5F00BC7B6E /* Marker.swift in Sources */,
				3358831B262DD19E0057D25F /* DIContainer.swift in Sources */,
				33334B3A2628812A00612573 /* Date+Ex.swift in Sources */,
				0B1DC435265E5FC600BC7B6E /* UITableViewCell+Ex.swift in Sources */,
				333B82DF2640053800AAD56F /* InitialViewController.swift in Sources */,
				33588306262DD1420057D25F /* SignInViewModel.swift in Sources */,
				0B0AAAE9265E34FD007B52BA /* ActivityIndicator+Combine.swift in Sources */,
				33877CAF2631598200A227F9 /* AuthUserService.swift in Sources */,
				33334B2326287DB600612573 /* AppCoordinator.swift in Sources */,
				23AE2E7E264D5D7200FE673F /* UIBarButtonItem+Ex.swift in Sources */,
				338BB61B262D8FB20001F530 /* TimelineCoordinator.swift in Sources */,
				335881C8262DA6DB0057D25F /* TimelineViewController.swift in Sources */,
				33588316262DD1720057D25F /* TimelineViewModel.swift in Sources */,
				3387F10D2637F182005DCFA0 /* PasswordValidationError.swift in Sources */,
				3387F1012637F119005DCFA0 /* PasswordValidator.swift in Sources */,
				338364BC26302FD5001EF61E /* CachedDateFormatter.swift in Sources */,
				338BB5FD262D8C020001F530 /* AuthCoordinator.swift in Sources */,
				3374D0E6263B1AEE00A03E78 /* ATCTextField.swift in Sources */,
				335881B5262DA2FE0057D25F /* MapViewController.swift in Sources */,
				335881D5262DA82A0057D25F /* MoreViewController.swift in Sources */,
				338BB611262D8EAE0001F530 /* Reachability+Ex.swift in Sources */,
				A8B6AC30265BE82A009AA6D2 /* FirestoreServiceType.swift in Sources */,
				A8B6AC2E265BE7F1009AA6D2 /* FirestoreService.swift in Sources */,
				333B82F026417DAC00AAD56F /* PasswordValidationResult.swift in Sources */,
				01776AA32639679A0058EDA7 /* LocationService.swift in Sources */,
				335881C3262DA5990057D25F /* MoreCoordinator.swift in Sources */,
				333B831B264BD4F400AAD56F /* AppCoordinatorType.swift in Sources */,
				33AC447C263C3B9E007B2444 /* UsernameValidator.swift in Sources */,
				33877CC32631916200A227F9 /* assets-colors.swift in Sources */,
				3374D0F0263B1C2500A03E78 /* UIButton+Ex.swift in Sources */,
				23AE2E7F264D5D7200FE673F /* NSObject+Ex.swift in Sources */,
				33334B35262880F400612573 /* String+Ex.swift in Sources */,
				23AE2E80264D5D7200FE673F /* UIView+Ex.swift in Sources */,
				23AE2E70264D557B00FE673F /* MapPhotoViewModelType.swift in Sources */,
				33334A3E2628324C00612573 /* AppDelegate.swift in Sources */,
				333B82E3264019B100AAD56F /* InitialCoordinator.swift in Sources */,
				335882F7262DD0D20057D25F /* CategoryViewModel.swift in Sources */,
				333B82EE26417D5100AAD56F /* EmailValidationResult.swift in Sources */,
				33877CD3263199A500A227F9 /* strings.swift in Sources */,
				33334A402628324C00612573 /* SceneDelegate.swift in Sources */,
				23AE2E85264D5EF700FE673F /* CategoryView.swift in Sources */,
				01B351F7263BFAD70053338C /* GestureRecognizer+Combine.swift in Sources */,
				0BE9FB9F265E1A3B00B6CC1F /* FirestoreError.swift in Sources */,
				0B1DC42E265E5F5F00BC7B6E /* Category.swift in Sources */,
			);
			runOnlyForDeploymentPostprocessing = 0;
		};
/* End PBXSourcesBuildPhase section */

/* Begin PBXTargetDependency section */
		01776AB5263996FF0058EDA7 /* PBXTargetDependency */ = {
			isa = PBXTargetDependency;
			target = 33334A392628324C00612573 /* PhotoMap */;
			targetProxy = 01776AB4263996FF0058EDA7 /* PBXContainerItemProxy */;
		};
/* End PBXTargetDependency section */

/* Begin PBXVariantGroup section */
		33334A482628324D00612573 /* LaunchScreen.storyboard */ = {
			isa = PBXVariantGroup;
			children = (
				33334A492628324D00612573 /* Base */,
				33334A95262839A800612573 /* ru */,
			);
			name = LaunchScreen.storyboard;
			sourceTree = "<group>";
		};
		33334AA626283B8B00612573 /* Localizable.strings */ = {
			isa = PBXVariantGroup;
			children = (
				33334AA526283B8B00612573 /* en */,
				33334AAB26283BC800612573 /* ru */,
			);
			name = Localizable.strings;
			sourceTree = "<group>";
		};
/* End PBXVariantGroup section */

/* Begin XCBuildConfiguration section */
		01776AB7263996FF0058EDA7 /* Debug */ = {
			isa = XCBuildConfiguration;
			baseConfigurationReference = 7BF840C2936D950C3B22C34B /* Pods-PhotoMapTests.debug.xcconfig */;
			buildSettings = {
				BUNDLE_LOADER = "$(TEST_HOST)";
				CODE_SIGN_STYLE = Automatic;
				INFOPLIST_FILE = PhotoMapTests/Info.plist;
				IPHONEOS_DEPLOYMENT_TARGET = 13.0;
				LD_RUNPATH_SEARCH_PATHS = (
					"$(inherited)",
					"@executable_path/Frameworks",
					"@loader_path/Frameworks",
				);
				PRODUCT_BUNDLE_IDENTIFIER = "com.itechart-group.PhotoMapTests";
				PRODUCT_NAME = "$(TARGET_NAME)";
				SWIFT_VERSION = 5.0;
				TARGETED_DEVICE_FAMILY = "1,2";
				TEST_HOST = "$(BUILT_PRODUCTS_DIR)/PhotoMap.app/PhotoMap";
			};
			name = Debug;
		};
		01776AB8263996FF0058EDA7 /* Release */ = {
			isa = XCBuildConfiguration;
			baseConfigurationReference = A1D51F33FEE42E03AEE0CBD9 /* Pods-PhotoMapTests.release.xcconfig */;
			buildSettings = {
				BUNDLE_LOADER = "$(TEST_HOST)";
				CODE_SIGN_STYLE = Automatic;
				INFOPLIST_FILE = PhotoMapTests/Info.plist;
				IPHONEOS_DEPLOYMENT_TARGET = 13.0;
				LD_RUNPATH_SEARCH_PATHS = (
					"$(inherited)",
					"@executable_path/Frameworks",
					"@loader_path/Frameworks",
				);
				PRODUCT_BUNDLE_IDENTIFIER = "com.itechart-group.PhotoMapTests";
				PRODUCT_NAME = "$(TARGET_NAME)";
				SWIFT_VERSION = 5.0;
				TARGETED_DEVICE_FAMILY = "1,2";
				TEST_HOST = "$(BUILT_PRODUCTS_DIR)/PhotoMap.app/PhotoMap";
			};
			name = Release;
		};
		33334A622628324D00612573 /* Debug */ = {
			isa = XCBuildConfiguration;
			buildSettings = {
				ALWAYS_SEARCH_USER_PATHS = NO;
				CLANG_ANALYZER_LOCALIZABILITY_NONLOCALIZED = YES;
				CLANG_ANALYZER_NONNULL = YES;
				CLANG_ANALYZER_NUMBER_OBJECT_CONVERSION = YES_AGGRESSIVE;
				CLANG_CXX_LANGUAGE_STANDARD = "gnu++14";
				CLANG_CXX_LIBRARY = "libc++";
				CLANG_ENABLE_MODULES = YES;
				CLANG_ENABLE_OBJC_ARC = YES;
				CLANG_ENABLE_OBJC_WEAK = YES;
				CLANG_WARN_BLOCK_CAPTURE_AUTORELEASING = YES;
				CLANG_WARN_BOOL_CONVERSION = YES;
				CLANG_WARN_COMMA = YES;
				CLANG_WARN_CONSTANT_CONVERSION = YES;
				CLANG_WARN_DEPRECATED_OBJC_IMPLEMENTATIONS = YES;
				CLANG_WARN_DIRECT_OBJC_ISA_USAGE = YES_ERROR;
				CLANG_WARN_DOCUMENTATION_COMMENTS = YES;
				CLANG_WARN_EMPTY_BODY = YES;
				CLANG_WARN_ENUM_CONVERSION = YES;
				CLANG_WARN_INFINITE_RECURSION = YES;
				CLANG_WARN_INT_CONVERSION = YES;
				CLANG_WARN_NON_LITERAL_NULL_CONVERSION = YES;
				CLANG_WARN_OBJC_IMPLICIT_RETAIN_SELF = YES;
				CLANG_WARN_OBJC_LITERAL_CONVERSION = YES;
				CLANG_WARN_OBJC_ROOT_CLASS = YES_ERROR;
				CLANG_WARN_QUOTED_INCLUDE_IN_FRAMEWORK_HEADER = YES;
				CLANG_WARN_RANGE_LOOP_ANALYSIS = YES;
				CLANG_WARN_STRICT_PROTOTYPES = YES;
				CLANG_WARN_SUSPICIOUS_MOVE = YES;
				CLANG_WARN_UNGUARDED_AVAILABILITY = YES_AGGRESSIVE;
				CLANG_WARN_UNREACHABLE_CODE = YES;
				CLANG_WARN__DUPLICATE_METHOD_MATCH = YES;
				COPY_PHASE_STRIP = NO;
				DEBUG_INFORMATION_FORMAT = dwarf;
				ENABLE_STRICT_OBJC_MSGSEND = YES;
				ENABLE_TESTABILITY = YES;
				GCC_C_LANGUAGE_STANDARD = gnu11;
				GCC_DYNAMIC_NO_PIC = NO;
				GCC_NO_COMMON_BLOCKS = YES;
				GCC_OPTIMIZATION_LEVEL = 0;
				GCC_PREPROCESSOR_DEFINITIONS = (
					"DEBUG=1",
					"$(inherited)",
				);
				GCC_WARN_64_TO_32_BIT_CONVERSION = YES;
				GCC_WARN_ABOUT_RETURN_TYPE = YES_ERROR;
				GCC_WARN_UNDECLARED_SELECTOR = YES;
				GCC_WARN_UNINITIALIZED_AUTOS = YES_AGGRESSIVE;
				GCC_WARN_UNUSED_FUNCTION = YES;
				GCC_WARN_UNUSED_VARIABLE = YES;
				IPHONEOS_DEPLOYMENT_TARGET = 13.0;
				MTL_ENABLE_DEBUG_INFO = INCLUDE_SOURCE;
				MTL_FAST_MATH = YES;
				ONLY_ACTIVE_ARCH = YES;
				SDKROOT = iphoneos;
				SWIFT_ACTIVE_COMPILATION_CONDITIONS = DEBUG;
				SWIFT_OPTIMIZATION_LEVEL = "-Onone";
			};
			name = Debug;
		};
		33334A632628324D00612573 /* Release */ = {
			isa = XCBuildConfiguration;
			buildSettings = {
				ALWAYS_SEARCH_USER_PATHS = NO;
				CLANG_ANALYZER_LOCALIZABILITY_NONLOCALIZED = YES;
				CLANG_ANALYZER_NONNULL = YES;
				CLANG_ANALYZER_NUMBER_OBJECT_CONVERSION = YES_AGGRESSIVE;
				CLANG_CXX_LANGUAGE_STANDARD = "gnu++14";
				CLANG_CXX_LIBRARY = "libc++";
				CLANG_ENABLE_MODULES = YES;
				CLANG_ENABLE_OBJC_ARC = YES;
				CLANG_ENABLE_OBJC_WEAK = YES;
				CLANG_WARN_BLOCK_CAPTURE_AUTORELEASING = YES;
				CLANG_WARN_BOOL_CONVERSION = YES;
				CLANG_WARN_COMMA = YES;
				CLANG_WARN_CONSTANT_CONVERSION = YES;
				CLANG_WARN_DEPRECATED_OBJC_IMPLEMENTATIONS = YES;
				CLANG_WARN_DIRECT_OBJC_ISA_USAGE = YES_ERROR;
				CLANG_WARN_DOCUMENTATION_COMMENTS = YES;
				CLANG_WARN_EMPTY_BODY = YES;
				CLANG_WARN_ENUM_CONVERSION = YES;
				CLANG_WARN_INFINITE_RECURSION = YES;
				CLANG_WARN_INT_CONVERSION = YES;
				CLANG_WARN_NON_LITERAL_NULL_CONVERSION = YES;
				CLANG_WARN_OBJC_IMPLICIT_RETAIN_SELF = YES;
				CLANG_WARN_OBJC_LITERAL_CONVERSION = YES;
				CLANG_WARN_OBJC_ROOT_CLASS = YES_ERROR;
				CLANG_WARN_QUOTED_INCLUDE_IN_FRAMEWORK_HEADER = YES;
				CLANG_WARN_RANGE_LOOP_ANALYSIS = YES;
				CLANG_WARN_STRICT_PROTOTYPES = YES;
				CLANG_WARN_SUSPICIOUS_MOVE = YES;
				CLANG_WARN_UNGUARDED_AVAILABILITY = YES_AGGRESSIVE;
				CLANG_WARN_UNREACHABLE_CODE = YES;
				CLANG_WARN__DUPLICATE_METHOD_MATCH = YES;
				COPY_PHASE_STRIP = NO;
				DEBUG_INFORMATION_FORMAT = "dwarf-with-dsym";
				ENABLE_NS_ASSERTIONS = NO;
				ENABLE_STRICT_OBJC_MSGSEND = YES;
				GCC_C_LANGUAGE_STANDARD = gnu11;
				GCC_NO_COMMON_BLOCKS = YES;
				GCC_WARN_64_TO_32_BIT_CONVERSION = YES;
				GCC_WARN_ABOUT_RETURN_TYPE = YES_ERROR;
				GCC_WARN_UNDECLARED_SELECTOR = YES;
				GCC_WARN_UNINITIALIZED_AUTOS = YES_AGGRESSIVE;
				GCC_WARN_UNUSED_FUNCTION = YES;
				GCC_WARN_UNUSED_VARIABLE = YES;
				IPHONEOS_DEPLOYMENT_TARGET = 13.0;
				MTL_ENABLE_DEBUG_INFO = NO;
				MTL_FAST_MATH = YES;
				SDKROOT = iphoneos;
				SWIFT_COMPILATION_MODE = wholemodule;
				SWIFT_OPTIMIZATION_LEVEL = "-O";
				VALIDATE_PRODUCT = YES;
			};
			name = Release;
		};
		33334A652628324D00612573 /* Debug */ = {
			isa = XCBuildConfiguration;
			baseConfigurationReference = 39A12EAD33B979F503BEAC32 /* Pods-PhotoMap.debug.xcconfig */;
			buildSettings = {
				ASSETCATALOG_COMPILER_APPICON_NAME = AppIcon;
				ASSETCATALOG_COMPILER_GLOBAL_ACCENT_COLOR_NAME = AccentColor;
				CODE_SIGN_STYLE = Automatic;
				DEVELOPMENT_TEAM = S76FT5J7VD;
				INFOPLIST_FILE = PhotoMap/Info.plist;
				LD_RUNPATH_SEARCH_PATHS = (
					"$(inherited)",
					"@executable_path/Frameworks",
				);
				PRODUCT_BUNDLE_IDENTIFIER = "com.itechart-group.PhotoMap";
				PRODUCT_NAME = "$(TARGET_NAME)";
				SWIFT_VERSION = 5.0;
				TARGETED_DEVICE_FAMILY = "1,2";
			};
			name = Debug;
		};
		33334A662628324D00612573 /* Release */ = {
			isa = XCBuildConfiguration;
			baseConfigurationReference = 073EBC235C1468AD4ADA7BFB /* Pods-PhotoMap.release.xcconfig */;
			buildSettings = {
				ASSETCATALOG_COMPILER_APPICON_NAME = AppIcon;
				ASSETCATALOG_COMPILER_GLOBAL_ACCENT_COLOR_NAME = AccentColor;
				CODE_SIGN_STYLE = Automatic;
				DEVELOPMENT_TEAM = S76FT5J7VD;
				INFOPLIST_FILE = PhotoMap/Info.plist;
				LD_RUNPATH_SEARCH_PATHS = (
					"$(inherited)",
					"@executable_path/Frameworks",
				);
				PRODUCT_BUNDLE_IDENTIFIER = "com.itechart-group.PhotoMap";
				PRODUCT_NAME = "$(TARGET_NAME)";
				SWIFT_VERSION = 5.0;
				TARGETED_DEVICE_FAMILY = "1,2";
			};
			name = Release;
		};
/* End XCBuildConfiguration section */

/* Begin XCConfigurationList section */
		01776AB6263996FF0058EDA7 /* Build configuration list for PBXNativeTarget "PhotoMapTests" */ = {
			isa = XCConfigurationList;
			buildConfigurations = (
				01776AB7263996FF0058EDA7 /* Debug */,
				01776AB8263996FF0058EDA7 /* Release */,
			);
			defaultConfigurationIsVisible = 0;
			defaultConfigurationName = Release;
		};
		33334A352628324C00612573 /* Build configuration list for PBXProject "PhotoMap" */ = {
			isa = XCConfigurationList;
			buildConfigurations = (
				33334A622628324D00612573 /* Debug */,
				33334A632628324D00612573 /* Release */,
			);
			defaultConfigurationIsVisible = 0;
			defaultConfigurationName = Release;
		};
		33334A642628324D00612573 /* Build configuration list for PBXNativeTarget "PhotoMap" */ = {
			isa = XCConfigurationList;
			buildConfigurations = (
				33334A652628324D00612573 /* Debug */,
				33334A662628324D00612573 /* Release */,
			);
			defaultConfigurationIsVisible = 0;
			defaultConfigurationName = Release;
		};
/* End XCConfigurationList section */
	};
	rootObject = 33334A322628324C00612573 /* Project object */;
}
